PODS:
  - AFNetworking (1.3.4)
  - CocoaLumberjack (2.0.0):
    - CocoaLumberjack/Default (= 2.0.0)
    - CocoaLumberjack/Extensions (= 2.0.0)
  - CocoaLumberjack/Core (2.0.0)
  - CocoaLumberjack/Default (2.0.0):
    - CocoaLumberjack/Core
  - CocoaLumberjack/Extensions (2.0.0):
    - CocoaLumberjack/Default
  - comScore-iOS-SDK (3.1502.26)
  - libextobjc/EXTScope (0.4.1):
    - libextobjc/RuntimeExtensions
  - libextobjc/RuntimeExtensions (0.4.1)
  - Realm (0.91.3):
    - Realm/Headers (= 0.91.3)
  - Realm/Headers (0.91.3)
  - RTSAnalytics (0.0.1):
    - RTSAnalytics/Core (= 0.0.1)
  - RTSAnalytics/Core (0.0.1):
    - CocoaLumberjack (~> 2.0.0)
    - comScore-iOS-SDK (= 3.1502.26)
  - RTSAnalytics/MediaPlayer (0.0.1):
    - RTSMediaPlayer (~> 0.0.2)
  - RTSMediaPlayer (0.0.2):
    - libextobjc/EXTScope (~> 0.4.1)
    - TransitionKit (~> 2.1.1)
  - RTSOfflineMediaStorage (0.0.1):
    - AFNetworking (~> 1.3.4)
    - CocoaLumberjack (~> 2.0.0)
    - libextobjc/EXTScope (= 0.4.1)
    - Realm (~> 0.91.3)
    - SGVReachability (~> 1.0.0)
  - SGVReachability (1.0.0)
  - TransitionKit (2.1.1)

DEPENDENCIES:
  - AFNetworking (~> 1.3.4)
  - CocoaLumberjack (~> 2.0.0)
  - libextobjc/EXTScope (= 0.4.1)
  - RTSAnalytics (from `git@bitbucket.org:rtsmb/rtsanalytics-ios.git`, branch `develop`)
  - RTSAnalytics/MediaPlayer (from `git@bitbucket.org:rtsmb/rtsanalytics-ios.git`,
    branch `develop`)
  - RTSMediaPlayer (from `git@bitbucket.org:rtsmb/rtsmediaplayer-ios.git`, branch
    `develop`)
  - RTSOfflineMediaStorage (from `git@bitbucket.org:rtsmb/rtsofflinemediastorage-ios.git`,
    branch `develop`)
  - SGVReachability (~> 1.0.0)
  - TransitionKit (from `https://github.com/0xced/TransitionKit.git`, commit `6874dea2229bdefb89f6c8f708f1fae467ee5ba2`)

EXTERNAL SOURCES:
  RTSAnalytics:
    :branch: develop
    :git: git@bitbucket.org:rtsmb/rtsanalytics-ios.git
  RTSMediaPlayer:
    :branch: develop
    :git: git@bitbucket.org:rtsmb/rtsmediaplayer-ios.git
  RTSOfflineMediaStorage:
    :branch: develop
    :git: git@bitbucket.org:rtsmb/rtsofflinemediastorage-ios.git
  TransitionKit:
    :commit: 6874dea2229bdefb89f6c8f708f1fae467ee5ba2
    :git: https://github.com/0xced/TransitionKit.git

CHECKOUT OPTIONS:
  RTSAnalytics:
    :commit: 45b3457b0d446b80f87b4d09b3f6163ff665eaa7
    :git: git@bitbucket.org:rtsmb/rtsanalytics-ios.git
  RTSMediaPlayer:
    :commit: 83465ba7d637ad67fbb8b1a512218e426f9e36d3
    :git: git@bitbucket.org:rtsmb/rtsmediaplayer-ios.git
  RTSOfflineMediaStorage:
    :commit: deb063d47d896156fe5a8dc89abc89833c493dd3
    :git: git@bitbucket.org:rtsmb/rtsofflinemediastorage-ios.git
  TransitionKit:
    :commit: 6874dea2229bdefb89f6c8f708f1fae467ee5ba2
    :git: https://github.com/0xced/TransitionKit.git

SPEC CHECKSUMS:
  AFNetworking: cf8e418e16f0c9c7e5c3150d019a3c679d015018
  CocoaLumberjack: a6f77d987d65dc7ba86b0f84db7d0b9084f77bcb
  comScore-iOS-SDK: 75e852619b2c7353156023d4eb7cae42ef83c670
  libextobjc: a650fc1bf489a3d3a9bc2e621efa3e1006fc5471
  Realm: 4bfdac6f0f3170a3947c7196e2e9a2e49c943719
  RTSAnalytics: 28f2e1f2284a275d2409940ee9bd680e6f005c1a
  RTSMediaPlayer: 26a7d0947a1483aa59fc8f02232ab998d581bbbb
  RTSOfflineMediaStorage: 6f263183c40669307ec429ad3c1ebba67594dcb1
  SGVReachability: e83dea159d93f6b4c61cab38bc8099005501bb83
  TransitionKit: 3a14b6acc7cf2d1dd3e454e24dbad1cfab9a1ef1

COCOAPODS: 0.36.4
