PODS:
  - CocoaLumberjack (2.0.3):
    - CocoaLumberjack/Default (= 2.0.3)
    - CocoaLumberjack/Extensions (= 2.0.3)
  - CocoaLumberjack/Core (2.0.3)
  - CocoaLumberjack/Default (2.0.3):
    - CocoaLumberjack/Core
  - CocoaLumberjack/Extensions (2.0.3):
    - CocoaLumberjack/Default
  - ComScore-iOS (3.1510.23.1)
  - JRSwizzle (1.0)
  - KIF (3.4.1):
    - KIF/Core (= 3.4.1)
  - KIF/Core (3.4.1)
  - libextobjc/EXTScope (0.4.1):
    - libextobjc/RuntimeExtensions
  - libextobjc/RuntimeExtensions (0.4.1)
  - OCMock (3.1.2)
  - SDWebImage (3.7.0):
    - SDWebImage/Core (= 3.7.0)
  - SDWebImage/Core (3.7.0)
  - SGVReachability (1.0.0)
  - SRGAnalytics (1.4.15):
    - SRGAnalytics/Core (= 1.4.15)
  - SRGAnalytics/Core (1.4.15):
    - ComScore-iOS (= 3.1510.23.1)
    - JRSwizzle (= 1.0)
    - SRGAnalytics/Core/Version (= 1.4.15)
  - SRGAnalytics/Core/Version (1.4.15):
    - ComScore-iOS (= 3.1510.23.1)
    - JRSwizzle (= 1.0)
  - SRGAnalytics/MediaPlayer (1.4.15):
    - SRGAnalytics/Core
    - SRGMediaPlayer (~> 1.7.0)
  - SRGIntegrationLayerDataProvider (4.0.0):
    - SRGIntegrationLayerDataProvider/Core (= 4.0.0)
  - SRGIntegrationLayerDataProvider/Core (4.0.0):
    - CocoaLumberjack (~> 2.0.0)
    - libextobjc/EXTScope (= 0.4.1)
    - SGVReachability (~> 1.0.0)
  - SRGIntegrationLayerDataProvider/MediaPlayer (4.0.0):
    - SRGIntegrationLayerDataProvider/MediaPlayer/Core (= 4.0.0)
  - SRGIntegrationLayerDataProvider/MediaPlayer/Analytics (4.0.0):
    - SRGAnalytics (~> 1.4.15)
    - SRGAnalytics/MediaPlayer (~> 1.4.15)
    - SRGIntegrationLayerDataProvider/MediaPlayer/Core
  - SRGIntegrationLayerDataProvider/MediaPlayer/Core (4.0.0):
    - SRGIntegrationLayerDataProvider/Core
    - SRGMediaPlayer (~> 1.7.0)
  - SRGMediaPlayer (1.7.1):
    - libextobjc/EXTScope (~> 0.4.1)
    - SRGMediaPlayer/Version (= 1.7.1)
    - TransitionKit (~> 2.2.0)
  - SRGMediaPlayer/Version (1.7.1):
    - libextobjc/EXTScope (~> 0.4.1)
    - TransitionKit (~> 2.2.0)
  - TransitionKit (2.2.1)

DEPENDENCIES:
  - CocoaLumberjack (~> 2.0.0)
  - KIF (= 3.4.1)
  - libextobjc/EXTScope (= 0.4.1)
  - OCMock (= 3.1.2)
  - SDWebImage (= 3.7.0)
  - SGVReachability (~> 1.0.0)
  - SRGAnalytics (~> 1.4.15)
  - SRGAnalytics/MediaPlayer
  - SRGIntegrationLayerDataProvider (from `.`)
  - SRGIntegrationLayerDataProvider/MediaPlayer (from `.`)
  - SRGIntegrationLayerDataProvider/MediaPlayer/Analytics (from `.`)
  - SRGMediaPlayer (~> 1.7.0)

EXTERNAL SOURCES:
  SRGIntegrationLayerDataProvider:
    :path: .

SPEC CHECKSUMS:
  CocoaLumberjack: f58d8a19629f4d8379ae14bb3534def24161430e
  ComScore-iOS: 4d69731161113392265ddb910b33dce9683717bf
  JRSwizzle: dd5ead5d913a0f29e7f558200165849f006bb1e3
  KIF: 2275c6d59c77e5e56f660f006b99d73780130540
  libextobjc: a650fc1bf489a3d3a9bc2e621efa3e1006fc5471
  OCMock: a10ea9f0a6e921651f96f78b6faee95ebc813b92
  SDWebImage: b42db92951f9d565c55f1d7f1d5efe47e33a7515
  SGVReachability: e83dea159d93f6b4c61cab38bc8099005501bb83
  SRGAnalytics: c5f1c4b4e0014ef109213366d49c2680151600c7
  SRGIntegrationLayerDataProvider: 4d4832297c310f295865b6f79ac13ff3b706b5da
  SRGMediaPlayer: e87513802ad40c204517e178261d200ca39075f0
  TransitionKit: 9ceccda4cd0cdc0a05ef85eb235e5a3292c3c250

COCOAPODS: 0.39.0
