// !$*UTF8*$!
{
	archiveVersion = 1;
	classes = {
	};
	objectVersion = 46;
	objects = {

/* Begin PBXBuildFile section */
		6643BD401B6B6C7100C32830 /* SRGILSearchResult.m in Sources */ = {isa = PBXBuildFile; fileRef = 6643BD3F1B6B6C7100C32830 /* SRGILSearchResult.m */; };
		9F13D5391AE9270700E4D897 /* SRGILComScoreAnalyticsInfos.m in Sources */ = {isa = PBXBuildFile; fileRef = 9F13D5001AE9270600E4D897 /* SRGILComScoreAnalyticsInfos.m */; };
		9F13D53A1AE9270700E4D897 /* SRGILStreamSenseAnalyticsInfos.m in Sources */ = {isa = PBXBuildFile; fileRef = 9F13D5021AE9270600E4D897 /* SRGILStreamSenseAnalyticsInfos.m */; };
		9F13D53B1AE9270700E4D897 /* SRGILDataProvider.m in Sources */ = {isa = PBXBuildFile; fileRef = 9F13D5051AE9270600E4D897 /* SRGILDataProvider.m */; };
		9F13D53C1AE9270700E4D897 /* SRGILAnalyticsExtendedData.m in Sources */ = {isa = PBXBuildFile; fileRef = 9F13D5081AE9270600E4D897 /* SRGILAnalyticsExtendedData.m */; };
		9F13D53D1AE9270700E4D897 /* SRGILAsset.m in Sources */ = {isa = PBXBuildFile; fileRef = 9F13D50B1AE9270600E4D897 /* SRGILAsset.m */; };
		9F13D53E1AE9270700E4D897 /* SRGILAssetMetadata.m in Sources */ = {isa = PBXBuildFile; fileRef = 9F13D50D1AE9270600E4D897 /* SRGILAssetMetadata.m */; };
		9F13D53F1AE9270700E4D897 /* SRGILAssetSet.m in Sources */ = {isa = PBXBuildFile; fileRef = 9F13D50F1AE9270600E4D897 /* SRGILAssetSet.m */; };
		9F13D5401AE9270700E4D897 /* SRGILAudio.m in Sources */ = {isa = PBXBuildFile; fileRef = 9F13D5111AE9270700E4D897 /* SRGILAudio.m */; };
		9F13D5411AE9270700E4D897 /* SRGILImage.m in Sources */ = {isa = PBXBuildFile; fileRef = 9F13D5131AE9270700E4D897 /* SRGILImage.m */; };
		9F13D5421AE9270700E4D897 /* SRGILImageRepresentation.m in Sources */ = {isa = PBXBuildFile; fileRef = 9F13D5151AE9270700E4D897 /* SRGILImageRepresentation.m */; };
		9F13D5431AE9270700E4D897 /* SRGILList.m in Sources */ = {isa = PBXBuildFile; fileRef = 9F13D5171AE9270700E4D897 /* SRGILList.m */; };
		9F13D5441AE9270700E4D897 /* SRGILLiveHeaderChannel.m in Sources */ = {isa = PBXBuildFile; fileRef = 9F13D5191AE9270700E4D897 /* SRGILLiveHeaderChannel.m */; };
		9F13D5451AE9270700E4D897 /* SRGILLiveHeaderData.m in Sources */ = {isa = PBXBuildFile; fileRef = 9F13D51B1AE9270700E4D897 /* SRGILLiveHeaderData.m */; };
		9F13D5461AE9270700E4D897 /* SRGILMedia.m in Sources */ = {isa = PBXBuildFile; fileRef = 9F13D51E1AE9270700E4D897 /* SRGILMedia.m */; };
		9F13D5471AE9270700E4D897 /* SRGILModelConstants.m in Sources */ = {isa = PBXBuildFile; fileRef = 9F13D5211AE9270700E4D897 /* SRGILModelConstants.m */; };
		9F13D5481AE9270700E4D897 /* SRGILModelObject.m in Sources */ = {isa = PBXBuildFile; fileRef = 9F13D5231AE9270700E4D897 /* SRGILModelObject.m */; };
		9F13D5491AE9270700E4D897 /* SRGILPlaylist.m in Sources */ = {isa = PBXBuildFile; fileRef = 9F13D5251AE9270700E4D897 /* SRGILPlaylist.m */; };
		9F13D54A1AE9270700E4D897 /* SRGILPrimaryChannel.m in Sources */ = {isa = PBXBuildFile; fileRef = 9F13D5271AE9270700E4D897 /* SRGILPrimaryChannel.m */; };
		9F13D54B1AE9270700E4D897 /* SRGILRubric.m in Sources */ = {isa = PBXBuildFile; fileRef = 9F13D5291AE9270700E4D897 /* SRGILRubric.m */; };
		9F13D54C1AE9270700E4D897 /* SRGILShow.m in Sources */ = {isa = PBXBuildFile; fileRef = 9F13D52B1AE9270700E4D897 /* SRGILShow.m */; };
		9F13D54D1AE9270700E4D897 /* SRGILSocialCounts.m in Sources */ = {isa = PBXBuildFile; fileRef = 9F13D52D1AE9270700E4D897 /* SRGILSocialCounts.m */; };
		9F13D54E1AE9270700E4D897 /* SRGILVideo.m in Sources */ = {isa = PBXBuildFile; fileRef = 9F13D52F1AE9270700E4D897 /* SRGILVideo.m */; };
		9F13D5511AE9270700E4D897 /* SRGILRequestsManager.m in Sources */ = {isa = PBXBuildFile; fileRef = 9F13D5361AE9270700E4D897 /* SRGILRequestsManager.m */; };
		9F13D5521AE9270700E4D897 /* SRGILTokenHandler.m in Sources */ = {isa = PBXBuildFile; fileRef = 9F13D5381AE9270700E4D897 /* SRGILTokenHandler.m */; };
		9F1A5B2B1ACD690C00C0E528 /* SRGLiveStreamVideoTest.m in Sources */ = {isa = PBXBuildFile; fileRef = 9F1A5B181ACD68E700C0E528 /* SRGLiveStreamVideoTest.m */; };
		9F1A5B2C1ACD690C00C0E528 /* SRGILMediaTest.m in Sources */ = {isa = PBXBuildFile; fileRef = 9F1A5B191ACD68E700C0E528 /* SRGILMediaTest.m */; };
		9F1A5B2D1ACD690C00C0E528 /* SRGModelObjectTest.m in Sources */ = {isa = PBXBuildFile; fileRef = 9F1A5B1A1ACD68E700C0E528 /* SRGModelObjectTest.m */; };
		9F1A5B301ACD690C00C0E528 /* SRGTokenHandlerStubsTest.m in Sources */ = {isa = PBXBuildFile; fileRef = 9F1A5B1D1ACD68E700C0E528 /* SRGTokenHandlerStubsTest.m */; };
		9F1A5B321ACD690C00C0E528 /* XCTestCase+JSON.m in Sources */ = {isa = PBXBuildFile; fileRef = 9F1A5B201ACD68E700C0E528 /* XCTestCase+JSON.m */; };
		9F1A5B331ACD691700C0E528 /* assetmetadata_01.json in Resources */ = {isa = PBXBuildFile; fileRef = 9F1A5B041ACD68E700C0E528 /* assetmetadata_01.json */; };
		9F1A5B341ACD691700C0E528 /* assetset_01.json in Resources */ = {isa = PBXBuildFile; fileRef = 9F1A5B051ACD68E700C0E528 /* assetset_01.json */; };
		9F1A5B351ACD691700C0E528 /* image_01.json in Resources */ = {isa = PBXBuildFile; fileRef = 9F1A5B061ACD68E700C0E528 /* image_01.json */; };
		9F1A5B361ACD691700C0E528 /* imagerepresentation_01.json in Resources */ = {isa = PBXBuildFile; fileRef = 9F1A5B071ACD68E700C0E528 /* imagerepresentation_01.json */; };
		9F1A5B371ACD691700C0E528 /* last_videos_01.json in Resources */ = {isa = PBXBuildFile; fileRef = 9F1A5B081ACD68E700C0E528 /* last_videos_01.json */; };
		9F1A5B381ACD691700C0E528 /* LiveStreams_RTS.json in Resources */ = {isa = PBXBuildFile; fileRef = 9F1A5B091ACD68E700C0E528 /* LiveStreams_RTS.json */; };
		9F1A5B391ACD691700C0E528 /* LiveStreams_RTS_ordered.json in Resources */ = {isa = PBXBuildFile; fileRef = 9F1A5B0A1ACD68E700C0E528 /* LiveStreams_RTS_ordered.json */; };
		9F1A5B3A1ACD691700C0E528 /* LiveStreams_RTS_reversed.json in Resources */ = {isa = PBXBuildFile; fileRef = 9F1A5B0B1ACD68E700C0E528 /* LiveStreams_RTS_reversed.json */; };
		9F1A5B3B1ACD691700C0E528 /* livevideo01.json in Resources */ = {isa = PBXBuildFile; fileRef = 9F1A5B0C1ACD68E700C0E528 /* livevideo01.json */; };
		9F1A5B3C1ACD691700C0E528 /* most_viewed_videos_01.json in Resources */ = {isa = PBXBuildFile; fileRef = 9F1A5B0D1ACD68E700C0E528 /* most_viewed_videos_01.json */; };
		9F1A5B3D1ACD691700C0E528 /* resources_test_18022014.json in Resources */ = {isa = PBXBuildFile; fileRef = 9F1A5B0E1ACD68E700C0E528 /* resources_test_18022014.json */; };
		9F1A5B3E1ACD691700C0E528 /* rubric_01.json in Resources */ = {isa = PBXBuildFile; fileRef = 9F1A5B0F1ACD68E700C0E528 /* rubric_01.json */; };
		9F1A5B3F1ACD691700C0E528 /* sample_video_fragment_01.json in Resources */ = {isa = PBXBuildFile; fileRef = 9F1A5B101ACD68E700C0E528 /* sample_video_fragment_01.json */; };
		9F1A5B401ACD691700C0E528 /* show_01.json in Resources */ = {isa = PBXBuildFile; fileRef = 9F1A5B111ACD68E700C0E528 /* show_01.json */; };
		9F1A5B411ACD691700C0E528 /* video_01.json in Resources */ = {isa = PBXBuildFile; fileRef = 9F1A5B121ACD68E700C0E528 /* video_01.json */; };
		9F1A5B421ACD691700C0E528 /* video_02.json in Resources */ = {isa = PBXBuildFile; fileRef = 9F1A5B131ACD68E700C0E528 /* video_02.json */; };
		9F1A5B431ACD691700C0E528 /* video_03.json in Resources */ = {isa = PBXBuildFile; fileRef = 9F1A5B141ACD68E700C0E528 /* video_03.json */; };
		9F1A5B441ACD691700C0E528 /* video_04.json in Resources */ = {isa = PBXBuildFile; fileRef = 9F1A5B151ACD68E700C0E528 /* video_04.json */; };
		9F1A5B451ACD691700C0E528 /* videoaggregation_01.json in Resources */ = {isa = PBXBuildFile; fileRef = 9F1A5B161ACD68E700C0E528 /* videoaggregation_01.json */; };
		9F3C1CC01ADC0B02007C54AD /* SystemConfiguration.framework in Frameworks */ = {isa = PBXBuildFile; fileRef = 9F3C1CBF1ADC0B02007C54AD /* SystemConfiguration.framework */; };
		9F3C1CC21ADC0B26007C54AD /* MobileCoreServices.framework in Frameworks */ = {isa = PBXBuildFile; fileRef = 9F3C1CC11ADC0B26007C54AD /* MobileCoreServices.framework */; };
		9F3C1CC31ADC0B4A007C54AD /* SystemConfiguration.framework in Frameworks */ = {isa = PBXBuildFile; fileRef = 9F3C1CBF1ADC0B02007C54AD /* SystemConfiguration.framework */; };
		9F3C1CC41ADC0B50007C54AD /* MobileCoreServices.framework in Frameworks */ = {isa = PBXBuildFile; fileRef = 9F3C1CC11ADC0B26007C54AD /* MobileCoreServices.framework */; };
		9F4421001B0A109C00AD0613 /* SRGILDataProvider+MediaPlayer.m in Sources */ = {isa = PBXBuildFile; fileRef = 9F4420FF1B0A109C00AD0613 /* SRGILDataProvider+MediaPlayer.m */; };
		9F631A231C0DE743000CBD6F /* SRGILURLComponents.m in Sources */ = {isa = PBXBuildFile; fileRef = 9F631A221C0DE743000CBD6F /* SRGILURLComponents.m */; };
		9F83AB161B29C0C800D7D8BE /* SRGILDataProviderTest.m in Sources */ = {isa = PBXBuildFile; fileRef = 9F83AB151B29C0C800D7D8BE /* SRGILDataProviderTest.m */; };
		9F8B389D1B2ECE7E00F67FA5 /* SRGILDataProviderMediaPlayerTest.m in Sources */ = {isa = PBXBuildFile; fileRef = 9F8B389C1B2ECE7E00F67FA5 /* SRGILDataProviderMediaPlayerTest.m */; };
		9FCA04921B414935009937E2 /* SRGILURN.m in Sources */ = {isa = PBXBuildFile; fileRef = 9FCA04911B414935009937E2 /* SRGILURN.m */; };
		9FDA13C41BD517A00073722D /* NSBundle+SRGILDataProvider.m in Sources */ = {isa = PBXBuildFile; fileRef = 9FDA13C31BD517A00073722D /* NSBundle+SRGILDataProvider.m */; };
		9FDA13D21BD51C200073722D /* Localizable.strings in Resources */ = {isa = PBXBuildFile; fileRef = 9FDA13D41BD51C200073722D /* Localizable.strings */; };
		9FEE125F1C1041E700AD7A8B /* SRGILTopic.m in Sources */ = {isa = PBXBuildFile; fileRef = 9FEE125E1C1041E700AD7A8B /* SRGILTopic.m */; };
		9FEE12621C10441200AD7A8B /* SRGILSonglog.m in Sources */ = {isa = PBXBuildFile; fileRef = 9FEE12611C10441200AD7A8B /* SRGILSonglog.m */; };
		9FEE12651C10442000AD7A8B /* SRGILSong.m in Sources */ = {isa = PBXBuildFile; fileRef = 9FEE12641C10442000AD7A8B /* SRGILSong.m */; };
		9FEE12681C10443100AD7A8B /* SRGILArtist.m in Sources */ = {isa = PBXBuildFile; fileRef = 9FEE12671C10443100AD7A8B /* SRGILArtist.m */; };
		9FEE126A1C105BF900AD7A8B /* SRGFetchListsTest.m in Sources */ = {isa = PBXBuildFile; fileRef = 9FEE12691C105BF800AD7A8B /* SRGFetchListsTest.m */; };
		9FEE126C1C10716800AD7A8B /* SRGURLComponentsTest.m in Sources */ = {isa = PBXBuildFile; fileRef = 9FEE126B1C10716800AD7A8B /* SRGURLComponentsTest.m */; };
		9FF55F9A1B4B0F5900A99DA2 /* SRGILDataProviderConstants.m in Sources */ = {isa = PBXBuildFile; fileRef = 9FF55F991B4B0F5900A99DA2 /* SRGILDataProviderConstants.m */; };
		9FFDA47F1B8C769200EEF7DA /* SRGILDownload.m in Sources */ = {isa = PBXBuildFile; fileRef = 9FFDA47E1B8C769200EEF7DA /* SRGILDownload.m */; };
		9FFDA4811B8C946F00EEF7DA /* video_download_srf_01.json in Resources */ = {isa = PBXBuildFile; fileRef = 9FFDA4801B8C8ABC00EEF7DA /* video_download_srf_01.json */; };
		AC01AA295800C7CDE4E23876 /* libPods.a in Frameworks */ = {isa = PBXBuildFile; fileRef = 79F6EBD656367387D07A08A6 /* libPods.a */; };
		C2E8B26471460B332CD298C5 /* libPods-SRGIntegrationLayerDataProviderTests.a in Frameworks */ = {isa = PBXBuildFile; fileRef = A075BD33C45843A59785A80D /* libPods-SRGIntegrationLayerDataProviderTests.a */; };
		E604EAFC1B174254004A627D /* SRGILOngoingRequest+Private.m in Sources */ = {isa = PBXBuildFile; fileRef = E604EAFB1B174254004A627D /* SRGILOngoingRequest+Private.m */; };
		E606D81D1C74511E003634AA /* UIColor+SRGILDataProvider.m in Sources */ = {isa = PBXBuildFile; fileRef = E606D81C1C74511E003634AA /* UIColor+SRGILDataProvider.m */; };
		E67427211C73532400C15F94 /* SRGILEventConfig.m in Sources */ = {isa = PBXBuildFile; fileRef = E67427201C73532400C15F94 /* SRGILEventConfig.m */; };
		E68E95E31B15A21E00EBEA81 /* SRGILMedia+MediaPlayer.m in Sources */ = {isa = PBXBuildFile; fileRef = E68E95E21B15A21E00EBEA81 /* SRGILMedia+MediaPlayer.m */; };
/* End PBXBuildFile section */

/* Begin PBXContainerItemProxy section */
		9FDA13D91BD523B70073722D /* PBXContainerItemProxy */ = {
			isa = PBXContainerItemProxy;
			containerPortal = 9F15192D1AC5A7F200AE051D /* Project object */;
			proxyType = 1;
			remoteGlobalIDString = 9FDA13C91BD519920073722D;
			remoteInfo = "SRGILDataProvider Resources";
		};
/* End PBXContainerItemProxy section */

/* Begin PBXCopyFilesBuildPhase section */
		9F1519331AC5A7F200AE051D /* CopyFiles */ = {
			isa = PBXCopyFilesBuildPhase;
			buildActionMask = 2147483647;
			dstPath = "include/$(PRODUCT_NAME)";
			dstSubfolderSpec = 16;
			files = (
			);
			runOnlyForDeploymentPostprocessing = 0;
		};
/* End PBXCopyFilesBuildPhase section */

/* Begin PBXFileReference section */
		440E25A6651384A0E61A662D /* Pods.test.xcconfig */ = {isa = PBXFileReference; includeInIndex = 1; lastKnownFileType = text.xcconfig; name = Pods.test.xcconfig; path = "Pods/Target Support Files/Pods/Pods.test.xcconfig"; sourceTree = "<group>"; };
		6643BD3E1B6B6C7100C32830 /* SRGILSearchResult.h */ = {isa = PBXFileReference; fileEncoding = 4; lastKnownFileType = sourcecode.c.h; path = SRGILSearchResult.h; sourceTree = "<group>"; };
		6643BD3F1B6B6C7100C32830 /* SRGILSearchResult.m */ = {isa = PBXFileReference; fileEncoding = 4; lastKnownFileType = sourcecode.c.objc; path = SRGILSearchResult.m; sourceTree = "<group>"; };
		6643BD421B6B6CEB00C32830 /* searchResult01.json */ = {isa = PBXFileReference; fileEncoding = 4; lastKnownFileType = text.json; path = searchResult01.json; sourceTree = "<group>"; };
		79F6EBD656367387D07A08A6 /* libPods.a */ = {isa = PBXFileReference; explicitFileType = archive.ar; includeInIndex = 0; path = libPods.a; sourceTree = BUILT_PRODUCTS_DIR; };
		7B6FF59926E98E782269D426 /* Pods-SRGIntegrationLayerDataProviderTests.debug.xcconfig */ = {isa = PBXFileReference; includeInIndex = 1; lastKnownFileType = text.xcconfig; name = "Pods-SRGIntegrationLayerDataProviderTests.debug.xcconfig"; path = "Pods/Target Support Files/Pods-SRGIntegrationLayerDataProviderTests/Pods-SRGIntegrationLayerDataProviderTests.debug.xcconfig"; sourceTree = "<group>"; };
		83089866E34A141E885FA2E9 /* Pods.release.xcconfig */ = {isa = PBXFileReference; includeInIndex = 1; lastKnownFileType = text.xcconfig; name = Pods.release.xcconfig; path = "Pods/Target Support Files/Pods/Pods.release.xcconfig"; sourceTree = "<group>"; };
		89BB786265D118894389B3BF /* Pods-SRGIntegrationLayerDataProviderTests.release.xcconfig */ = {isa = PBXFileReference; includeInIndex = 1; lastKnownFileType = text.xcconfig; name = "Pods-SRGIntegrationLayerDataProviderTests.release.xcconfig"; path = "Pods/Target Support Files/Pods-SRGIntegrationLayerDataProviderTests/Pods-SRGIntegrationLayerDataProviderTests.release.xcconfig"; sourceTree = "<group>"; };
		8CD0B5BFD54E1B38AC5F277D /* Pods.debug.xcconfig */ = {isa = PBXFileReference; includeInIndex = 1; lastKnownFileType = text.xcconfig; name = Pods.debug.xcconfig; path = "Pods/Target Support Files/Pods/Pods.debug.xcconfig"; sourceTree = "<group>"; };
		9F13D4FC1AE9238100E4D897 /* SRGIntegrationLayerDataProvider.podspec */ = {isa = PBXFileReference; fileEncoding = 4; lastKnownFileType = text; path = SRGIntegrationLayerDataProvider.podspec; sourceTree = "<group>"; };
		9F13D4FF1AE9270600E4D897 /* SRGILComScoreAnalyticsInfos.h */ = {isa = PBXFileReference; fileEncoding = 4; lastKnownFileType = sourcecode.c.h; name = SRGILComScoreAnalyticsInfos.h; path = ../Analytics/SRGILComScoreAnalyticsInfos.h; sourceTree = "<group>"; };
		9F13D5001AE9270600E4D897 /* SRGILComScoreAnalyticsInfos.m */ = {isa = PBXFileReference; fileEncoding = 4; lastKnownFileType = sourcecode.c.objc; name = SRGILComScoreAnalyticsInfos.m; path = ../Analytics/SRGILComScoreAnalyticsInfos.m; sourceTree = "<group>"; };
		9F13D5011AE9270600E4D897 /* SRGILStreamSenseAnalyticsInfos.h */ = {isa = PBXFileReference; fileEncoding = 4; lastKnownFileType = sourcecode.c.h; name = SRGILStreamSenseAnalyticsInfos.h; path = ../Analytics/SRGILStreamSenseAnalyticsInfos.h; sourceTree = "<group>"; };
		9F13D5021AE9270600E4D897 /* SRGILStreamSenseAnalyticsInfos.m */ = {isa = PBXFileReference; fileEncoding = 4; lastKnownFileType = sourcecode.c.objc; name = SRGILStreamSenseAnalyticsInfos.m; path = ../Analytics/SRGILStreamSenseAnalyticsInfos.m; sourceTree = "<group>"; };
		9F13D5041AE9270600E4D897 /* SRGILDataProvider.h */ = {isa = PBXFileReference; fileEncoding = 4; lastKnownFileType = sourcecode.c.h; path = SRGILDataProvider.h; sourceTree = "<group>"; };
		9F13D5051AE9270600E4D897 /* SRGILDataProvider.m */ = {isa = PBXFileReference; fileEncoding = 4; lastKnownFileType = sourcecode.c.objc; path = SRGILDataProvider.m; sourceTree = "<group>"; };
		9F13D5071AE9270600E4D897 /* SRGILAnalyticsExtendedData.h */ = {isa = PBXFileReference; fileEncoding = 4; lastKnownFileType = sourcecode.c.h; path = SRGILAnalyticsExtendedData.h; sourceTree = "<group>"; };
		9F13D5081AE9270600E4D897 /* SRGILAnalyticsExtendedData.m */ = {isa = PBXFileReference; fileEncoding = 4; lastKnownFileType = sourcecode.c.objc; path = SRGILAnalyticsExtendedData.m; sourceTree = "<group>"; };
		9F13D5091AE9270600E4D897 /* SRGILAnalyticsInfosProtocol.h */ = {isa = PBXFileReference; fileEncoding = 4; lastKnownFileType = sourcecode.c.h; path = SRGILAnalyticsInfosProtocol.h; sourceTree = "<group>"; };
		9F13D50A1AE9270600E4D897 /* SRGILAsset.h */ = {isa = PBXFileReference; fileEncoding = 4; lastKnownFileType = sourcecode.c.h; path = SRGILAsset.h; sourceTree = "<group>"; };
		9F13D50B1AE9270600E4D897 /* SRGILAsset.m */ = {isa = PBXFileReference; fileEncoding = 4; lastKnownFileType = sourcecode.c.objc; path = SRGILAsset.m; sourceTree = "<group>"; };
		9F13D50C1AE9270600E4D897 /* SRGILAssetMetadata.h */ = {isa = PBXFileReference; fileEncoding = 4; lastKnownFileType = sourcecode.c.h; path = SRGILAssetMetadata.h; sourceTree = "<group>"; };
		9F13D50D1AE9270600E4D897 /* SRGILAssetMetadata.m */ = {isa = PBXFileReference; fileEncoding = 4; lastKnownFileType = sourcecode.c.objc; path = SRGILAssetMetadata.m; sourceTree = "<group>"; };
		9F13D50E1AE9270600E4D897 /* SRGILAssetSet.h */ = {isa = PBXFileReference; fileEncoding = 4; lastKnownFileType = sourcecode.c.h; path = SRGILAssetSet.h; sourceTree = "<group>"; };
		9F13D50F1AE9270600E4D897 /* SRGILAssetSet.m */ = {isa = PBXFileReference; fileEncoding = 4; lastKnownFileType = sourcecode.c.objc; path = SRGILAssetSet.m; sourceTree = "<group>"; };
		9F13D5101AE9270600E4D897 /* SRGILAudio.h */ = {isa = PBXFileReference; fileEncoding = 4; lastKnownFileType = sourcecode.c.h; path = SRGILAudio.h; sourceTree = "<group>"; };
		9F13D5111AE9270700E4D897 /* SRGILAudio.m */ = {isa = PBXFileReference; fileEncoding = 4; lastKnownFileType = sourcecode.c.objc; path = SRGILAudio.m; sourceTree = "<group>"; };
		9F13D5121AE9270700E4D897 /* SRGILImage.h */ = {isa = PBXFileReference; fileEncoding = 4; lastKnownFileType = sourcecode.c.h; path = SRGILImage.h; sourceTree = "<group>"; };
		9F13D5131AE9270700E4D897 /* SRGILImage.m */ = {isa = PBXFileReference; fileEncoding = 4; lastKnownFileType = sourcecode.c.objc; path = SRGILImage.m; sourceTree = "<group>"; };
		9F13D5141AE9270700E4D897 /* SRGILImageRepresentation.h */ = {isa = PBXFileReference; fileEncoding = 4; lastKnownFileType = sourcecode.c.h; path = SRGILImageRepresentation.h; sourceTree = "<group>"; };
		9F13D5151AE9270700E4D897 /* SRGILImageRepresentation.m */ = {isa = PBXFileReference; fileEncoding = 4; lastKnownFileType = sourcecode.c.objc; path = SRGILImageRepresentation.m; sourceTree = "<group>"; };
		9F13D5161AE9270700E4D897 /* SRGILList.h */ = {isa = PBXFileReference; fileEncoding = 4; lastKnownFileType = sourcecode.c.h; name = SRGILList.h; path = ../Model/SRGILList.h; sourceTree = "<group>"; };
		9F13D5171AE9270700E4D897 /* SRGILList.m */ = {isa = PBXFileReference; fileEncoding = 4; lastKnownFileType = sourcecode.c.objc; name = SRGILList.m; path = ../Model/SRGILList.m; sourceTree = "<group>"; };
		9F13D5181AE9270700E4D897 /* SRGILLiveHeaderChannel.h */ = {isa = PBXFileReference; fileEncoding = 4; lastKnownFileType = sourcecode.c.h; path = SRGILLiveHeaderChannel.h; sourceTree = "<group>"; };
		9F13D5191AE9270700E4D897 /* SRGILLiveHeaderChannel.m */ = {isa = PBXFileReference; fileEncoding = 4; lastKnownFileType = sourcecode.c.objc; path = SRGILLiveHeaderChannel.m; sourceTree = "<group>"; };
		9F13D51A1AE9270700E4D897 /* SRGILLiveHeaderData.h */ = {isa = PBXFileReference; fileEncoding = 4; lastKnownFileType = sourcecode.c.h; path = SRGILLiveHeaderData.h; sourceTree = "<group>"; };
		9F13D51B1AE9270700E4D897 /* SRGILLiveHeaderData.m */ = {isa = PBXFileReference; fileEncoding = 4; lastKnownFileType = sourcecode.c.objc; path = SRGILLiveHeaderData.m; sourceTree = "<group>"; };
		9F13D51D1AE9270700E4D897 /* SRGILMedia.h */ = {isa = PBXFileReference; fileEncoding = 4; lastKnownFileType = sourcecode.c.h; path = SRGILMedia.h; sourceTree = "<group>"; };
		9F13D51E1AE9270700E4D897 /* SRGILMedia.m */ = {isa = PBXFileReference; fileEncoding = 4; lastKnownFileType = sourcecode.c.objc; path = SRGILMedia.m; sourceTree = "<group>"; };
		9F13D51F1AE9270700E4D897 /* SRGILModel.h */ = {isa = PBXFileReference; fileEncoding = 4; lastKnownFileType = sourcecode.c.h; path = SRGILModel.h; sourceTree = "<group>"; };
		9F13D5201AE9270700E4D897 /* SRGILModelConstants.h */ = {isa = PBXFileReference; fileEncoding = 4; lastKnownFileType = sourcecode.c.h; path = SRGILModelConstants.h; sourceTree = "<group>"; };
		9F13D5211AE9270700E4D897 /* SRGILModelConstants.m */ = {isa = PBXFileReference; fileEncoding = 4; lastKnownFileType = sourcecode.c.objc; path = SRGILModelConstants.m; sourceTree = "<group>"; };
		9F13D5221AE9270700E4D897 /* SRGILModelObject.h */ = {isa = PBXFileReference; fileEncoding = 4; lastKnownFileType = sourcecode.c.h; path = SRGILModelObject.h; sourceTree = "<group>"; };
		9F13D5231AE9270700E4D897 /* SRGILModelObject.m */ = {isa = PBXFileReference; fileEncoding = 4; lastKnownFileType = sourcecode.c.objc; path = SRGILModelObject.m; sourceTree = "<group>"; };
		9F13D5241AE9270700E4D897 /* SRGILPlaylist.h */ = {isa = PBXFileReference; fileEncoding = 4; lastKnownFileType = sourcecode.c.h; path = SRGILPlaylist.h; sourceTree = "<group>"; };
		9F13D5251AE9270700E4D897 /* SRGILPlaylist.m */ = {isa = PBXFileReference; fileEncoding = 4; lastKnownFileType = sourcecode.c.objc; path = SRGILPlaylist.m; sourceTree = "<group>"; };
		9F13D5261AE9270700E4D897 /* SRGILPrimaryChannel.h */ = {isa = PBXFileReference; fileEncoding = 4; lastKnownFileType = sourcecode.c.h; path = SRGILPrimaryChannel.h; sourceTree = "<group>"; };
		9F13D5271AE9270700E4D897 /* SRGILPrimaryChannel.m */ = {isa = PBXFileReference; fileEncoding = 4; lastKnownFileType = sourcecode.c.objc; path = SRGILPrimaryChannel.m; sourceTree = "<group>"; };
		9F13D5281AE9270700E4D897 /* SRGILRubric.h */ = {isa = PBXFileReference; fileEncoding = 4; lastKnownFileType = sourcecode.c.h; path = SRGILRubric.h; sourceTree = "<group>"; };
		9F13D5291AE9270700E4D897 /* SRGILRubric.m */ = {isa = PBXFileReference; fileEncoding = 4; lastKnownFileType = sourcecode.c.objc; path = SRGILRubric.m; sourceTree = "<group>"; };
		9F13D52A1AE9270700E4D897 /* SRGILShow.h */ = {isa = PBXFileReference; fileEncoding = 4; lastKnownFileType = sourcecode.c.h; path = SRGILShow.h; sourceTree = "<group>"; };
		9F13D52B1AE9270700E4D897 /* SRGILShow.m */ = {isa = PBXFileReference; fileEncoding = 4; lastKnownFileType = sourcecode.c.objc; path = SRGILShow.m; sourceTree = "<group>"; };
		9F13D52C1AE9270700E4D897 /* SRGILSocialCounts.h */ = {isa = PBXFileReference; fileEncoding = 4; lastKnownFileType = sourcecode.c.h; path = SRGILSocialCounts.h; sourceTree = "<group>"; };
		9F13D52D1AE9270700E4D897 /* SRGILSocialCounts.m */ = {isa = PBXFileReference; fileEncoding = 4; lastKnownFileType = sourcecode.c.objc; path = SRGILSocialCounts.m; sourceTree = "<group>"; };
		9F13D52E1AE9270700E4D897 /* SRGILVideo.h */ = {isa = PBXFileReference; fileEncoding = 4; lastKnownFileType = sourcecode.c.h; path = SRGILVideo.h; sourceTree = "<group>"; };
		9F13D52F1AE9270700E4D897 /* SRGILVideo.m */ = {isa = PBXFileReference; fileEncoding = 4; lastKnownFileType = sourcecode.c.objc; path = SRGILVideo.m; sourceTree = "<group>"; };
		9F13D5351AE9270700E4D897 /* SRGILRequestsManager.h */ = {isa = PBXFileReference; fileEncoding = 4; lastKnownFileType = sourcecode.c.h; path = SRGILRequestsManager.h; sourceTree = "<group>"; };
		9F13D5361AE9270700E4D897 /* SRGILRequestsManager.m */ = {isa = PBXFileReference; fileEncoding = 4; lastKnownFileType = sourcecode.c.objc; path = SRGILRequestsManager.m; sourceTree = "<group>"; };
		9F13D5371AE9270700E4D897 /* SRGILTokenHandler.h */ = {isa = PBXFileReference; fileEncoding = 4; lastKnownFileType = sourcecode.c.h; path = SRGILTokenHandler.h; sourceTree = "<group>"; };
		9F13D5381AE9270700E4D897 /* SRGILTokenHandler.m */ = {isa = PBXFileReference; fileEncoding = 4; lastKnownFileType = sourcecode.c.objc; path = SRGILTokenHandler.m; sourceTree = "<group>"; };
		9F13D5591AE92B1800E4D897 /* SRGILDataProvider+Private.h */ = {isa = PBXFileReference; lastKnownFileType = sourcecode.c.h; path = "SRGILDataProvider+Private.h"; sourceTree = "<group>"; };
		9F1519351AC5A7F200AE051D /* libSRGIntegrationLayerDataProvider.a */ = {isa = PBXFileReference; explicitFileType = archive.ar; includeInIndex = 0; path = libSRGIntegrationLayerDataProvider.a; sourceTree = BUILT_PRODUCTS_DIR; };
		9F1519401AC5A7F200AE051D /* SRGIntegrationLayerDataProviderTests.xctest */ = {isa = PBXFileReference; explicitFileType = wrapper.cfbundle; includeInIndex = 0; path = SRGIntegrationLayerDataProviderTests.xctest; sourceTree = BUILT_PRODUCTS_DIR; };
		9F1519461AC5A7F200AE051D /* Info.plist */ = {isa = PBXFileReference; lastKnownFileType = text.plist.xml; path = Info.plist; sourceTree = "<group>"; };
		9F1519581ACAA85A00AE051D /* SRGIntegrationLayerDataProvider.h */ = {isa = PBXFileReference; lastKnownFileType = sourcecode.c.h; name = SRGIntegrationLayerDataProvider.h; path = SRGIntegrationLayerDataProvider/SRGIntegrationLayerDataProvider.h; sourceTree = "<group>"; };
		9F1A5B041ACD68E700C0E528 /* assetmetadata_01.json */ = {isa = PBXFileReference; fileEncoding = 4; lastKnownFileType = text.json; path = assetmetadata_01.json; sourceTree = "<group>"; };
		9F1A5B051ACD68E700C0E528 /* assetset_01.json */ = {isa = PBXFileReference; fileEncoding = 4; lastKnownFileType = text.json; path = assetset_01.json; sourceTree = "<group>"; };
		9F1A5B061ACD68E700C0E528 /* image_01.json */ = {isa = PBXFileReference; fileEncoding = 4; lastKnownFileType = text.json; path = image_01.json; sourceTree = "<group>"; };
		9F1A5B071ACD68E700C0E528 /* imagerepresentation_01.json */ = {isa = PBXFileReference; fileEncoding = 4; lastKnownFileType = text.json; path = imagerepresentation_01.json; sourceTree = "<group>"; };
		9F1A5B081ACD68E700C0E528 /* last_videos_01.json */ = {isa = PBXFileReference; fileEncoding = 4; lastKnownFileType = text.json; path = last_videos_01.json; sourceTree = "<group>"; };
		9F1A5B091ACD68E700C0E528 /* LiveStreams_RTS.json */ = {isa = PBXFileReference; fileEncoding = 4; lastKnownFileType = text.json; path = LiveStreams_RTS.json; sourceTree = "<group>"; };
		9F1A5B0A1ACD68E700C0E528 /* LiveStreams_RTS_ordered.json */ = {isa = PBXFileReference; fileEncoding = 4; lastKnownFileType = text.json; path = LiveStreams_RTS_ordered.json; sourceTree = "<group>"; };
		9F1A5B0B1ACD68E700C0E528 /* LiveStreams_RTS_reversed.json */ = {isa = PBXFileReference; fileEncoding = 4; lastKnownFileType = text.json; path = LiveStreams_RTS_reversed.json; sourceTree = "<group>"; };
		9F1A5B0C1ACD68E700C0E528 /* livevideo01.json */ = {isa = PBXFileReference; fileEncoding = 4; lastKnownFileType = text.json; path = livevideo01.json; sourceTree = "<group>"; };
		9F1A5B0D1ACD68E700C0E528 /* most_viewed_videos_01.json */ = {isa = PBXFileReference; fileEncoding = 4; lastKnownFileType = text.json; path = most_viewed_videos_01.json; sourceTree = "<group>"; };
		9F1A5B0E1ACD68E700C0E528 /* resources_test_18022014.json */ = {isa = PBXFileReference; fileEncoding = 4; lastKnownFileType = text.json; path = resources_test_18022014.json; sourceTree = "<group>"; };
		9F1A5B0F1ACD68E700C0E528 /* rubric_01.json */ = {isa = PBXFileReference; fileEncoding = 4; lastKnownFileType = text.json; path = rubric_01.json; sourceTree = "<group>"; };
		9F1A5B101ACD68E700C0E528 /* sample_video_fragment_01.json */ = {isa = PBXFileReference; fileEncoding = 4; lastKnownFileType = text.json; path = sample_video_fragment_01.json; sourceTree = "<group>"; };
		9F1A5B111ACD68E700C0E528 /* show_01.json */ = {isa = PBXFileReference; fileEncoding = 4; lastKnownFileType = text.json; path = show_01.json; sourceTree = "<group>"; };
		9F1A5B121ACD68E700C0E528 /* video_01.json */ = {isa = PBXFileReference; fileEncoding = 4; lastKnownFileType = text.json; path = video_01.json; sourceTree = "<group>"; };
		9F1A5B131ACD68E700C0E528 /* video_02.json */ = {isa = PBXFileReference; fileEncoding = 4; lastKnownFileType = text.json; path = video_02.json; sourceTree = "<group>"; };
		9F1A5B141ACD68E700C0E528 /* video_03.json */ = {isa = PBXFileReference; fileEncoding = 4; lastKnownFileType = text.json; path = video_03.json; sourceTree = "<group>"; };
		9F1A5B151ACD68E700C0E528 /* video_04.json */ = {isa = PBXFileReference; fileEncoding = 4; lastKnownFileType = text.json; path = video_04.json; sourceTree = "<group>"; };
		9F1A5B161ACD68E700C0E528 /* videoaggregation_01.json */ = {isa = PBXFileReference; fileEncoding = 4; lastKnownFileType = text.json; path = videoaggregation_01.json; sourceTree = "<group>"; };
		9F1A5B181ACD68E700C0E528 /* SRGLiveStreamVideoTest.m */ = {isa = PBXFileReference; fileEncoding = 4; lastKnownFileType = sourcecode.c.objc; path = SRGLiveStreamVideoTest.m; sourceTree = "<group>"; };
		9F1A5B191ACD68E700C0E528 /* SRGILMediaTest.m */ = {isa = PBXFileReference; fileEncoding = 4; lastKnownFileType = sourcecode.c.objc; path = SRGILMediaTest.m; sourceTree = "<group>"; };
		9F1A5B1A1ACD68E700C0E528 /* SRGModelObjectTest.m */ = {isa = PBXFileReference; fileEncoding = 4; lastKnownFileType = sourcecode.c.objc; path = SRGModelObjectTest.m; sourceTree = "<group>"; };
		9F1A5B1D1ACD68E700C0E528 /* SRGTokenHandlerStubsTest.m */ = {isa = PBXFileReference; fileEncoding = 4; lastKnownFileType = sourcecode.c.objc; path = SRGTokenHandlerStubsTest.m; sourceTree = "<group>"; };
		9F1A5B1F1ACD68E700C0E528 /* XCTestCase+JSON.h */ = {isa = PBXFileReference; fileEncoding = 4; lastKnownFileType = sourcecode.c.h; path = "XCTestCase+JSON.h"; sourceTree = "<group>"; };
		9F1A5B201ACD68E700C0E528 /* XCTestCase+JSON.m */ = {isa = PBXFileReference; fileEncoding = 4; lastKnownFileType = sourcecode.c.objc; path = "XCTestCase+JSON.m"; sourceTree = "<group>"; };
		9F3C1CBF1ADC0B02007C54AD /* SystemConfiguration.framework */ = {isa = PBXFileReference; lastKnownFileType = wrapper.framework; name = SystemConfiguration.framework; path = System/Library/Frameworks/SystemConfiguration.framework; sourceTree = SDKROOT; };
		9F3C1CC11ADC0B26007C54AD /* MobileCoreServices.framework */ = {isa = PBXFileReference; lastKnownFileType = wrapper.framework; name = MobileCoreServices.framework; path = System/Library/Frameworks/MobileCoreServices.framework; sourceTree = SDKROOT; };
		9F4420FE1B0A109C00AD0613 /* SRGILDataProvider+MediaPlayer.h */ = {isa = PBXFileReference; fileEncoding = 4; lastKnownFileType = sourcecode.c.h; path = "SRGILDataProvider+MediaPlayer.h"; sourceTree = "<group>"; };
		9F4420FF1B0A109C00AD0613 /* SRGILDataProvider+MediaPlayer.m */ = {isa = PBXFileReference; fileEncoding = 4; lastKnownFileType = sourcecode.c.objc; path = "SRGILDataProvider+MediaPlayer.m"; sourceTree = "<group>"; };
		9F4421011B0A116D00AD0613 /* SRGILDataProviderMediaPlayerDataSource.h */ = {isa = PBXFileReference; lastKnownFileType = sourcecode.c.h; name = SRGILDataProviderMediaPlayerDataSource.h; path = SRGIntegrationLayerDataProvider/SRGILDataProviderMediaPlayerDataSource.h; sourceTree = SOURCE_ROOT; };
		9F631A211C0DE743000CBD6F /* SRGILURLComponents.h */ = {isa = PBXFileReference; fileEncoding = 4; lastKnownFileType = sourcecode.c.h; path = SRGILURLComponents.h; sourceTree = "<group>"; };
		9F631A221C0DE743000CBD6F /* SRGILURLComponents.m */ = {isa = PBXFileReference; fileEncoding = 4; lastKnownFileType = sourcecode.c.objc; path = SRGILURLComponents.m; sourceTree = "<group>"; };
		9F83AB151B29C0C800D7D8BE /* SRGILDataProviderTest.m */ = {isa = PBXFileReference; fileEncoding = 4; lastKnownFileType = sourcecode.c.objc; path = SRGILDataProviderTest.m; sourceTree = "<group>"; };
		9F8B389C1B2ECE7E00F67FA5 /* SRGILDataProviderMediaPlayerTest.m */ = {isa = PBXFileReference; fileEncoding = 4; lastKnownFileType = sourcecode.c.objc; path = SRGILDataProviderMediaPlayerTest.m; sourceTree = "<group>"; };
		9FA643351B96EBC300B2B51B /* README.md */ = {isa = PBXFileReference; fileEncoding = 4; lastKnownFileType = net.daringfireball.markdown; path = README.md; sourceTree = "<group>"; };
		9FCA04901B414935009937E2 /* SRGILURN.h */ = {isa = PBXFileReference; fileEncoding = 4; lastKnownFileType = sourcecode.c.h; path = SRGILURN.h; sourceTree = "<group>"; };
		9FCA04911B414935009937E2 /* SRGILURN.m */ = {isa = PBXFileReference; fileEncoding = 4; lastKnownFileType = sourcecode.c.objc; path = SRGILURN.m; sourceTree = "<group>"; };
		9FDA13C21BD517A00073722D /* NSBundle+SRGILDataProvider.h */ = {isa = PBXFileReference; fileEncoding = 4; lastKnownFileType = sourcecode.c.h; name = "NSBundle+SRGILDataProvider.h"; path = "SRGIntegrationLayerDataProvider/Core/NSBundle+SRGILDataProvider.h"; sourceTree = "<group>"; };
		9FDA13C31BD517A00073722D /* NSBundle+SRGILDataProvider.m */ = {isa = PBXFileReference; fileEncoding = 4; lastKnownFileType = sourcecode.c.objc; name = "NSBundle+SRGILDataProvider.m"; path = "SRGIntegrationLayerDataProvider/Core/NSBundle+SRGILDataProvider.m"; sourceTree = "<group>"; };
		9FDA13CA1BD519920073722D /* SRGILDataProvider.bundle */ = {isa = PBXFileReference; explicitFileType = wrapper.cfbundle; includeInIndex = 0; path = SRGILDataProvider.bundle; sourceTree = BUILT_PRODUCTS_DIR; };
		9FDA13CC1BD519920073722D /* Info.plist */ = {isa = PBXFileReference; lastKnownFileType = text.plist.xml; name = Info.plist; path = SRGIntegrationLayerDataProvider/SRGILDataProviderBundle/Info.plist; sourceTree = SOURCE_ROOT; };
		9FDA13D31BD51C200073722D /* en */ = {isa = PBXFileReference; lastKnownFileType = text.plist.strings; name = en; path = en.lproj/Localizable.strings; sourceTree = "<group>"; };
		9FDA13D51BD51F9D0073722D /* fr */ = {isa = PBXFileReference; lastKnownFileType = text.plist.strings; name = fr; path = fr.lproj/Localizable.strings; sourceTree = "<group>"; };
		9FDA13D61BD51FA70073722D /* de */ = {isa = PBXFileReference; lastKnownFileType = text.plist.strings; name = de; path = de.lproj/Localizable.strings; sourceTree = "<group>"; };
		9FDA13D71BD51FBA0073722D /* it */ = {isa = PBXFileReference; lastKnownFileType = text.plist.strings; name = it; path = it.lproj/Localizable.strings; sourceTree = "<group>"; };
		9FDA13D81BD51FC80073722D /* rm-CH */ = {isa = PBXFileReference; lastKnownFileType = text.plist.strings; name = "rm-CH"; path = "rm-CH.lproj/Localizable.strings"; sourceTree = "<group>"; };
		9FEE125D1C1041E700AD7A8B /* SRGILTopic.h */ = {isa = PBXFileReference; fileEncoding = 4; lastKnownFileType = sourcecode.c.h; path = SRGILTopic.h; sourceTree = "<group>"; };
		9FEE125E1C1041E700AD7A8B /* SRGILTopic.m */ = {isa = PBXFileReference; fileEncoding = 4; lastKnownFileType = sourcecode.c.objc; path = SRGILTopic.m; sourceTree = "<group>"; };
		9FEE12601C10441200AD7A8B /* SRGILSonglog.h */ = {isa = PBXFileReference; fileEncoding = 4; lastKnownFileType = sourcecode.c.h; path = SRGILSonglog.h; sourceTree = "<group>"; };
		9FEE12611C10441200AD7A8B /* SRGILSonglog.m */ = {isa = PBXFileReference; fileEncoding = 4; lastKnownFileType = sourcecode.c.objc; path = SRGILSonglog.m; sourceTree = "<group>"; };
		9FEE12631C10442000AD7A8B /* SRGILSong.h */ = {isa = PBXFileReference; fileEncoding = 4; lastKnownFileType = sourcecode.c.h; path = SRGILSong.h; sourceTree = "<group>"; };
		9FEE12641C10442000AD7A8B /* SRGILSong.m */ = {isa = PBXFileReference; fileEncoding = 4; lastKnownFileType = sourcecode.c.objc; path = SRGILSong.m; sourceTree = "<group>"; };
		9FEE12661C10443100AD7A8B /* SRGILArtist.h */ = {isa = PBXFileReference; fileEncoding = 4; lastKnownFileType = sourcecode.c.h; path = SRGILArtist.h; sourceTree = "<group>"; };
		9FEE12671C10443100AD7A8B /* SRGILArtist.m */ = {isa = PBXFileReference; fileEncoding = 4; lastKnownFileType = sourcecode.c.objc; path = SRGILArtist.m; sourceTree = "<group>"; };
		9FEE12691C105BF800AD7A8B /* SRGFetchListsTest.m */ = {isa = PBXFileReference; fileEncoding = 4; lastKnownFileType = sourcecode.c.objc; path = SRGFetchListsTest.m; sourceTree = "<group>"; };
		9FEE126B1C10716800AD7A8B /* SRGURLComponentsTest.m */ = {isa = PBXFileReference; fileEncoding = 4; lastKnownFileType = sourcecode.c.objc; path = SRGURLComponentsTest.m; sourceTree = "<group>"; };
		9FF55F981B4B0F5900A99DA2 /* SRGILDataProviderConstants.h */ = {isa = PBXFileReference; fileEncoding = 4; lastKnownFileType = sourcecode.c.h; path = SRGILDataProviderConstants.h; sourceTree = "<group>"; };
		9FF55F991B4B0F5900A99DA2 /* SRGILDataProviderConstants.m */ = {isa = PBXFileReference; fileEncoding = 4; lastKnownFileType = sourcecode.c.objc; path = SRGILDataProviderConstants.m; sourceTree = "<group>"; };
		9FFDA47D1B8C769200EEF7DA /* SRGILDownload.h */ = {isa = PBXFileReference; fileEncoding = 4; lastKnownFileType = sourcecode.c.h; path = SRGILDownload.h; sourceTree = "<group>"; };
		9FFDA47E1B8C769200EEF7DA /* SRGILDownload.m */ = {isa = PBXFileReference; fileEncoding = 4; lastKnownFileType = sourcecode.c.objc; path = SRGILDownload.m; sourceTree = "<group>"; };
		9FFDA4801B8C8ABC00EEF7DA /* video_download_srf_01.json */ = {isa = PBXFileReference; fileEncoding = 4; lastKnownFileType = text.json; path = video_download_srf_01.json; sourceTree = "<group>"; };
		A075BD33C45843A59785A80D /* libPods-SRGIntegrationLayerDataProviderTests.a */ = {isa = PBXFileReference; explicitFileType = archive.ar; includeInIndex = 0; path = "libPods-SRGIntegrationLayerDataProviderTests.a"; sourceTree = BUILT_PRODUCTS_DIR; };
		E604EAFA1B174254004A627D /* SRGILOngoingRequest+Private.h */ = {isa = PBXFileReference; fileEncoding = 4; lastKnownFileType = sourcecode.c.h; path = "SRGILOngoingRequest+Private.h"; sourceTree = "<group>"; };
		E604EAFB1B174254004A627D /* SRGILOngoingRequest+Private.m */ = {isa = PBXFileReference; fileEncoding = 4; lastKnownFileType = sourcecode.c.objc; path = "SRGILOngoingRequest+Private.m"; sourceTree = "<group>"; };
		E606D81B1C74511E003634AA /* UIColor+SRGILDataProvider.h */ = {isa = PBXFileReference; fileEncoding = 4; lastKnownFileType = sourcecode.c.h; name = "UIColor+SRGILDataProvider.h"; path = "SRGIntegrationLayerDataProvider/Core/UIColor+SRGILDataProvider.h"; sourceTree = "<group>"; };
		E606D81C1C74511E003634AA /* UIColor+SRGILDataProvider.m */ = {isa = PBXFileReference; fileEncoding = 4; lastKnownFileType = sourcecode.c.objc; name = "UIColor+SRGILDataProvider.m"; path = "SRGIntegrationLayerDataProvider/Core/UIColor+SRGILDataProvider.m"; sourceTree = "<group>"; };
		E674271F1C73532400C15F94 /* SRGILEventConfig.h */ = {isa = PBXFileReference; fileEncoding = 4; lastKnownFileType = sourcecode.c.h; path = SRGILEventConfig.h; sourceTree = "<group>"; };
		E67427201C73532400C15F94 /* SRGILEventConfig.m */ = {isa = PBXFileReference; fileEncoding = 4; lastKnownFileType = sourcecode.c.objc; path = SRGILEventConfig.m; sourceTree = "<group>"; };
		E68E95E11B15A21E00EBEA81 /* SRGILMedia+MediaPlayer.h */ = {isa = PBXFileReference; fileEncoding = 4; lastKnownFileType = sourcecode.c.h; path = "SRGILMedia+MediaPlayer.h"; sourceTree = "<group>"; };
		E68E95E21B15A21E00EBEA81 /* SRGILMedia+MediaPlayer.m */ = {isa = PBXFileReference; fileEncoding = 4; lastKnownFileType = sourcecode.c.objc; path = "SRGILMedia+MediaPlayer.m"; sourceTree = "<group>"; };
		E6F8FF391CC6040400EC0793 /* SRGILDataProviderAnalyticsDataSource.h */ = {isa = PBXFileReference; lastKnownFileType = sourcecode.c.h; name = SRGILDataProviderAnalyticsDataSource.h; path = SRGIntegrationLayerDataProvider/SRGILDataProviderAnalyticsDataSource.h; sourceTree = SOURCE_ROOT; };
		F4A90E42A0F98F5CE90DBD45 /* Pods-SRGIntegrationLayerDataProviderTests.test.xcconfig */ = {isa = PBXFileReference; includeInIndex = 1; lastKnownFileType = text.xcconfig; name = "Pods-SRGIntegrationLayerDataProviderTests.test.xcconfig"; path = "Pods/Target Support Files/Pods-SRGIntegrationLayerDataProviderTests/Pods-SRGIntegrationLayerDataProviderTests.test.xcconfig"; sourceTree = "<group>"; };
		F5D020938ACBE926372DE924 /* libPods-SRGIntegrationLayerDataProvider.a */ = {isa = PBXFileReference; explicitFileType = archive.ar; includeInIndex = 0; path = "libPods-SRGIntegrationLayerDataProvider.a"; sourceTree = BUILT_PRODUCTS_DIR; };
/* End PBXFileReference section */

/* Begin PBXFrameworksBuildPhase section */
		9F1519321AC5A7F200AE051D /* Frameworks */ = {
			isa = PBXFrameworksBuildPhase;
			buildActionMask = 2147483647;
			files = (
				9F3C1CC21ADC0B26007C54AD /* MobileCoreServices.framework in Frameworks */,
				9F3C1CC01ADC0B02007C54AD /* SystemConfiguration.framework in Frameworks */,
				AC01AA295800C7CDE4E23876 /* libPods.a in Frameworks */,
			);
			runOnlyForDeploymentPostprocessing = 0;
		};
		9F15193D1AC5A7F200AE051D /* Frameworks */ = {
			isa = PBXFrameworksBuildPhase;
			buildActionMask = 2147483647;
			files = (
				9F3C1CC41ADC0B50007C54AD /* MobileCoreServices.framework in Frameworks */,
				9F3C1CC31ADC0B4A007C54AD /* SystemConfiguration.framework in Frameworks */,
				C2E8B26471460B332CD298C5 /* libPods-SRGIntegrationLayerDataProviderTests.a in Frameworks */,
			);
			runOnlyForDeploymentPostprocessing = 0;
		};
/* End PBXFrameworksBuildPhase section */

/* Begin PBXGroup section */
		77070573698EDF5E66AA0B19 /* Pods */ = {
			isa = PBXGroup;
			children = (
				8CD0B5BFD54E1B38AC5F277D /* Pods.debug.xcconfig */,
				440E25A6651384A0E61A662D /* Pods.test.xcconfig */,
				83089866E34A141E885FA2E9 /* Pods.release.xcconfig */,
				7B6FF59926E98E782269D426 /* Pods-SRGIntegrationLayerDataProviderTests.debug.xcconfig */,
				F4A90E42A0F98F5CE90DBD45 /* Pods-SRGIntegrationLayerDataProviderTests.test.xcconfig */,
				89BB786265D118894389B3BF /* Pods-SRGIntegrationLayerDataProviderTests.release.xcconfig */,
			);
			name = Pods;
			sourceTree = "<group>";
		};
		9F13D5031AE9270600E4D897 /* SRGILProvider */ = {
			isa = PBXGroup;
			children = (
				9F13D5041AE9270600E4D897 /* SRGILDataProvider.h */,
				9F13D5591AE92B1800E4D897 /* SRGILDataProvider+Private.h */,
				9F13D5051AE9270600E4D897 /* SRGILDataProvider.m */,
				9FF55F981B4B0F5900A99DA2 /* SRGILDataProviderConstants.h */,
				9FF55F991B4B0F5900A99DA2 /* SRGILDataProviderConstants.m */,
				9F631A211C0DE743000CBD6F /* SRGILURLComponents.h */,
				9F631A221C0DE743000CBD6F /* SRGILURLComponents.m */,
				9F4420FD1B0A107900AD0613 /* MediaPlayer & Analytics */,
			);
			name = SRGILProvider;
			path = SRGIntegrationLayerDataProvider/Core;
			sourceTree = "<group>";
		};
		9F13D5061AE9270600E4D897 /* Model */ = {
			isa = PBXGroup;
			children = (
				9F13D5071AE9270600E4D897 /* SRGILAnalyticsExtendedData.h */,
				9F13D5081AE9270600E4D897 /* SRGILAnalyticsExtendedData.m */,
				9F13D5091AE9270600E4D897 /* SRGILAnalyticsInfosProtocol.h */,
				9FEE12661C10443100AD7A8B /* SRGILArtist.h */,
				9FEE12671C10443100AD7A8B /* SRGILArtist.m */,
				9F13D50A1AE9270600E4D897 /* SRGILAsset.h */,
				9F13D50B1AE9270600E4D897 /* SRGILAsset.m */,
				9F13D50C1AE9270600E4D897 /* SRGILAssetMetadata.h */,
				9F13D50D1AE9270600E4D897 /* SRGILAssetMetadata.m */,
				9F13D50E1AE9270600E4D897 /* SRGILAssetSet.h */,
				9F13D50F1AE9270600E4D897 /* SRGILAssetSet.m */,
				9F13D5101AE9270600E4D897 /* SRGILAudio.h */,
				9F13D5111AE9270700E4D897 /* SRGILAudio.m */,
				9FFDA47D1B8C769200EEF7DA /* SRGILDownload.h */,
				9FFDA47E1B8C769200EEF7DA /* SRGILDownload.m */,
				E674271F1C73532400C15F94 /* SRGILEventConfig.h */,
				E67427201C73532400C15F94 /* SRGILEventConfig.m */,
				9F13D5121AE9270700E4D897 /* SRGILImage.h */,
				9F13D5131AE9270700E4D897 /* SRGILImage.m */,
				9F13D5141AE9270700E4D897 /* SRGILImageRepresentation.h */,
				9F13D5151AE9270700E4D897 /* SRGILImageRepresentation.m */,
				9F13D5181AE9270700E4D897 /* SRGILLiveHeaderChannel.h */,
				9F13D5191AE9270700E4D897 /* SRGILLiveHeaderChannel.m */,
				9F13D51A1AE9270700E4D897 /* SRGILLiveHeaderData.h */,
				9F13D51B1AE9270700E4D897 /* SRGILLiveHeaderData.m */,
				9F13D51D1AE9270700E4D897 /* SRGILMedia.h */,
				9F13D51E1AE9270700E4D897 /* SRGILMedia.m */,
				9F13D51F1AE9270700E4D897 /* SRGILModel.h */,
				9F13D5201AE9270700E4D897 /* SRGILModelConstants.h */,
				9F13D5211AE9270700E4D897 /* SRGILModelConstants.m */,
				9F13D5221AE9270700E4D897 /* SRGILModelObject.h */,
				9F13D5231AE9270700E4D897 /* SRGILModelObject.m */,
				9F13D5241AE9270700E4D897 /* SRGILPlaylist.h */,
				9F13D5251AE9270700E4D897 /* SRGILPlaylist.m */,
				9F13D5261AE9270700E4D897 /* SRGILPrimaryChannel.h */,
				9F13D5271AE9270700E4D897 /* SRGILPrimaryChannel.m */,
				9F13D5281AE9270700E4D897 /* SRGILRubric.h */,
				9F13D5291AE9270700E4D897 /* SRGILRubric.m */,
				6643BD3E1B6B6C7100C32830 /* SRGILSearchResult.h */,
				6643BD3F1B6B6C7100C32830 /* SRGILSearchResult.m */,
				9F13D52A1AE9270700E4D897 /* SRGILShow.h */,
				9F13D52B1AE9270700E4D897 /* SRGILShow.m */,
				9F13D52C1AE9270700E4D897 /* SRGILSocialCounts.h */,
				9F13D52D1AE9270700E4D897 /* SRGILSocialCounts.m */,
				9FEE12631C10442000AD7A8B /* SRGILSong.h */,
				9FEE12641C10442000AD7A8B /* SRGILSong.m */,
				9FEE12601C10441200AD7A8B /* SRGILSonglog.h */,
				9FEE12611C10441200AD7A8B /* SRGILSonglog.m */,
				9FEE125D1C1041E700AD7A8B /* SRGILTopic.h */,
				9FEE125E1C1041E700AD7A8B /* SRGILTopic.m */,
				9FCA04901B414935009937E2 /* SRGILURN.h */,
				9FCA04911B414935009937E2 /* SRGILURN.m */,
				9F13D52E1AE9270700E4D897 /* SRGILVideo.h */,
				9F13D52F1AE9270700E4D897 /* SRGILVideo.m */,
			);
			name = Model;
			path = SRGIntegrationLayerDataProvider/Model;
			sourceTree = "<group>";
		};
		9F13D5301AE9270700E4D897 /* Network */ = {
			isa = PBXGroup;
			children = (
				9F13D5161AE9270700E4D897 /* SRGILList.h */,
				9F13D5171AE9270700E4D897 /* SRGILList.m */,
				E604EAFA1B174254004A627D /* SRGILOngoingRequest+Private.h */,
				E604EAFB1B174254004A627D /* SRGILOngoingRequest+Private.m */,
				9F13D5351AE9270700E4D897 /* SRGILRequestsManager.h */,
				9F13D5361AE9270700E4D897 /* SRGILRequestsManager.m */,
				9F13D5371AE9270700E4D897 /* SRGILTokenHandler.h */,
				9F13D5381AE9270700E4D897 /* SRGILTokenHandler.m */,
			);
			name = Network;
			path = SRGIntegrationLayerDataProvider/Network;
			sourceTree = "<group>";
		};
		9F15192C1AC5A7F200AE051D = {
			isa = PBXGroup;
			children = (
				9FA643351B96EBC300B2B51B /* README.md */,
				9F13D4FC1AE9238100E4D897 /* SRGIntegrationLayerDataProvider.podspec */,
				9F1519581ACAA85A00AE051D /* SRGIntegrationLayerDataProvider.h */,
				9F13D5031AE9270600E4D897 /* SRGILProvider */,
				9F13D5061AE9270600E4D897 /* Model */,
				9F13D5301AE9270700E4D897 /* Network */,
				9FDA13C11BD517660073722D /* Utils */,
				9FDA13C51BD518210073722D /* Resources */,
				9F1519441AC5A7F200AE051D /* Unit Tests */,
				9F1519361AC5A7F200AE051D /* Products */,
				77070573698EDF5E66AA0B19 /* Pods */,
				C234D6DD835E193A87DED721 /* Frameworks */,
			);
			sourceTree = "<group>";
		};
		9F1519361AC5A7F200AE051D /* Products */ = {
			isa = PBXGroup;
			children = (
				9F1519351AC5A7F200AE051D /* libSRGIntegrationLayerDataProvider.a */,
				9F1519401AC5A7F200AE051D /* SRGIntegrationLayerDataProviderTests.xctest */,
				9FDA13CA1BD519920073722D /* SRGILDataProvider.bundle */,
			);
			name = Products;
			sourceTree = "<group>";
		};
		9F1519441AC5A7F200AE051D /* Unit Tests */ = {
			isa = PBXGroup;
			children = (
				9F83AB151B29C0C800D7D8BE /* SRGILDataProviderTest.m */,
				9F8B389C1B2ECE7E00F67FA5 /* SRGILDataProviderMediaPlayerTest.m */,
				9F83AB131B29BFB500D7D8BE /* Model Tests */,
				9F83AB141B29C09900D7D8BE /* Network Tests */,
				9F1A5B031ACD68E700C0E528 /* Resources */,
				9F1519451AC5A7F200AE051D /* Supporting Files */,
			);
			name = "Unit Tests";
			path = SRGIntegrationLayerDataProviderTests;
			sourceTree = "<group>";
		};
		9F1519451AC5A7F200AE051D /* Supporting Files */ = {
			isa = PBXGroup;
			children = (
				9F1A5B1F1ACD68E700C0E528 /* XCTestCase+JSON.h */,
				9F1A5B201ACD68E700C0E528 /* XCTestCase+JSON.m */,
				9F1519461AC5A7F200AE051D /* Info.plist */,
			);
			name = "Supporting Files";
			sourceTree = "<group>";
		};
		9F1A5B031ACD68E700C0E528 /* Resources */ = {
			isa = PBXGroup;
			children = (
				9FFDA4801B8C8ABC00EEF7DA /* video_download_srf_01.json */,
				9F1A5B041ACD68E700C0E528 /* assetmetadata_01.json */,
				9F1A5B051ACD68E700C0E528 /* assetset_01.json */,
				9F1A5B061ACD68E700C0E528 /* image_01.json */,
				9F1A5B071ACD68E700C0E528 /* imagerepresentation_01.json */,
				9F1A5B081ACD68E700C0E528 /* last_videos_01.json */,
				9F1A5B091ACD68E700C0E528 /* LiveStreams_RTS.json */,
				9F1A5B0A1ACD68E700C0E528 /* LiveStreams_RTS_ordered.json */,
				9F1A5B0B1ACD68E700C0E528 /* LiveStreams_RTS_reversed.json */,
				9F1A5B0C1ACD68E700C0E528 /* livevideo01.json */,
				9F1A5B0D1ACD68E700C0E528 /* most_viewed_videos_01.json */,
				9F1A5B0E1ACD68E700C0E528 /* resources_test_18022014.json */,
				9F1A5B0F1ACD68E700C0E528 /* rubric_01.json */,
				9F1A5B101ACD68E700C0E528 /* sample_video_fragment_01.json */,
				9F1A5B111ACD68E700C0E528 /* show_01.json */,
				9F1A5B121ACD68E700C0E528 /* video_01.json */,
				9F1A5B131ACD68E700C0E528 /* video_02.json */,
				9F1A5B141ACD68E700C0E528 /* video_03.json */,
				9F1A5B151ACD68E700C0E528 /* video_04.json */,
				9F1A5B161ACD68E700C0E528 /* videoaggregation_01.json */,
				6643BD421B6B6CEB00C32830 /* searchResult01.json */,
			);
			path = Resources;
			sourceTree = "<group>";
		};
		9F4420FD1B0A107900AD0613 /* MediaPlayer & Analytics */ = {
			isa = PBXGroup;
			children = (
				E6F8FF391CC6040400EC0793 /* SRGILDataProviderAnalyticsDataSource.h */,
				9F4421011B0A116D00AD0613 /* SRGILDataProviderMediaPlayerDataSource.h */,
				9F4420FE1B0A109C00AD0613 /* SRGILDataProvider+MediaPlayer.h */,
				9F4420FF1B0A109C00AD0613 /* SRGILDataProvider+MediaPlayer.m */,
				E68E95E11B15A21E00EBEA81 /* SRGILMedia+MediaPlayer.h */,
				E68E95E21B15A21E00EBEA81 /* SRGILMedia+MediaPlayer.m */,
				9F13D4FF1AE9270600E4D897 /* SRGILComScoreAnalyticsInfos.h */,
				9F13D5001AE9270600E4D897 /* SRGILComScoreAnalyticsInfos.m */,
				9F13D5011AE9270600E4D897 /* SRGILStreamSenseAnalyticsInfos.h */,
				9F13D5021AE9270600E4D897 /* SRGILStreamSenseAnalyticsInfos.m */,
			);
			name = "MediaPlayer & Analytics";
			path = SRGIntegrationLayerDataProvider/MediaPlayer;
			sourceTree = SOURCE_ROOT;
		};
		9F83AB131B29BFB500D7D8BE /* Model Tests */ = {
			isa = PBXGroup;
			children = (
				9F1A5B191ACD68E700C0E528 /* SRGILMediaTest.m */,
				9F1A5B181ACD68E700C0E528 /* SRGLiveStreamVideoTest.m */,
				9F1A5B1A1ACD68E700C0E528 /* SRGModelObjectTest.m */,
			);
			name = "Model Tests";
			sourceTree = "<group>";
		};
		9F83AB141B29C09900D7D8BE /* Network Tests */ = {
			isa = PBXGroup;
			children = (
				9F1A5B1D1ACD68E700C0E528 /* SRGTokenHandlerStubsTest.m */,
				9FEE12691C105BF800AD7A8B /* SRGFetchListsTest.m */,
				9FEE126B1C10716800AD7A8B /* SRGURLComponentsTest.m */,
			);
			name = "Network Tests";
			sourceTree = "<group>";
		};
		9FDA13C11BD517660073722D /* Utils */ = {
			isa = PBXGroup;
			children = (
				9FDA13C21BD517A00073722D /* NSBundle+SRGILDataProvider.h */,
				9FDA13C31BD517A00073722D /* NSBundle+SRGILDataProvider.m */,
				E606D81B1C74511E003634AA /* UIColor+SRGILDataProvider.h */,
				E606D81C1C74511E003634AA /* UIColor+SRGILDataProvider.m */,
			);
			name = Utils;
			sourceTree = "<group>";
		};
		9FDA13C51BD518210073722D /* Resources */ = {
			isa = PBXGroup;
			children = (
				9FDA13CC1BD519920073722D /* Info.plist */,
				9FDA13D41BD51C200073722D /* Localizable.strings */,
			);
			name = Resources;
			sourceTree = "<group>";
		};
		C234D6DD835E193A87DED721 /* Frameworks */ = {
			isa = PBXGroup;
			children = (
				9F3C1CC11ADC0B26007C54AD /* MobileCoreServices.framework */,
				9F3C1CBF1ADC0B02007C54AD /* SystemConfiguration.framework */,
				79F6EBD656367387D07A08A6 /* libPods.a */,
				F5D020938ACBE926372DE924 /* libPods-SRGIntegrationLayerDataProvider.a */,
				A075BD33C45843A59785A80D /* libPods-SRGIntegrationLayerDataProviderTests.a */,
			);
			name = Frameworks;
			sourceTree = "<group>";
		};
/* End PBXGroup section */

/* Begin PBXNativeTarget section */
		9F1519341AC5A7F200AE051D /* SRGIntegrationLayerDataProvider */ = {
			isa = PBXNativeTarget;
			buildConfigurationList = 9F1519491AC5A7F200AE051D /* Build configuration list for PBXNativeTarget "SRGIntegrationLayerDataProvider" */;
			buildPhases = (
				B07018D5379C0A3A8120C0C9 /* Check Pods Manifest.lock */,
				9F1519311AC5A7F200AE051D /* Sources */,
				9F1519321AC5A7F200AE051D /* Frameworks */,
				9F1519331AC5A7F200AE051D /* CopyFiles */,
				8C5B864E76EF03A80796708F /* Copy Pods Resources */,
			);
			buildRules = (
			);
			dependencies = (
				9FDA13DA1BD523B70073722D /* PBXTargetDependency */,
			);
			name = SRGIntegrationLayerDataProvider;
			productName = SRGIntegrationLayerDataProvider;
			productReference = 9F1519351AC5A7F200AE051D /* libSRGIntegrationLayerDataProvider.a */;
			productType = "com.apple.product-type.library.static";
		};
		9F15193F1AC5A7F200AE051D /* SRGIntegrationLayerDataProviderTests */ = {
			isa = PBXNativeTarget;
			buildConfigurationList = 9F15194C1AC5A7F200AE051D /* Build configuration list for PBXNativeTarget "SRGIntegrationLayerDataProviderTests" */;
			buildPhases = (
				67C9297B7548F32E3C01D630 /* Check Pods Manifest.lock */,
				9F15193C1AC5A7F200AE051D /* Sources */,
				9F15193D1AC5A7F200AE051D /* Frameworks */,
				9F15193E1AC5A7F200AE051D /* Resources */,
				14E69FFD86316EEFC3FDC14C /* Copy Pods Resources */,
				9CC8DD142CB91381CC654209 /* Embed Pods Frameworks */,
			);
			buildRules = (
			);
			dependencies = (
			);
			name = SRGIntegrationLayerDataProviderTests;
			productName = SRGIntegrationLayerDataProviderTests;
			productReference = 9F1519401AC5A7F200AE051D /* SRGIntegrationLayerDataProviderTests.xctest */;
			productType = "com.apple.product-type.bundle.unit-test";
		};
		9FDA13C91BD519920073722D /* SRGILDataProvider Resources */ = {
			isa = PBXNativeTarget;
			buildConfigurationList = 9FDA13CD1BD519920073722D /* Build configuration list for PBXNativeTarget "SRGILDataProvider Resources" */;
			buildPhases = (
				9FDA13C81BD519920073722D /* Resources */,
			);
			buildRules = (
			);
			dependencies = (
			);
			name = "SRGILDataProvider Resources";
			productName = SRGILDataProviderBundle;
			productReference = 9FDA13CA1BD519920073722D /* SRGILDataProvider.bundle */;
			productType = "com.apple.product-type.bundle";
		};
/* End PBXNativeTarget section */

/* Begin PBXProject section */
		9F15192D1AC5A7F200AE051D /* Project object */ = {
			isa = PBXProject;
			attributes = {
				CLASSPREFIX = SRG;
				LastUpgradeCheck = 0700;
				ORGANIZATIONNAME = SRG;
				TargetAttributes = {
					9F1519341AC5A7F200AE051D = {
						CreatedOnToolsVersion = 6.2;
					};
					9F15193F1AC5A7F200AE051D = {
						CreatedOnToolsVersion = 6.2;
					};
					9FDA13C91BD519920073722D = {
						CreatedOnToolsVersion = 7.0.1;
					};
				};
			};
			buildConfigurationList = 9F1519301AC5A7F200AE051D /* Build configuration list for PBXProject "SRGIntegrationLayerDataProvider" */;
			compatibilityVersion = "Xcode 3.2";
			developmentRegion = English;
			hasScannedForEncodings = 0;
			knownRegions = (
				en,
				fr,
				de,
				it,
				"rm-CH",
			);
			mainGroup = 9F15192C1AC5A7F200AE051D;
			productRefGroup = 9F1519361AC5A7F200AE051D /* Products */;
			projectDirPath = "";
			projectRoot = "";
			targets = (
				9F1519341AC5A7F200AE051D /* SRGIntegrationLayerDataProvider */,
				9FDA13C91BD519920073722D /* SRGILDataProvider Resources */,
				9F15193F1AC5A7F200AE051D /* SRGIntegrationLayerDataProviderTests */,
			);
		};
/* End PBXProject section */

/* Begin PBXResourcesBuildPhase section */
		9F15193E1AC5A7F200AE051D /* Resources */ = {
			isa = PBXResourcesBuildPhase;
			buildActionMask = 2147483647;
			files = (
				9F1A5B391ACD691700C0E528 /* LiveStreams_RTS_ordered.json in Resources */,
				9F1A5B3D1ACD691700C0E528 /* resources_test_18022014.json in Resources */,
				9F1A5B371ACD691700C0E528 /* last_videos_01.json in Resources */,
				9F1A5B431ACD691700C0E528 /* video_03.json in Resources */,
				9F1A5B3B1ACD691700C0E528 /* livevideo01.json in Resources */,
				9F1A5B441ACD691700C0E528 /* video_04.json in Resources */,
				9F1A5B3F1ACD691700C0E528 /* sample_video_fragment_01.json in Resources */,
				9F1A5B381ACD691700C0E528 /* LiveStreams_RTS.json in Resources */,
				9F1A5B3E1ACD691700C0E528 /* rubric_01.json in Resources */,
				9F1A5B401ACD691700C0E528 /* show_01.json in Resources */,
				9FFDA4811B8C946F00EEF7DA /* video_download_srf_01.json in Resources */,
				9F1A5B411ACD691700C0E528 /* video_01.json in Resources */,
				9F1A5B3A1ACD691700C0E528 /* LiveStreams_RTS_reversed.json in Resources */,
				9F1A5B341ACD691700C0E528 /* assetset_01.json in Resources */,
				9F1A5B361ACD691700C0E528 /* imagerepresentation_01.json in Resources */,
				9F1A5B3C1ACD691700C0E528 /* most_viewed_videos_01.json in Resources */,
				9F1A5B421ACD691700C0E528 /* video_02.json in Resources */,
				9F1A5B331ACD691700C0E528 /* assetmetadata_01.json in Resources */,
				9F1A5B351ACD691700C0E528 /* image_01.json in Resources */,
				9F1A5B451ACD691700C0E528 /* videoaggregation_01.json in Resources */,
			);
			runOnlyForDeploymentPostprocessing = 0;
		};
		9FDA13C81BD519920073722D /* Resources */ = {
			isa = PBXResourcesBuildPhase;
			buildActionMask = 2147483647;
			files = (
				9FDA13D21BD51C200073722D /* Localizable.strings in Resources */,
			);
			runOnlyForDeploymentPostprocessing = 0;
		};
/* End PBXResourcesBuildPhase section */

/* Begin PBXShellScriptBuildPhase section */
		14E69FFD86316EEFC3FDC14C /* Copy Pods Resources */ = {
			isa = PBXShellScriptBuildPhase;
			buildActionMask = 2147483647;
			files = (
			);
			inputPaths = (
			);
			name = "Copy Pods Resources";
			outputPaths = (
			);
			runOnlyForDeploymentPostprocessing = 0;
			shellPath = /bin/sh;
			shellScript = "\"${SRCROOT}/Pods/Target Support Files/Pods-SRGIntegrationLayerDataProviderTests/Pods-SRGIntegrationLayerDataProviderTests-resources.sh\"\n";
			showEnvVarsInLog = 0;
		};
		67C9297B7548F32E3C01D630 /* Check Pods Manifest.lock */ = {
			isa = PBXShellScriptBuildPhase;
			buildActionMask = 2147483647;
			files = (
			);
			inputPaths = (
			);
			name = "Check Pods Manifest.lock";
			outputPaths = (
			);
			runOnlyForDeploymentPostprocessing = 0;
			shellPath = /bin/sh;
			shellScript = "diff \"${PODS_ROOT}/../Podfile.lock\" \"${PODS_ROOT}/Manifest.lock\" > /dev/null\nif [[ $? != 0 ]] ; then\n    cat << EOM\nerror: The sandbox is not in sync with the Podfile.lock. Run 'pod install' or update your CocoaPods installation.\nEOM\n    exit 1\nfi\n";
			showEnvVarsInLog = 0;
		};
		8C5B864E76EF03A80796708F /* Copy Pods Resources */ = {
			isa = PBXShellScriptBuildPhase;
			buildActionMask = 2147483647;
			files = (
			);
			inputPaths = (
			);
			name = "Copy Pods Resources";
			outputPaths = (
			);
			runOnlyForDeploymentPostprocessing = 0;
			shellPath = /bin/sh;
			shellScript = "\"${SRCROOT}/Pods/Target Support Files/Pods/Pods-resources.sh\"\n";
			showEnvVarsInLog = 0;
		};
		9CC8DD142CB91381CC654209 /* Embed Pods Frameworks */ = {
			isa = PBXShellScriptBuildPhase;
			buildActionMask = 2147483647;
			files = (
			);
			inputPaths = (
			);
			name = "Embed Pods Frameworks";
			outputPaths = (
			);
			runOnlyForDeploymentPostprocessing = 0;
			shellPath = /bin/sh;
			shellScript = "\"${SRCROOT}/Pods/Target Support Files/Pods-SRGIntegrationLayerDataProviderTests/Pods-SRGIntegrationLayerDataProviderTests-frameworks.sh\"\n";
			showEnvVarsInLog = 0;
		};
		B07018D5379C0A3A8120C0C9 /* Check Pods Manifest.lock */ = {
			isa = PBXShellScriptBuildPhase;
			buildActionMask = 2147483647;
			files = (
			);
			inputPaths = (
			);
			name = "Check Pods Manifest.lock";
			outputPaths = (
			);
			runOnlyForDeploymentPostprocessing = 0;
			shellPath = /bin/sh;
			shellScript = "diff \"${PODS_ROOT}/../Podfile.lock\" \"${PODS_ROOT}/Manifest.lock\" > /dev/null\nif [[ $? != 0 ]] ; then\n    cat << EOM\nerror: The sandbox is not in sync with the Podfile.lock. Run 'pod install' or update your CocoaPods installation.\nEOM\n    exit 1\nfi\n";
			showEnvVarsInLog = 0;
		};
/* End PBXShellScriptBuildPhase section */

/* Begin PBXSourcesBuildPhase section */
		9F1519311AC5A7F200AE051D /* Sources */ = {
			isa = PBXSourcesBuildPhase;
			buildActionMask = 2147483647;
			files = (
				9F13D54B1AE9270700E4D897 /* SRGILRubric.m in Sources */,
				9F13D5491AE9270700E4D897 /* SRGILPlaylist.m in Sources */,
				9F13D5421AE9270700E4D897 /* SRGILImageRepresentation.m in Sources */,
				9F631A231C0DE743000CBD6F /* SRGILURLComponents.m in Sources */,
				9F13D5431AE9270700E4D897 /* SRGILList.m in Sources */,
				9F13D5461AE9270700E4D897 /* SRGILMedia.m in Sources */,
				9F13D53F1AE9270700E4D897 /* SRGILAssetSet.m in Sources */,
				9FF55F9A1B4B0F5900A99DA2 /* SRGILDataProviderConstants.m in Sources */,
				E68E95E31B15A21E00EBEA81 /* SRGILMedia+MediaPlayer.m in Sources */,
				9F13D5451AE9270700E4D897 /* SRGILLiveHeaderData.m in Sources */,
				E606D81D1C74511E003634AA /* UIColor+SRGILDataProvider.m in Sources */,
				9FEE125F1C1041E700AD7A8B /* SRGILTopic.m in Sources */,
				9F13D53B1AE9270700E4D897 /* SRGILDataProvider.m in Sources */,
				9FDA13C41BD517A00073722D /* NSBundle+SRGILDataProvider.m in Sources */,
				9F13D5481AE9270700E4D897 /* SRGILModelObject.m in Sources */,
				9F13D5401AE9270700E4D897 /* SRGILAudio.m in Sources */,
				9FCA04921B414935009937E2 /* SRGILURN.m in Sources */,
				9F13D5511AE9270700E4D897 /* SRGILRequestsManager.m in Sources */,
				9F13D53E1AE9270700E4D897 /* SRGILAssetMetadata.m in Sources */,
				9F13D54A1AE9270700E4D897 /* SRGILPrimaryChannel.m in Sources */,
				9FEE12651C10442000AD7A8B /* SRGILSong.m in Sources */,
				E67427211C73532400C15F94 /* SRGILEventConfig.m in Sources */,
				9FEE12621C10441200AD7A8B /* SRGILSonglog.m in Sources */,
				9F13D54C1AE9270700E4D897 /* SRGILShow.m in Sources */,
				9F13D5471AE9270700E4D897 /* SRGILModelConstants.m in Sources */,
				6643BD401B6B6C7100C32830 /* SRGILSearchResult.m in Sources */,
				9F4421001B0A109C00AD0613 /* SRGILDataProvider+MediaPlayer.m in Sources */,
				9F13D5521AE9270700E4D897 /* SRGILTokenHandler.m in Sources */,
				9FFDA47F1B8C769200EEF7DA /* SRGILDownload.m in Sources */,
				E604EAFC1B174254004A627D /* SRGILOngoingRequest+Private.m in Sources */,
				9F13D54D1AE9270700E4D897 /* SRGILSocialCounts.m in Sources */,
				9F13D54E1AE9270700E4D897 /* SRGILVideo.m in Sources */,
				9F13D53A1AE9270700E4D897 /* SRGILStreamSenseAnalyticsInfos.m in Sources */,
				9F13D53D1AE9270700E4D897 /* SRGILAsset.m in Sources */,
				9F13D5391AE9270700E4D897 /* SRGILComScoreAnalyticsInfos.m in Sources */,
				9FEE12681C10443100AD7A8B /* SRGILArtist.m in Sources */,
				9F13D5411AE9270700E4D897 /* SRGILImage.m in Sources */,
				9F13D5441AE9270700E4D897 /* SRGILLiveHeaderChannel.m in Sources */,
				9F13D53C1AE9270700E4D897 /* SRGILAnalyticsExtendedData.m in Sources */,
			);
			runOnlyForDeploymentPostprocessing = 0;
		};
		9F15193C1AC5A7F200AE051D /* Sources */ = {
			isa = PBXSourcesBuildPhase;
			buildActionMask = 2147483647;
			files = (
				9F8B389D1B2ECE7E00F67FA5 /* SRGILDataProviderMediaPlayerTest.m in Sources */,
				9F1A5B2C1ACD690C00C0E528 /* SRGILMediaTest.m in Sources */,
				9FEE126C1C10716800AD7A8B /* SRGURLComponentsTest.m in Sources */,
				9F1A5B2B1ACD690C00C0E528 /* SRGLiveStreamVideoTest.m in Sources */,
				9FEE126A1C105BF900AD7A8B /* SRGFetchListsTest.m in Sources */,
				9F1A5B301ACD690C00C0E528 /* SRGTokenHandlerStubsTest.m in Sources */,
				9F83AB161B29C0C800D7D8BE /* SRGILDataProviderTest.m in Sources */,
				9F1A5B2D1ACD690C00C0E528 /* SRGModelObjectTest.m in Sources */,
				9F1A5B321ACD690C00C0E528 /* XCTestCase+JSON.m in Sources */,
			);
			runOnlyForDeploymentPostprocessing = 0;
		};
/* End PBXSourcesBuildPhase section */

/* Begin PBXTargetDependency section */
		9FDA13DA1BD523B70073722D /* PBXTargetDependency */ = {
			isa = PBXTargetDependency;
			target = 9FDA13C91BD519920073722D /* SRGILDataProvider Resources */;
			targetProxy = 9FDA13D91BD523B70073722D /* PBXContainerItemProxy */;
		};
/* End PBXTargetDependency section */

/* Begin PBXVariantGroup section */
		9FDA13D41BD51C200073722D /* Localizable.strings */ = {
			isa = PBXVariantGroup;
			children = (
				9FDA13D31BD51C200073722D /* en */,
				9FDA13D51BD51F9D0073722D /* fr */,
				9FDA13D61BD51FA70073722D /* de */,
				9FDA13D71BD51FBA0073722D /* it */,
				9FDA13D81BD51FC80073722D /* rm-CH */,
			);
			name = Localizable.strings;
			path = SRGIntegrationLayerDataProvider/SRGILDataProviderBundle;
			sourceTree = "<group>";
		};
/* End PBXVariantGroup section */

/* Begin XCBuildConfiguration section */
		9F1519471AC5A7F200AE051D /* Debug */ = {
			isa = XCBuildConfiguration;
			buildSettings = {
				ALWAYS_SEARCH_USER_PATHS = NO;
				CLANG_CXX_LANGUAGE_STANDARD = "gnu++0x";
				CLANG_CXX_LIBRARY = "libc++";
				CLANG_ENABLE_MODULES = YES;
				CLANG_ENABLE_OBJC_ARC = YES;
				CLANG_WARN_BOOL_CONVERSION = YES;
				CLANG_WARN_CONSTANT_CONVERSION = YES;
				CLANG_WARN_DIRECT_OBJC_ISA_USAGE = YES_ERROR;
				CLANG_WARN_EMPTY_BODY = YES;
				CLANG_WARN_ENUM_CONVERSION = YES;
				CLANG_WARN_INT_CONVERSION = YES;
				CLANG_WARN_OBJC_ROOT_CLASS = YES_ERROR;
				CLANG_WARN_UNREACHABLE_CODE = YES;
				CLANG_WARN__DUPLICATE_METHOD_MATCH = YES;
				COPY_PHASE_STRIP = NO;
				ENABLE_STRICT_OBJC_MSGSEND = YES;
				ENABLE_TESTABILITY = YES;
				GCC_C_LANGUAGE_STANDARD = gnu99;
				GCC_DYNAMIC_NO_PIC = NO;
				GCC_OPTIMIZATION_LEVEL = 0;
				GCC_PREPROCESSOR_DEFINITIONS = (
					"DEBUG=1",
					"$(inherited)",
				);
				GCC_SYMBOLS_PRIVATE_EXTERN = NO;
				GCC_WARN_64_TO_32_BIT_CONVERSION = YES;
				GCC_WARN_ABOUT_RETURN_TYPE = YES_ERROR;
				GCC_WARN_UNDECLARED_SELECTOR = YES;
				GCC_WARN_UNINITIALIZED_AUTOS = YES_AGGRESSIVE;
				GCC_WARN_UNUSED_FUNCTION = YES;
				GCC_WARN_UNUSED_VARIABLE = YES;
				IPHONEOS_DEPLOYMENT_TARGET = 8.0;
				MTL_ENABLE_DEBUG_INFO = YES;
				ONLY_ACTIVE_ARCH = YES;
				SDKROOT = iphoneos;
			};
			name = Debug;
		};
		9F1519481AC5A7F200AE051D /* Release */ = {
			isa = XCBuildConfiguration;
			buildSettings = {
				ALWAYS_SEARCH_USER_PATHS = NO;
				CLANG_CXX_LANGUAGE_STANDARD = "gnu++0x";
				CLANG_CXX_LIBRARY = "libc++";
				CLANG_ENABLE_MODULES = YES;
				CLANG_ENABLE_OBJC_ARC = YES;
				CLANG_WARN_BOOL_CONVERSION = YES;
				CLANG_WARN_CONSTANT_CONVERSION = YES;
				CLANG_WARN_DIRECT_OBJC_ISA_USAGE = YES_ERROR;
				CLANG_WARN_EMPTY_BODY = YES;
				CLANG_WARN_ENUM_CONVERSION = YES;
				CLANG_WARN_INT_CONVERSION = YES;
				CLANG_WARN_OBJC_ROOT_CLASS = YES_ERROR;
				CLANG_WARN_UNREACHABLE_CODE = YES;
				CLANG_WARN__DUPLICATE_METHOD_MATCH = YES;
				COPY_PHASE_STRIP = NO;
				ENABLE_NS_ASSERTIONS = NO;
				ENABLE_STRICT_OBJC_MSGSEND = YES;
				GCC_C_LANGUAGE_STANDARD = gnu99;
				GCC_WARN_64_TO_32_BIT_CONVERSION = YES;
				GCC_WARN_ABOUT_RETURN_TYPE = YES_ERROR;
				GCC_WARN_UNDECLARED_SELECTOR = YES;
				GCC_WARN_UNINITIALIZED_AUTOS = YES_AGGRESSIVE;
				GCC_WARN_UNUSED_FUNCTION = YES;
				GCC_WARN_UNUSED_VARIABLE = YES;
				IPHONEOS_DEPLOYMENT_TARGET = 8.0;
				MTL_ENABLE_DEBUG_INFO = NO;
				SDKROOT = iphoneos;
				VALIDATE_PRODUCT = YES;
			};
			name = Release;
		};
		9F15194A1AC5A7F200AE051D /* Debug */ = {
			isa = XCBuildConfiguration;
			baseConfigurationReference = 8CD0B5BFD54E1B38AC5F277D /* Pods.debug.xcconfig */;
			buildSettings = {
				PRODUCT_NAME = "$(TARGET_NAME)";
				SKIP_INSTALL = YES;
			};
			name = Debug;
		};
		9F15194B1AC5A7F200AE051D /* Release */ = {
			isa = XCBuildConfiguration;
			baseConfigurationReference = 83089866E34A141E885FA2E9 /* Pods.release.xcconfig */;
			buildSettings = {
				PRODUCT_NAME = "$(TARGET_NAME)";
				SKIP_INSTALL = YES;
			};
			name = Release;
		};
		9F15194D1AC5A7F200AE051D /* Debug */ = {
			isa = XCBuildConfiguration;
			baseConfigurationReference = 7B6FF59926E98E782269D426 /* Pods-SRGIntegrationLayerDataProviderTests.debug.xcconfig */;
			buildSettings = {
				GCC_PREPROCESSOR_DEFINITIONS = (
					"DEBUG=1",
					"$(inherited)",
				);
				INFOPLIST_FILE = SRGIntegrationLayerDataProviderTests/Info.plist;
				LD_RUNPATH_SEARCH_PATHS = "$(inherited) @executable_path/Frameworks @loader_path/Frameworks";
				PRODUCT_BUNDLE_IDENTIFIER = "ch.rts.$(PRODUCT_NAME:rfc1034identifier)";
				PRODUCT_NAME = "$(TARGET_NAME)";
			};
			name = Debug;
		};
		9F15194E1AC5A7F200AE051D /* Release */ = {
			isa = XCBuildConfiguration;
			baseConfigurationReference = 89BB786265D118894389B3BF /* Pods-SRGIntegrationLayerDataProviderTests.release.xcconfig */;
			buildSettings = {
				INFOPLIST_FILE = SRGIntegrationLayerDataProviderTests/Info.plist;
				LD_RUNPATH_SEARCH_PATHS = "$(inherited) @executable_path/Frameworks @loader_path/Frameworks";
				PRODUCT_BUNDLE_IDENTIFIER = "ch.rts.$(PRODUCT_NAME:rfc1034identifier)";
				PRODUCT_NAME = "$(TARGET_NAME)";
			};
			name = Release;
		};
		9FDA13CE1BD519920073722D /* Debug */ = {
			isa = XCBuildConfiguration;
			buildSettings = {
				COMBINE_HIDPI_IMAGES = YES;
				INFOPLIST_FILE = SRGIntegrationLayerDataProvider/SRGILDataProviderBundle/Info.plist;
				PRODUCT_BUNDLE_IDENTIFIER = "ch.srgssr.SRGILDataProvider-Resources";
				PRODUCT_NAME = SRGILDataProvider;
				SDKROOT = iphoneos;
				WRAPPER_EXTENSION = bundle;
			};
			name = Debug;
		};
		9FDA13CF1BD519920073722D /* Release */ = {
			isa = XCBuildConfiguration;
			buildSettings = {
				COMBINE_HIDPI_IMAGES = YES;
				INFOPLIST_FILE = SRGIntegrationLayerDataProvider/SRGILDataProviderBundle/Info.plist;
				PRODUCT_BUNDLE_IDENTIFIER = "ch.srgssr.SRGILDataProvider-Resources";
				PRODUCT_NAME = SRGILDataProvider;
				SDKROOT = iphoneos;
				WRAPPER_EXTENSION = bundle;
			};
			name = Release;
		};
/* End XCBuildConfiguration section */

/* Begin XCConfigurationList section */
		9F1519301AC5A7F200AE051D /* Build configuration list for PBXProject "SRGIntegrationLayerDataProvider" */ = {
			isa = XCConfigurationList;
			buildConfigurations = (
				9F1519471AC5A7F200AE051D /* Debug */,
				9F1519481AC5A7F200AE051D /* Release */,
			);
			defaultConfigurationIsVisible = 0;
			defaultConfigurationName = Release;
		};
		9F1519491AC5A7F200AE051D /* Build configuration list for PBXNativeTarget "SRGIntegrationLayerDataProvider" */ = {
			isa = XCConfigurationList;
			buildConfigurations = (
				9F15194A1AC5A7F200AE051D /* Debug */,
				9F15194B1AC5A7F200AE051D /* Release */,
			);
			defaultConfigurationIsVisible = 0;
			defaultConfigurationName = Release;
		};
		9F15194C1AC5A7F200AE051D /* Build configuration list for PBXNativeTarget "SRGIntegrationLayerDataProviderTests" */ = {
			isa = XCConfigurationList;
			buildConfigurations = (
				9F15194D1AC5A7F200AE051D /* Debug */,
				9F15194E1AC5A7F200AE051D /* Release */,
			);
			defaultConfigurationIsVisible = 0;
			defaultConfigurationName = Release;
		};
		9FDA13CD1BD519920073722D /* Build configuration list for PBXNativeTarget "SRGILDataProvider Resources" */ = {
			isa = XCConfigurationList;
			buildConfigurations = (
				9FDA13CE1BD519920073722D /* Debug */,
				9FDA13CF1BD519920073722D /* Release */,
			);
			defaultConfigurationIsVisible = 0;
			defaultConfigurationName = Release;
		};
/* End XCConfigurationList section */
	};
	rootObject = 9F15192D1AC5A7F200AE051D /* Project object */;
}
