// !$*UTF8*$!
{
	archiveVersion = 1;
	classes = {
	};
	objectVersion = 46;
	objects = {

/* Begin PBXBuildFile section */
		9F13D5391AE9270700E4D897 /* SRGILComScoreAnalyticsInfos.m in Sources */ = {isa = PBXBuildFile; fileRef = 9F13D5001AE9270600E4D897 /* SRGILComScoreAnalyticsInfos.m */; };
		9F13D53A1AE9270700E4D897 /* SRGILStreamSenseAnalyticsInfos.m in Sources */ = {isa = PBXBuildFile; fileRef = 9F13D5021AE9270600E4D897 /* SRGILStreamSenseAnalyticsInfos.m */; };
		9F13D53B1AE9270700E4D897 /* SRGILDataProvider.m in Sources */ = {isa = PBXBuildFile; fileRef = 9F13D5051AE9270600E4D897 /* SRGILDataProvider.m */; };
		9F13D53C1AE9270700E4D897 /* SRGILAnalyticsExtendedData.m in Sources */ = {isa = PBXBuildFile; fileRef = 9F13D5081AE9270600E4D897 /* SRGILAnalyticsExtendedData.m */; };
		9F13D53D1AE9270700E4D897 /* SRGILAsset.m in Sources */ = {isa = PBXBuildFile; fileRef = 9F13D50B1AE9270600E4D897 /* SRGILAsset.m */; };
		9F13D53E1AE9270700E4D897 /* SRGILAssetMetadata.m in Sources */ = {isa = PBXBuildFile; fileRef = 9F13D50D1AE9270600E4D897 /* SRGILAssetMetadata.m */; };
		9F13D53F1AE9270700E4D897 /* SRGILAssetSet.m in Sources */ = {isa = PBXBuildFile; fileRef = 9F13D50F1AE9270600E4D897 /* SRGILAssetSet.m */; };
		9F13D5401AE9270700E4D897 /* SRGILAudio.m in Sources */ = {isa = PBXBuildFile; fileRef = 9F13D5111AE9270700E4D897 /* SRGILAudio.m */; };
		9F13D5411AE9270700E4D897 /* SRGILImage.m in Sources */ = {isa = PBXBuildFile; fileRef = 9F13D5131AE9270700E4D897 /* SRGILImage.m */; };
		9F13D5421AE9270700E4D897 /* SRGILImageRepresentation.m in Sources */ = {isa = PBXBuildFile; fileRef = 9F13D5151AE9270700E4D897 /* SRGILImageRepresentation.m */; };
		9F13D5431AE9270700E4D897 /* SRGILList.m in Sources */ = {isa = PBXBuildFile; fileRef = 9F13D5171AE9270700E4D897 /* SRGILList.m */; };
		9F13D5441AE9270700E4D897 /* SRGILLiveHeaderChannel.m in Sources */ = {isa = PBXBuildFile; fileRef = 9F13D5191AE9270700E4D897 /* SRGILLiveHeaderChannel.m */; };
		9F13D5451AE9270700E4D897 /* SRGILLiveHeaderData.m in Sources */ = {isa = PBXBuildFile; fileRef = 9F13D51B1AE9270700E4D897 /* SRGILLiveHeaderData.m */; };
		9F13D5461AE9270700E4D897 /* SRGILMedia.m in Sources */ = {isa = PBXBuildFile; fileRef = 9F13D51E1AE9270700E4D897 /* SRGILMedia.m */; };
		9F13D5471AE9270700E4D897 /* SRGILModelConstants.m in Sources */ = {isa = PBXBuildFile; fileRef = 9F13D5211AE9270700E4D897 /* SRGILModelConstants.m */; };
		9F13D5481AE9270700E4D897 /* SRGILModelObject.m in Sources */ = {isa = PBXBuildFile; fileRef = 9F13D5231AE9270700E4D897 /* SRGILModelObject.m */; };
		9F13D5491AE9270700E4D897 /* SRGILPlaylist.m in Sources */ = {isa = PBXBuildFile; fileRef = 9F13D5251AE9270700E4D897 /* SRGILPlaylist.m */; };
		9F13D54A1AE9270700E4D897 /* SRGILPrimaryChannel.m in Sources */ = {isa = PBXBuildFile; fileRef = 9F13D5271AE9270700E4D897 /* SRGILPrimaryChannel.m */; };
		9F13D54B1AE9270700E4D897 /* SRGILRubric.m in Sources */ = {isa = PBXBuildFile; fileRef = 9F13D5291AE9270700E4D897 /* SRGILRubric.m */; };
		9F13D54C1AE9270700E4D897 /* SRGILShow.m in Sources */ = {isa = PBXBuildFile; fileRef = 9F13D52B1AE9270700E4D897 /* SRGILShow.m */; };
		9F13D54D1AE9270700E4D897 /* SRGILSocialCounts.m in Sources */ = {isa = PBXBuildFile; fileRef = 9F13D52D1AE9270700E4D897 /* SRGILSocialCounts.m */; };
		9F13D54E1AE9270700E4D897 /* SRGILVideo.m in Sources */ = {isa = PBXBuildFile; fileRef = 9F13D52F1AE9270700E4D897 /* SRGILVideo.m */; };
		9F13D54F1AE9270700E4D897 /* SRGILErrors.m in Sources */ = {isa = PBXBuildFile; fileRef = 9F13D5321AE9270700E4D897 /* SRGILErrors.m */; };
		9F13D5501AE9270700E4D897 /* SRGILOrganisedModelDataItem.m in Sources */ = {isa = PBXBuildFile; fileRef = 9F13D5341AE9270700E4D897 /* SRGILOrganisedModelDataItem.m */; };
		9F13D5511AE9270700E4D897 /* SRGILRequestsManager.m in Sources */ = {isa = PBXBuildFile; fileRef = 9F13D5361AE9270700E4D897 /* SRGILRequestsManager.m */; };
		9F13D5521AE9270700E4D897 /* SRGILTokenHandler.m in Sources */ = {isa = PBXBuildFile; fileRef = 9F13D5381AE9270700E4D897 /* SRGILTokenHandler.m */; };
		9F13D5641AE92C4900E4D897 /* SRGILDataProvider+OfflineStorage.m in Sources */ = {isa = PBXBuildFile; fileRef = 9F13D5601AE92C4900E4D897 /* SRGILDataProvider+OfflineStorage.m */; };
		9F13D5651AE92C4900E4D897 /* SRGILMediaMetadata.m in Sources */ = {isa = PBXBuildFile; fileRef = 9F13D5621AE92C4900E4D897 /* SRGILMediaMetadata.m */; };
		9F1A5B2A1ACD690C00C0E528 /* SRGILAudioTest.m in Sources */ = {isa = PBXBuildFile; fileRef = 9F1A5B171ACD68E700C0E528 /* SRGILAudioTest.m */; };
		9F1A5B2B1ACD690C00C0E528 /* SRGLiveStreamVideoTest.m in Sources */ = {isa = PBXBuildFile; fileRef = 9F1A5B181ACD68E700C0E528 /* SRGLiveStreamVideoTest.m */; };
		9F1A5B2C1ACD690C00C0E528 /* SRGILMediaTest.m in Sources */ = {isa = PBXBuildFile; fileRef = 9F1A5B191ACD68E700C0E528 /* SRGILMediaTest.m */; };
		9F1A5B2D1ACD690C00C0E528 /* SRGModelObjectTest.m in Sources */ = {isa = PBXBuildFile; fileRef = 9F1A5B1A1ACD68E700C0E528 /* SRGModelObjectTest.m */; };
		9F1A5B2F1ACD690C00C0E528 /* SRGRequestModelTest.m in Sources */ = {isa = PBXBuildFile; fileRef = 9F1A5B1C1ACD68E700C0E528 /* SRGRequestModelTest.m */; };
		9F1A5B301ACD690C00C0E528 /* SRGTokenHandlerStubsTest.m in Sources */ = {isa = PBXBuildFile; fileRef = 9F1A5B1D1ACD68E700C0E528 /* SRGTokenHandlerStubsTest.m */; };
		9F1A5B311ACD690C00C0E528 /* SRGILVideoTest.m in Sources */ = {isa = PBXBuildFile; fileRef = 9F1A5B1E1ACD68E700C0E528 /* SRGILVideoTest.m */; };
		9F1A5B321ACD690C00C0E528 /* XCTestCase+JSON.m in Sources */ = {isa = PBXBuildFile; fileRef = 9F1A5B201ACD68E700C0E528 /* XCTestCase+JSON.m */; };
		9F1A5B331ACD691700C0E528 /* assetmetadata_01.json in Resources */ = {isa = PBXBuildFile; fileRef = 9F1A5B041ACD68E700C0E528 /* assetmetadata_01.json */; };
		9F1A5B341ACD691700C0E528 /* assetset_01.json in Resources */ = {isa = PBXBuildFile; fileRef = 9F1A5B051ACD68E700C0E528 /* assetset_01.json */; };
		9F1A5B351ACD691700C0E528 /* image_01.json in Resources */ = {isa = PBXBuildFile; fileRef = 9F1A5B061ACD68E700C0E528 /* image_01.json */; };
		9F1A5B361ACD691700C0E528 /* imagerepresentation_01.json in Resources */ = {isa = PBXBuildFile; fileRef = 9F1A5B071ACD68E700C0E528 /* imagerepresentation_01.json */; };
		9F1A5B371ACD691700C0E528 /* last_videos_01.json in Resources */ = {isa = PBXBuildFile; fileRef = 9F1A5B081ACD68E700C0E528 /* last_videos_01.json */; };
		9F1A5B381ACD691700C0E528 /* LiveStreams_RTS.json in Resources */ = {isa = PBXBuildFile; fileRef = 9F1A5B091ACD68E700C0E528 /* LiveStreams_RTS.json */; };
		9F1A5B391ACD691700C0E528 /* LiveStreams_RTS_ordered.json in Resources */ = {isa = PBXBuildFile; fileRef = 9F1A5B0A1ACD68E700C0E528 /* LiveStreams_RTS_ordered.json */; };
		9F1A5B3A1ACD691700C0E528 /* LiveStreams_RTS_reversed.json in Resources */ = {isa = PBXBuildFile; fileRef = 9F1A5B0B1ACD68E700C0E528 /* LiveStreams_RTS_reversed.json */; };
		9F1A5B3B1ACD691700C0E528 /* livevideo01.json in Resources */ = {isa = PBXBuildFile; fileRef = 9F1A5B0C1ACD68E700C0E528 /* livevideo01.json */; };
		9F1A5B3C1ACD691700C0E528 /* most_viewed_videos_01.json in Resources */ = {isa = PBXBuildFile; fileRef = 9F1A5B0D1ACD68E700C0E528 /* most_viewed_videos_01.json */; };
		9F1A5B3D1ACD691700C0E528 /* resources_test_18022014.json in Resources */ = {isa = PBXBuildFile; fileRef = 9F1A5B0E1ACD68E700C0E528 /* resources_test_18022014.json */; };
		9F1A5B3E1ACD691700C0E528 /* rubric_01.json in Resources */ = {isa = PBXBuildFile; fileRef = 9F1A5B0F1ACD68E700C0E528 /* rubric_01.json */; };
		9F1A5B3F1ACD691700C0E528 /* sample_video_fragment_01.json in Resources */ = {isa = PBXBuildFile; fileRef = 9F1A5B101ACD68E700C0E528 /* sample_video_fragment_01.json */; };
		9F1A5B401ACD691700C0E528 /* show_01.json in Resources */ = {isa = PBXBuildFile; fileRef = 9F1A5B111ACD68E700C0E528 /* show_01.json */; };
		9F1A5B411ACD691700C0E528 /* video_01.json in Resources */ = {isa = PBXBuildFile; fileRef = 9F1A5B121ACD68E700C0E528 /* video_01.json */; };
		9F1A5B421ACD691700C0E528 /* video_02.json in Resources */ = {isa = PBXBuildFile; fileRef = 9F1A5B131ACD68E700C0E528 /* video_02.json */; };
		9F1A5B431ACD691700C0E528 /* video_03.json in Resources */ = {isa = PBXBuildFile; fileRef = 9F1A5B141ACD68E700C0E528 /* video_03.json */; };
		9F1A5B441ACD691700C0E528 /* video_04.json in Resources */ = {isa = PBXBuildFile; fileRef = 9F1A5B151ACD68E700C0E528 /* video_04.json */; };
		9F1A5B451ACD691700C0E528 /* videoaggregation_01.json in Resources */ = {isa = PBXBuildFile; fileRef = 9F1A5B161ACD68E700C0E528 /* videoaggregation_01.json */; };
		9F3C1CC01ADC0B02007C54AD /* SystemConfiguration.framework in Frameworks */ = {isa = PBXBuildFile; fileRef = 9F3C1CBF1ADC0B02007C54AD /* SystemConfiguration.framework */; };
		9F3C1CC21ADC0B26007C54AD /* MobileCoreServices.framework in Frameworks */ = {isa = PBXBuildFile; fileRef = 9F3C1CC11ADC0B26007C54AD /* MobileCoreServices.framework */; };
		9F3C1CC31ADC0B4A007C54AD /* SystemConfiguration.framework in Frameworks */ = {isa = PBXBuildFile; fileRef = 9F3C1CBF1ADC0B02007C54AD /* SystemConfiguration.framework */; };
		9F3C1CC41ADC0B50007C54AD /* MobileCoreServices.framework in Frameworks */ = {isa = PBXBuildFile; fileRef = 9F3C1CC11ADC0B26007C54AD /* MobileCoreServices.framework */; };
		9F4421001B0A109C00AD0613 /* SRGILDataProvider+MediaPlayer.m in Sources */ = {isa = PBXBuildFile; fileRef = 9F4420FF1B0A109C00AD0613 /* SRGILDataProvider+MediaPlayer.m */; };
		9F83AB161B29C0C800D7D8BE /* SRGILDataProviderTest.m in Sources */ = {isa = PBXBuildFile; fileRef = 9F83AB151B29C0C800D7D8BE /* SRGILDataProviderTest.m */; };
		9F83AB191B29C9F400D7D8BE /* SRGILDataProviderConstants.m in Sources */ = {isa = PBXBuildFile; fileRef = 9F83AB181B29C9F400D7D8BE /* SRGILDataProviderConstants.m */; };
		9F8B389D1B2ECE7E00F67FA5 /* SRGILDataProviderMediaPlayerTest.m in Sources */ = {isa = PBXBuildFile; fileRef = 9F8B389C1B2ECE7E00F67FA5 /* SRGILDataProviderMediaPlayerTest.m */; };
		AC01AA295800C7CDE4E23876 /* libPods.a in Frameworks */ = {isa = PBXBuildFile; fileRef = 79F6EBD656367387D07A08A6 /* libPods.a */; };
		C2E8B26471460B332CD298C5 /* libPods-SRGIntegrationLayerDataProviderTests.a in Frameworks */ = {isa = PBXBuildFile; fileRef = A075BD33C45843A59785A80D /* libPods-SRGIntegrationLayerDataProviderTests.a */; };
		E604EAFC1B174254004A627D /* SRGILOngoingRequest+Private.m in Sources */ = {isa = PBXBuildFile; fileRef = E604EAFB1B174254004A627D /* SRGILOngoingRequest+Private.m */; };
		E68E95E31B15A21E00EBEA81 /* SRGILMedia+MediaPlayer.m in Sources */ = {isa = PBXBuildFile; fileRef = E68E95E21B15A21E00EBEA81 /* SRGILMedia+MediaPlayer.m */; };
		F5500DD8538AE86CB5E47111 /* libPods-SRGIntegrationLayerDataProvider.a in Frameworks */ = {isa = PBXBuildFile; fileRef = F5D020938ACBE926372DE924 /* libPods-SRGIntegrationLayerDataProvider.a */; };
/* End PBXBuildFile section */

/* Begin PBXCopyFilesBuildPhase section */
		9F1519331AC5A7F200AE051D /* CopyFiles */ = {
			isa = PBXCopyFilesBuildPhase;
			buildActionMask = 2147483647;
			dstPath = "include/$(PRODUCT_NAME)";
			dstSubfolderSpec = 16;
			files = (
			);
			runOnlyForDeploymentPostprocessing = 0;
		};
/* End PBXCopyFilesBuildPhase section */

/* Begin PBXFileReference section */
		3E4297E73178B4FB64D4063C /* Pods-SRGIntegrationLayerDataProviderTests.debug.xcconfig */ = {isa = PBXFileReference; includeInIndex = 1; lastKnownFileType = text.xcconfig; name = "Pods-SRGIntegrationLayerDataProviderTests.debug.xcconfig"; path = "Pods/Target Support Files/Pods-SRGIntegrationLayerDataProviderTests/Pods-SRGIntegrationLayerDataProviderTests.debug.xcconfig"; sourceTree = "<group>"; };
		79F6EBD656367387D07A08A6 /* libPods.a */ = {isa = PBXFileReference; explicitFileType = archive.ar; includeInIndex = 0; path = libPods.a; sourceTree = BUILT_PRODUCTS_DIR; };
		8DDF1886B2EADD80301F4912 /* Pods-SRGIntegrationLayerDataProviderTests.release.xcconfig */ = {isa = PBXFileReference; includeInIndex = 1; lastKnownFileType = text.xcconfig; name = "Pods-SRGIntegrationLayerDataProviderTests.release.xcconfig"; path = "Pods/Target Support Files/Pods-SRGIntegrationLayerDataProviderTests/Pods-SRGIntegrationLayerDataProviderTests.release.xcconfig"; sourceTree = "<group>"; };
		9F13D4FC1AE9238100E4D897 /* SRGIntegrationLayerDataProvider.podspec */ = {isa = PBXFileReference; fileEncoding = 4; lastKnownFileType = text; path = SRGIntegrationLayerDataProvider.podspec; sourceTree = "<group>"; };
		9F13D4FF1AE9270600E4D897 /* SRGILComScoreAnalyticsInfos.h */ = {isa = PBXFileReference; fileEncoding = 4; lastKnownFileType = sourcecode.c.h; name = SRGILComScoreAnalyticsInfos.h; path = ../Analytics/SRGILComScoreAnalyticsInfos.h; sourceTree = "<group>"; };
		9F13D5001AE9270600E4D897 /* SRGILComScoreAnalyticsInfos.m */ = {isa = PBXFileReference; fileEncoding = 4; lastKnownFileType = sourcecode.c.objc; name = SRGILComScoreAnalyticsInfos.m; path = ../Analytics/SRGILComScoreAnalyticsInfos.m; sourceTree = "<group>"; };
		9F13D5011AE9270600E4D897 /* SRGILStreamSenseAnalyticsInfos.h */ = {isa = PBXFileReference; fileEncoding = 4; lastKnownFileType = sourcecode.c.h; name = SRGILStreamSenseAnalyticsInfos.h; path = ../Analytics/SRGILStreamSenseAnalyticsInfos.h; sourceTree = "<group>"; };
		9F13D5021AE9270600E4D897 /* SRGILStreamSenseAnalyticsInfos.m */ = {isa = PBXFileReference; fileEncoding = 4; lastKnownFileType = sourcecode.c.objc; name = SRGILStreamSenseAnalyticsInfos.m; path = ../Analytics/SRGILStreamSenseAnalyticsInfos.m; sourceTree = "<group>"; };
		9F13D5041AE9270600E4D897 /* SRGILDataProvider.h */ = {isa = PBXFileReference; fileEncoding = 4; lastKnownFileType = sourcecode.c.h; path = SRGILDataProvider.h; sourceTree = "<group>"; };
		9F13D5051AE9270600E4D897 /* SRGILDataProvider.m */ = {isa = PBXFileReference; fileEncoding = 4; lastKnownFileType = sourcecode.c.objc; path = SRGILDataProvider.m; sourceTree = "<group>"; };
		9F13D5071AE9270600E4D897 /* SRGILAnalyticsExtendedData.h */ = {isa = PBXFileReference; fileEncoding = 4; lastKnownFileType = sourcecode.c.h; path = SRGILAnalyticsExtendedData.h; sourceTree = "<group>"; };
		9F13D5081AE9270600E4D897 /* SRGILAnalyticsExtendedData.m */ = {isa = PBXFileReference; fileEncoding = 4; lastKnownFileType = sourcecode.c.objc; path = SRGILAnalyticsExtendedData.m; sourceTree = "<group>"; };
		9F13D5091AE9270600E4D897 /* SRGILAnalyticsInfosProtocol.h */ = {isa = PBXFileReference; fileEncoding = 4; lastKnownFileType = sourcecode.c.h; path = SRGILAnalyticsInfosProtocol.h; sourceTree = "<group>"; };
		9F13D50A1AE9270600E4D897 /* SRGILAsset.h */ = {isa = PBXFileReference; fileEncoding = 4; lastKnownFileType = sourcecode.c.h; path = SRGILAsset.h; sourceTree = "<group>"; };
		9F13D50B1AE9270600E4D897 /* SRGILAsset.m */ = {isa = PBXFileReference; fileEncoding = 4; lastKnownFileType = sourcecode.c.objc; path = SRGILAsset.m; sourceTree = "<group>"; };
		9F13D50C1AE9270600E4D897 /* SRGILAssetMetadata.h */ = {isa = PBXFileReference; fileEncoding = 4; lastKnownFileType = sourcecode.c.h; path = SRGILAssetMetadata.h; sourceTree = "<group>"; };
		9F13D50D1AE9270600E4D897 /* SRGILAssetMetadata.m */ = {isa = PBXFileReference; fileEncoding = 4; lastKnownFileType = sourcecode.c.objc; path = SRGILAssetMetadata.m; sourceTree = "<group>"; };
		9F13D50E1AE9270600E4D897 /* SRGILAssetSet.h */ = {isa = PBXFileReference; fileEncoding = 4; lastKnownFileType = sourcecode.c.h; path = SRGILAssetSet.h; sourceTree = "<group>"; };
		9F13D50F1AE9270600E4D897 /* SRGILAssetSet.m */ = {isa = PBXFileReference; fileEncoding = 4; lastKnownFileType = sourcecode.c.objc; path = SRGILAssetSet.m; sourceTree = "<group>"; };
		9F13D5101AE9270600E4D897 /* SRGILAudio.h */ = {isa = PBXFileReference; fileEncoding = 4; lastKnownFileType = sourcecode.c.h; path = SRGILAudio.h; sourceTree = "<group>"; };
		9F13D5111AE9270700E4D897 /* SRGILAudio.m */ = {isa = PBXFileReference; fileEncoding = 4; lastKnownFileType = sourcecode.c.objc; path = SRGILAudio.m; sourceTree = "<group>"; };
		9F13D5121AE9270700E4D897 /* SRGILImage.h */ = {isa = PBXFileReference; fileEncoding = 4; lastKnownFileType = sourcecode.c.h; path = SRGILImage.h; sourceTree = "<group>"; };
		9F13D5131AE9270700E4D897 /* SRGILImage.m */ = {isa = PBXFileReference; fileEncoding = 4; lastKnownFileType = sourcecode.c.objc; path = SRGILImage.m; sourceTree = "<group>"; };
		9F13D5141AE9270700E4D897 /* SRGILImageRepresentation.h */ = {isa = PBXFileReference; fileEncoding = 4; lastKnownFileType = sourcecode.c.h; path = SRGILImageRepresentation.h; sourceTree = "<group>"; };
		9F13D5151AE9270700E4D897 /* SRGILImageRepresentation.m */ = {isa = PBXFileReference; fileEncoding = 4; lastKnownFileType = sourcecode.c.objc; path = SRGILImageRepresentation.m; sourceTree = "<group>"; };
		9F13D5161AE9270700E4D897 /* SRGILList.h */ = {isa = PBXFileReference; fileEncoding = 4; lastKnownFileType = sourcecode.c.h; name = SRGILList.h; path = ../Model/SRGILList.h; sourceTree = "<group>"; };
		9F13D5171AE9270700E4D897 /* SRGILList.m */ = {isa = PBXFileReference; fileEncoding = 4; lastKnownFileType = sourcecode.c.objc; name = SRGILList.m; path = ../Model/SRGILList.m; sourceTree = "<group>"; };
		9F13D5181AE9270700E4D897 /* SRGILLiveHeaderChannel.h */ = {isa = PBXFileReference; fileEncoding = 4; lastKnownFileType = sourcecode.c.h; path = SRGILLiveHeaderChannel.h; sourceTree = "<group>"; };
		9F13D5191AE9270700E4D897 /* SRGILLiveHeaderChannel.m */ = {isa = PBXFileReference; fileEncoding = 4; lastKnownFileType = sourcecode.c.objc; path = SRGILLiveHeaderChannel.m; sourceTree = "<group>"; };
		9F13D51A1AE9270700E4D897 /* SRGILLiveHeaderData.h */ = {isa = PBXFileReference; fileEncoding = 4; lastKnownFileType = sourcecode.c.h; path = SRGILLiveHeaderData.h; sourceTree = "<group>"; };
		9F13D51B1AE9270700E4D897 /* SRGILLiveHeaderData.m */ = {isa = PBXFileReference; fileEncoding = 4; lastKnownFileType = sourcecode.c.objc; path = SRGILLiveHeaderData.m; sourceTree = "<group>"; };
		9F13D51C1AE9270700E4D897 /* SRGILMedia+Private.h */ = {isa = PBXFileReference; fileEncoding = 4; lastKnownFileType = sourcecode.c.h; path = "SRGILMedia+Private.h"; sourceTree = "<group>"; };
		9F13D51D1AE9270700E4D897 /* SRGILMedia.h */ = {isa = PBXFileReference; fileEncoding = 4; lastKnownFileType = sourcecode.c.h; path = SRGILMedia.h; sourceTree = "<group>"; };
		9F13D51E1AE9270700E4D897 /* SRGILMedia.m */ = {isa = PBXFileReference; fileEncoding = 4; lastKnownFileType = sourcecode.c.objc; path = SRGILMedia.m; sourceTree = "<group>"; };
		9F13D51F1AE9270700E4D897 /* SRGILModel.h */ = {isa = PBXFileReference; fileEncoding = 4; lastKnownFileType = sourcecode.c.h; path = SRGILModel.h; sourceTree = "<group>"; };
		9F13D5201AE9270700E4D897 /* SRGILModelConstants.h */ = {isa = PBXFileReference; fileEncoding = 4; lastKnownFileType = sourcecode.c.h; path = SRGILModelConstants.h; sourceTree = "<group>"; };
		9F13D5211AE9270700E4D897 /* SRGILModelConstants.m */ = {isa = PBXFileReference; fileEncoding = 4; lastKnownFileType = sourcecode.c.objc; path = SRGILModelConstants.m; sourceTree = "<group>"; };
		9F13D5221AE9270700E4D897 /* SRGILModelObject.h */ = {isa = PBXFileReference; fileEncoding = 4; lastKnownFileType = sourcecode.c.h; path = SRGILModelObject.h; sourceTree = "<group>"; };
		9F13D5231AE9270700E4D897 /* SRGILModelObject.m */ = {isa = PBXFileReference; fileEncoding = 4; lastKnownFileType = sourcecode.c.objc; path = SRGILModelObject.m; sourceTree = "<group>"; };
		9F13D5241AE9270700E4D897 /* SRGILPlaylist.h */ = {isa = PBXFileReference; fileEncoding = 4; lastKnownFileType = sourcecode.c.h; path = SRGILPlaylist.h; sourceTree = "<group>"; };
		9F13D5251AE9270700E4D897 /* SRGILPlaylist.m */ = {isa = PBXFileReference; fileEncoding = 4; lastKnownFileType = sourcecode.c.objc; path = SRGILPlaylist.m; sourceTree = "<group>"; };
		9F13D5261AE9270700E4D897 /* SRGILPrimaryChannel.h */ = {isa = PBXFileReference; fileEncoding = 4; lastKnownFileType = sourcecode.c.h; path = SRGILPrimaryChannel.h; sourceTree = "<group>"; };
		9F13D5271AE9270700E4D897 /* SRGILPrimaryChannel.m */ = {isa = PBXFileReference; fileEncoding = 4; lastKnownFileType = sourcecode.c.objc; path = SRGILPrimaryChannel.m; sourceTree = "<group>"; };
		9F13D5281AE9270700E4D897 /* SRGILRubric.h */ = {isa = PBXFileReference; fileEncoding = 4; lastKnownFileType = sourcecode.c.h; path = SRGILRubric.h; sourceTree = "<group>"; };
		9F13D5291AE9270700E4D897 /* SRGILRubric.m */ = {isa = PBXFileReference; fileEncoding = 4; lastKnownFileType = sourcecode.c.objc; path = SRGILRubric.m; sourceTree = "<group>"; };
		9F13D52A1AE9270700E4D897 /* SRGILShow.h */ = {isa = PBXFileReference; fileEncoding = 4; lastKnownFileType = sourcecode.c.h; path = SRGILShow.h; sourceTree = "<group>"; };
		9F13D52B1AE9270700E4D897 /* SRGILShow.m */ = {isa = PBXFileReference; fileEncoding = 4; lastKnownFileType = sourcecode.c.objc; path = SRGILShow.m; sourceTree = "<group>"; };
		9F13D52C1AE9270700E4D897 /* SRGILSocialCounts.h */ = {isa = PBXFileReference; fileEncoding = 4; lastKnownFileType = sourcecode.c.h; path = SRGILSocialCounts.h; sourceTree = "<group>"; };
		9F13D52D1AE9270700E4D897 /* SRGILSocialCounts.m */ = {isa = PBXFileReference; fileEncoding = 4; lastKnownFileType = sourcecode.c.objc; path = SRGILSocialCounts.m; sourceTree = "<group>"; };
		9F13D52E1AE9270700E4D897 /* SRGILVideo.h */ = {isa = PBXFileReference; fileEncoding = 4; lastKnownFileType = sourcecode.c.h; path = SRGILVideo.h; sourceTree = "<group>"; };
		9F13D52F1AE9270700E4D897 /* SRGILVideo.m */ = {isa = PBXFileReference; fileEncoding = 4; lastKnownFileType = sourcecode.c.objc; path = SRGILVideo.m; sourceTree = "<group>"; };
		9F13D5311AE9270700E4D897 /* SRGILErrors.h */ = {isa = PBXFileReference; fileEncoding = 4; lastKnownFileType = sourcecode.c.h; path = SRGILErrors.h; sourceTree = "<group>"; };
		9F13D5321AE9270700E4D897 /* SRGILErrors.m */ = {isa = PBXFileReference; fileEncoding = 4; lastKnownFileType = sourcecode.c.objc; path = SRGILErrors.m; sourceTree = "<group>"; };
		9F13D5331AE9270700E4D897 /* SRGILOrganisedModelDataItem.h */ = {isa = PBXFileReference; fileEncoding = 4; lastKnownFileType = sourcecode.c.h; path = SRGILOrganisedModelDataItem.h; sourceTree = "<group>"; };
		9F13D5341AE9270700E4D897 /* SRGILOrganisedModelDataItem.m */ = {isa = PBXFileReference; fileEncoding = 4; lastKnownFileType = sourcecode.c.objc; path = SRGILOrganisedModelDataItem.m; sourceTree = "<group>"; };
		9F13D5351AE9270700E4D897 /* SRGILRequestsManager.h */ = {isa = PBXFileReference; fileEncoding = 4; lastKnownFileType = sourcecode.c.h; path = SRGILRequestsManager.h; sourceTree = "<group>"; };
		9F13D5361AE9270700E4D897 /* SRGILRequestsManager.m */ = {isa = PBXFileReference; fileEncoding = 4; lastKnownFileType = sourcecode.c.objc; path = SRGILRequestsManager.m; sourceTree = "<group>"; };
		9F13D5371AE9270700E4D897 /* SRGILTokenHandler.h */ = {isa = PBXFileReference; fileEncoding = 4; lastKnownFileType = sourcecode.c.h; path = SRGILTokenHandler.h; sourceTree = "<group>"; };
		9F13D5381AE9270700E4D897 /* SRGILTokenHandler.m */ = {isa = PBXFileReference; fileEncoding = 4; lastKnownFileType = sourcecode.c.objc; path = SRGILTokenHandler.m; sourceTree = "<group>"; };
		9F13D5591AE92B1800E4D897 /* SRGILDataProvider+Private.h */ = {isa = PBXFileReference; lastKnownFileType = sourcecode.c.h; path = "SRGILDataProvider+Private.h"; sourceTree = "<group>"; };
		9F13D55F1AE92C4900E4D897 /* SRGILDataProvider+OfflineStorage.h */ = {isa = PBXFileReference; fileEncoding = 4; lastKnownFileType = sourcecode.c.h; path = "SRGILDataProvider+OfflineStorage.h"; sourceTree = "<group>"; };
		9F13D5601AE92C4900E4D897 /* SRGILDataProvider+OfflineStorage.m */ = {isa = PBXFileReference; fileEncoding = 4; lastKnownFileType = sourcecode.c.objc; path = "SRGILDataProvider+OfflineStorage.m"; sourceTree = "<group>"; };
		9F13D5611AE92C4900E4D897 /* SRGILMediaMetadata.h */ = {isa = PBXFileReference; fileEncoding = 4; lastKnownFileType = sourcecode.c.h; path = SRGILMediaMetadata.h; sourceTree = "<group>"; };
		9F13D5621AE92C4900E4D897 /* SRGILMediaMetadata.m */ = {isa = PBXFileReference; fileEncoding = 4; lastKnownFileType = sourcecode.c.objc; path = SRGILMediaMetadata.m; sourceTree = "<group>"; };
		9F13D5631AE92C4900E4D897 /* SRGILDataProviderOfflineStorage.h */ = {isa = PBXFileReference; fileEncoding = 4; lastKnownFileType = sourcecode.c.h; name = SRGILDataProviderOfflineStorage.h; path = SRGIntegrationLayerDataProvider/SRGILDataProviderOfflineStorage.h; sourceTree = SOURCE_ROOT; };
		9F1519351AC5A7F200AE051D /* libSRGIntegrationLayerDataProvider.a */ = {isa = PBXFileReference; explicitFileType = archive.ar; includeInIndex = 0; path = libSRGIntegrationLayerDataProvider.a; sourceTree = BUILT_PRODUCTS_DIR; };
		9F1519401AC5A7F200AE051D /* SRGIntegrationLayerDataProviderTests.xctest */ = {isa = PBXFileReference; explicitFileType = wrapper.cfbundle; includeInIndex = 0; path = SRGIntegrationLayerDataProviderTests.xctest; sourceTree = BUILT_PRODUCTS_DIR; };
		9F1519461AC5A7F200AE051D /* Info.plist */ = {isa = PBXFileReference; lastKnownFileType = text.plist.xml; path = Info.plist; sourceTree = "<group>"; };
		9F1519581ACAA85A00AE051D /* SRGIntegrationLayerDataProvider.h */ = {isa = PBXFileReference; lastKnownFileType = sourcecode.c.h; name = SRGIntegrationLayerDataProvider.h; path = SRGIntegrationLayerDataProvider/SRGIntegrationLayerDataProvider.h; sourceTree = "<group>"; };
		9F1A5B041ACD68E700C0E528 /* assetmetadata_01.json */ = {isa = PBXFileReference; fileEncoding = 4; lastKnownFileType = text.json; path = assetmetadata_01.json; sourceTree = "<group>"; };
		9F1A5B051ACD68E700C0E528 /* assetset_01.json */ = {isa = PBXFileReference; fileEncoding = 4; lastKnownFileType = text.json; path = assetset_01.json; sourceTree = "<group>"; };
		9F1A5B061ACD68E700C0E528 /* image_01.json */ = {isa = PBXFileReference; fileEncoding = 4; lastKnownFileType = text.json; path = image_01.json; sourceTree = "<group>"; };
		9F1A5B071ACD68E700C0E528 /* imagerepresentation_01.json */ = {isa = PBXFileReference; fileEncoding = 4; lastKnownFileType = text.json; path = imagerepresentation_01.json; sourceTree = "<group>"; };
		9F1A5B081ACD68E700C0E528 /* last_videos_01.json */ = {isa = PBXFileReference; fileEncoding = 4; lastKnownFileType = text.json; path = last_videos_01.json; sourceTree = "<group>"; };
		9F1A5B091ACD68E700C0E528 /* LiveStreams_RTS.json */ = {isa = PBXFileReference; fileEncoding = 4; lastKnownFileType = text.json; path = LiveStreams_RTS.json; sourceTree = "<group>"; };
		9F1A5B0A1ACD68E700C0E528 /* LiveStreams_RTS_ordered.json */ = {isa = PBXFileReference; fileEncoding = 4; lastKnownFileType = text.json; path = LiveStreams_RTS_ordered.json; sourceTree = "<group>"; };
		9F1A5B0B1ACD68E700C0E528 /* LiveStreams_RTS_reversed.json */ = {isa = PBXFileReference; fileEncoding = 4; lastKnownFileType = text.json; path = LiveStreams_RTS_reversed.json; sourceTree = "<group>"; };
		9F1A5B0C1ACD68E700C0E528 /* livevideo01.json */ = {isa = PBXFileReference; fileEncoding = 4; lastKnownFileType = text.json; path = livevideo01.json; sourceTree = "<group>"; };
		9F1A5B0D1ACD68E700C0E528 /* most_viewed_videos_01.json */ = {isa = PBXFileReference; fileEncoding = 4; lastKnownFileType = text.json; path = most_viewed_videos_01.json; sourceTree = "<group>"; };
		9F1A5B0E1ACD68E700C0E528 /* resources_test_18022014.json */ = {isa = PBXFileReference; fileEncoding = 4; lastKnownFileType = text.json; path = resources_test_18022014.json; sourceTree = "<group>"; };
		9F1A5B0F1ACD68E700C0E528 /* rubric_01.json */ = {isa = PBXFileReference; fileEncoding = 4; lastKnownFileType = text.json; path = rubric_01.json; sourceTree = "<group>"; };
		9F1A5B101ACD68E700C0E528 /* sample_video_fragment_01.json */ = {isa = PBXFileReference; fileEncoding = 4; lastKnownFileType = text.json; path = sample_video_fragment_01.json; sourceTree = "<group>"; };
		9F1A5B111ACD68E700C0E528 /* show_01.json */ = {isa = PBXFileReference; fileEncoding = 4; lastKnownFileType = text.json; path = show_01.json; sourceTree = "<group>"; };
		9F1A5B121ACD68E700C0E528 /* video_01.json */ = {isa = PBXFileReference; fileEncoding = 4; lastKnownFileType = text.json; path = video_01.json; sourceTree = "<group>"; };
		9F1A5B131ACD68E700C0E528 /* video_02.json */ = {isa = PBXFileReference; fileEncoding = 4; lastKnownFileType = text.json; path = video_02.json; sourceTree = "<group>"; };
		9F1A5B141ACD68E700C0E528 /* video_03.json */ = {isa = PBXFileReference; fileEncoding = 4; lastKnownFileType = text.json; path = video_03.json; sourceTree = "<group>"; };
		9F1A5B151ACD68E700C0E528 /* video_04.json */ = {isa = PBXFileReference; fileEncoding = 4; lastKnownFileType = text.json; path = video_04.json; sourceTree = "<group>"; };
		9F1A5B161ACD68E700C0E528 /* videoaggregation_01.json */ = {isa = PBXFileReference; fileEncoding = 4; lastKnownFileType = text.json; path = videoaggregation_01.json; sourceTree = "<group>"; };
		9F1A5B171ACD68E700C0E528 /* SRGILAudioTest.m */ = {isa = PBXFileReference; fileEncoding = 4; lastKnownFileType = sourcecode.c.objc; path = SRGILAudioTest.m; sourceTree = "<group>"; };
		9F1A5B181ACD68E700C0E528 /* SRGLiveStreamVideoTest.m */ = {isa = PBXFileReference; fileEncoding = 4; lastKnownFileType = sourcecode.c.objc; path = SRGLiveStreamVideoTest.m; sourceTree = "<group>"; };
		9F1A5B191ACD68E700C0E528 /* SRGILMediaTest.m */ = {isa = PBXFileReference; fileEncoding = 4; lastKnownFileType = sourcecode.c.objc; path = SRGILMediaTest.m; sourceTree = "<group>"; };
		9F1A5B1A1ACD68E700C0E528 /* SRGModelObjectTest.m */ = {isa = PBXFileReference; fileEncoding = 4; lastKnownFileType = sourcecode.c.objc; path = SRGModelObjectTest.m; sourceTree = "<group>"; };
		9F1A5B1C1ACD68E700C0E528 /* SRGRequestModelTest.m */ = {isa = PBXFileReference; fileEncoding = 4; lastKnownFileType = sourcecode.c.objc; path = SRGRequestModelTest.m; sourceTree = "<group>"; };
		9F1A5B1D1ACD68E700C0E528 /* SRGTokenHandlerStubsTest.m */ = {isa = PBXFileReference; fileEncoding = 4; lastKnownFileType = sourcecode.c.objc; path = SRGTokenHandlerStubsTest.m; sourceTree = "<group>"; };
		9F1A5B1E1ACD68E700C0E528 /* SRGILVideoTest.m */ = {isa = PBXFileReference; fileEncoding = 4; lastKnownFileType = sourcecode.c.objc; path = SRGILVideoTest.m; sourceTree = "<group>"; };
		9F1A5B1F1ACD68E700C0E528 /* XCTestCase+JSON.h */ = {isa = PBXFileReference; fileEncoding = 4; lastKnownFileType = sourcecode.c.h; path = "XCTestCase+JSON.h"; sourceTree = "<group>"; };
		9F1A5B201ACD68E700C0E528 /* XCTestCase+JSON.m */ = {isa = PBXFileReference; fileEncoding = 4; lastKnownFileType = sourcecode.c.objc; path = "XCTestCase+JSON.m"; sourceTree = "<group>"; };
		9F3C1CBF1ADC0B02007C54AD /* SystemConfiguration.framework */ = {isa = PBXFileReference; lastKnownFileType = wrapper.framework; name = SystemConfiguration.framework; path = System/Library/Frameworks/SystemConfiguration.framework; sourceTree = SDKROOT; };
		9F3C1CC11ADC0B26007C54AD /* MobileCoreServices.framework */ = {isa = PBXFileReference; lastKnownFileType = wrapper.framework; name = MobileCoreServices.framework; path = System/Library/Frameworks/MobileCoreServices.framework; sourceTree = SDKROOT; };
		9F4420FE1B0A109C00AD0613 /* SRGILDataProvider+MediaPlayer.h */ = {isa = PBXFileReference; fileEncoding = 4; lastKnownFileType = sourcecode.c.h; path = "SRGILDataProvider+MediaPlayer.h"; sourceTree = "<group>"; };
		9F4420FF1B0A109C00AD0613 /* SRGILDataProvider+MediaPlayer.m */ = {isa = PBXFileReference; fileEncoding = 4; lastKnownFileType = sourcecode.c.objc; path = "SRGILDataProvider+MediaPlayer.m"; sourceTree = "<group>"; };
		9F4421011B0A116D00AD0613 /* SRGILDataProviderMediaPlayerDataSource.h */ = {isa = PBXFileReference; lastKnownFileType = sourcecode.c.h; name = SRGILDataProviderMediaPlayerDataSource.h; path = SRGIntegrationLayerDataProvider/SRGILDataProviderMediaPlayerDataSource.h; sourceTree = SOURCE_ROOT; };
		9F83AB151B29C0C800D7D8BE /* SRGILDataProviderTest.m */ = {isa = PBXFileReference; fileEncoding = 4; lastKnownFileType = sourcecode.c.objc; path = SRGILDataProviderTest.m; sourceTree = "<group>"; };
		9F83AB171B29C9F400D7D8BE /* SRGILDataProviderConstants.h */ = {isa = PBXFileReference; fileEncoding = 4; lastKnownFileType = sourcecode.c.h; path = SRGILDataProviderConstants.h; sourceTree = "<group>"; };
		9F83AB181B29C9F400D7D8BE /* SRGILDataProviderConstants.m */ = {isa = PBXFileReference; fileEncoding = 4; lastKnownFileType = sourcecode.c.objc; path = SRGILDataProviderConstants.m; sourceTree = "<group>"; };
		9F8B389C1B2ECE7E00F67FA5 /* SRGILDataProviderMediaPlayerTest.m */ = {isa = PBXFileReference; fileEncoding = 4; lastKnownFileType = sourcecode.c.objc; path = SRGILDataProviderMediaPlayerTest.m; sourceTree = "<group>"; };
		A075BD33C45843A59785A80D /* libPods-SRGIntegrationLayerDataProviderTests.a */ = {isa = PBXFileReference; explicitFileType = archive.ar; includeInIndex = 0; path = "libPods-SRGIntegrationLayerDataProviderTests.a"; sourceTree = BUILT_PRODUCTS_DIR; };
		B78A0E1C877A3AAFA06CB8E2 /* Pods.debug.xcconfig */ = {isa = PBXFileReference; includeInIndex = 1; lastKnownFileType = text.xcconfig; name = Pods.debug.xcconfig; path = "Pods/Target Support Files/Pods/Pods.debug.xcconfig"; sourceTree = "<group>"; };
		CC7117E85185279031EDDD7C /* Pods.release.xcconfig */ = {isa = PBXFileReference; includeInIndex = 1; lastKnownFileType = text.xcconfig; name = Pods.release.xcconfig; path = "Pods/Target Support Files/Pods/Pods.release.xcconfig"; sourceTree = "<group>"; };
		E604EAFA1B174254004A627D /* SRGILOngoingRequest+Private.h */ = {isa = PBXFileReference; fileEncoding = 4; lastKnownFileType = sourcecode.c.h; path = "SRGILOngoingRequest+Private.h"; sourceTree = "<group>"; };
		E604EAFB1B174254004A627D /* SRGILOngoingRequest+Private.m */ = {isa = PBXFileReference; fileEncoding = 4; lastKnownFileType = sourcecode.c.objc; path = "SRGILOngoingRequest+Private.m"; sourceTree = "<group>"; };
		E68E95E11B15A21E00EBEA81 /* SRGILMedia+MediaPlayer.h */ = {isa = PBXFileReference; fileEncoding = 4; lastKnownFileType = sourcecode.c.h; path = "SRGILMedia+MediaPlayer.h"; sourceTree = "<group>"; };
		E68E95E21B15A21E00EBEA81 /* SRGILMedia+MediaPlayer.m */ = {isa = PBXFileReference; fileEncoding = 4; lastKnownFileType = sourcecode.c.objc; path = "SRGILMedia+MediaPlayer.m"; sourceTree = "<group>"; };
		F5D020938ACBE926372DE924 /* libPods-SRGIntegrationLayerDataProvider.a */ = {isa = PBXFileReference; explicitFileType = archive.ar; includeInIndex = 0; path = "libPods-SRGIntegrationLayerDataProvider.a"; sourceTree = BUILT_PRODUCTS_DIR; };
/* End PBXFileReference section */

/* Begin PBXFrameworksBuildPhase section */
		9F1519321AC5A7F200AE051D /* Frameworks */ = {
			isa = PBXFrameworksBuildPhase;
			buildActionMask = 2147483647;
			files = (
				9F3C1CC21ADC0B26007C54AD /* MobileCoreServices.framework in Frameworks */,
				9F3C1CC01ADC0B02007C54AD /* SystemConfiguration.framework in Frameworks */,
				F5500DD8538AE86CB5E47111 /* libPods-SRGIntegrationLayerDataProvider.a in Frameworks */,
				AC01AA295800C7CDE4E23876 /* libPods.a in Frameworks */,
			);
			runOnlyForDeploymentPostprocessing = 0;
		};
		9F15193D1AC5A7F200AE051D /* Frameworks */ = {
			isa = PBXFrameworksBuildPhase;
			buildActionMask = 2147483647;
			files = (
				9F3C1CC41ADC0B50007C54AD /* MobileCoreServices.framework in Frameworks */,
				9F3C1CC31ADC0B4A007C54AD /* SystemConfiguration.framework in Frameworks */,
				C2E8B26471460B332CD298C5 /* libPods-SRGIntegrationLayerDataProviderTests.a in Frameworks */,
			);
			runOnlyForDeploymentPostprocessing = 0;
		};
/* End PBXFrameworksBuildPhase section */

/* Begin PBXGroup section */
		77070573698EDF5E66AA0B19 /* Pods */ = {
			isa = PBXGroup;
			children = (
				B78A0E1C877A3AAFA06CB8E2 /* Pods.debug.xcconfig */,
				CC7117E85185279031EDDD7C /* Pods.release.xcconfig */,
				3E4297E73178B4FB64D4063C /* Pods-SRGIntegrationLayerDataProviderTests.debug.xcconfig */,
				8DDF1886B2EADD80301F4912 /* Pods-SRGIntegrationLayerDataProviderTests.release.xcconfig */,
			);
			name = Pods;
			sourceTree = "<group>";
		};
		9F13D5031AE9270600E4D897 /* SRGILProvider */ = {
			isa = PBXGroup;
			children = (
				9F13D5041AE9270600E4D897 /* SRGILDataProvider.h */,
				9F13D5591AE92B1800E4D897 /* SRGILDataProvider+Private.h */,
				9F13D5051AE9270600E4D897 /* SRGILDataProvider.m */,
				9F4421011B0A116D00AD0613 /* SRGILDataProviderMediaPlayerDataSource.h */,
				9F13D5631AE92C4900E4D897 /* SRGILDataProviderOfflineStorage.h */,
				9F83AB171B29C9F400D7D8BE /* SRGILDataProviderConstants.h */,
				9F83AB181B29C9F400D7D8BE /* SRGILDataProviderConstants.m */,
				9F4420FD1B0A107900AD0613 /* MediaPlayer & Analytics */,
				9F13D55E1AE92C4900E4D897 /* Offline */,
			);
			name = SRGILProvider;
			path = SRGIntegrationLayerDataProvider/Core;
			sourceTree = "<group>";
		};
		9F13D5061AE9270600E4D897 /* Model */ = {
			isa = PBXGroup;
			children = (
				9F13D5071AE9270600E4D897 /* SRGILAnalyticsExtendedData.h */,
				9F13D5081AE9270600E4D897 /* SRGILAnalyticsExtendedData.m */,
				9F13D5091AE9270600E4D897 /* SRGILAnalyticsInfosProtocol.h */,
				9F13D50A1AE9270600E4D897 /* SRGILAsset.h */,
				9F13D50B1AE9270600E4D897 /* SRGILAsset.m */,
				9F13D50C1AE9270600E4D897 /* SRGILAssetMetadata.h */,
				9F13D50D1AE9270600E4D897 /* SRGILAssetMetadata.m */,
				9F13D50E1AE9270600E4D897 /* SRGILAssetSet.h */,
				9F13D50F1AE9270600E4D897 /* SRGILAssetSet.m */,
				9F13D5101AE9270600E4D897 /* SRGILAudio.h */,
				9F13D5111AE9270700E4D897 /* SRGILAudio.m */,
				9F13D5121AE9270700E4D897 /* SRGILImage.h */,
				9F13D5131AE9270700E4D897 /* SRGILImage.m */,
				9F13D5141AE9270700E4D897 /* SRGILImageRepresentation.h */,
				9F13D5151AE9270700E4D897 /* SRGILImageRepresentation.m */,
				9F13D5181AE9270700E4D897 /* SRGILLiveHeaderChannel.h */,
				9F13D5191AE9270700E4D897 /* SRGILLiveHeaderChannel.m */,
				9F13D51A1AE9270700E4D897 /* SRGILLiveHeaderData.h */,
				9F13D51B1AE9270700E4D897 /* SRGILLiveHeaderData.m */,
				9F13D51C1AE9270700E4D897 /* SRGILMedia+Private.h */,
				9F13D51D1AE9270700E4D897 /* SRGILMedia.h */,
				9F13D51E1AE9270700E4D897 /* SRGILMedia.m */,
				9F13D51F1AE9270700E4D897 /* SRGILModel.h */,
				9F13D5201AE9270700E4D897 /* SRGILModelConstants.h */,
				9F13D5211AE9270700E4D897 /* SRGILModelConstants.m */,
				9F13D5221AE9270700E4D897 /* SRGILModelObject.h */,
				9F13D5231AE9270700E4D897 /* SRGILModelObject.m */,
				9F13D5241AE9270700E4D897 /* SRGILPlaylist.h */,
				9F13D5251AE9270700E4D897 /* SRGILPlaylist.m */,
				9F13D5261AE9270700E4D897 /* SRGILPrimaryChannel.h */,
				9F13D5271AE9270700E4D897 /* SRGILPrimaryChannel.m */,
				9F13D5281AE9270700E4D897 /* SRGILRubric.h */,
				9F13D5291AE9270700E4D897 /* SRGILRubric.m */,
				9F13D52A1AE9270700E4D897 /* SRGILShow.h */,
				9F13D52B1AE9270700E4D897 /* SRGILShow.m */,
				9F13D52C1AE9270700E4D897 /* SRGILSocialCounts.h */,
				9F13D52D1AE9270700E4D897 /* SRGILSocialCounts.m */,
				9F13D52E1AE9270700E4D897 /* SRGILVideo.h */,
				9F13D52F1AE9270700E4D897 /* SRGILVideo.m */,
			);
			name = Model;
			path = SRGIntegrationLayerDataProvider/Model;
			sourceTree = "<group>";
		};
		9F13D5301AE9270700E4D897 /* Network */ = {
			isa = PBXGroup;
			children = (
				9F13D5311AE9270700E4D897 /* SRGILErrors.h */,
				9F13D5321AE9270700E4D897 /* SRGILErrors.m */,
				9F13D5161AE9270700E4D897 /* SRGILList.h */,
				9F13D5171AE9270700E4D897 /* SRGILList.m */,
				E604EAFA1B174254004A627D /* SRGILOngoingRequest+Private.h */,
				E604EAFB1B174254004A627D /* SRGILOngoingRequest+Private.m */,
				9F13D5331AE9270700E4D897 /* SRGILOrganisedModelDataItem.h */,
				9F13D5341AE9270700E4D897 /* SRGILOrganisedModelDataItem.m */,
				9F13D5351AE9270700E4D897 /* SRGILRequestsManager.h */,
				9F13D5361AE9270700E4D897 /* SRGILRequestsManager.m */,
				9F13D5371AE9270700E4D897 /* SRGILTokenHandler.h */,
				9F13D5381AE9270700E4D897 /* SRGILTokenHandler.m */,
			);
			name = Network;
			path = SRGIntegrationLayerDataProvider/Network;
			sourceTree = "<group>";
		};
		9F13D55E1AE92C4900E4D897 /* Offline */ = {
			isa = PBXGroup;
			children = (
				9F13D55F1AE92C4900E4D897 /* SRGILDataProvider+OfflineStorage.h */,
				9F13D5601AE92C4900E4D897 /* SRGILDataProvider+OfflineStorage.m */,
				9F13D5611AE92C4900E4D897 /* SRGILMediaMetadata.h */,
				9F13D5621AE92C4900E4D897 /* SRGILMediaMetadata.m */,
			);
			name = Offline;
			path = SRGIntegrationLayerDataProvider/Offline;
			sourceTree = SOURCE_ROOT;
		};
		9F15192C1AC5A7F200AE051D = {
			isa = PBXGroup;
			children = (
				9F13D4FC1AE9238100E4D897 /* SRGIntegrationLayerDataProvider.podspec */,
				9F1519581ACAA85A00AE051D /* SRGIntegrationLayerDataProvider.h */,
				9F13D5031AE9270600E4D897 /* SRGILProvider */,
				9F13D5061AE9270600E4D897 /* Model */,
				9F13D5301AE9270700E4D897 /* Network */,
				9F1519441AC5A7F200AE051D /* Unit Tests */,
				9F1519361AC5A7F200AE051D /* Products */,
				77070573698EDF5E66AA0B19 /* Pods */,
				C234D6DD835E193A87DED721 /* Frameworks */,
			);
			sourceTree = "<group>";
		};
		9F1519361AC5A7F200AE051D /* Products */ = {
			isa = PBXGroup;
			children = (
				9F1519351AC5A7F200AE051D /* libSRGIntegrationLayerDataProvider.a */,
				9F1519401AC5A7F200AE051D /* SRGIntegrationLayerDataProviderTests.xctest */,
			);
			name = Products;
			sourceTree = "<group>";
		};
		9F1519441AC5A7F200AE051D /* Unit Tests */ = {
			isa = PBXGroup;
			children = (
				9F83AB151B29C0C800D7D8BE /* SRGILDataProviderTest.m */,
				9F8B389C1B2ECE7E00F67FA5 /* SRGILDataProviderMediaPlayerTest.m */,
				9F83AB131B29BFB500D7D8BE /* Model Tests */,
				9F83AB141B29C09900D7D8BE /* Network Tests */,
				9F1A5B031ACD68E700C0E528 /* Resources */,
				9F1519451AC5A7F200AE051D /* Supporting Files */,
			);
			name = "Unit Tests";
			path = SRGIntegrationLayerDataProviderTests;
			sourceTree = "<group>";
		};
		9F1519451AC5A7F200AE051D /* Supporting Files */ = {
			isa = PBXGroup;
			children = (
				9F1A5B1F1ACD68E700C0E528 /* XCTestCase+JSON.h */,
				9F1A5B201ACD68E700C0E528 /* XCTestCase+JSON.m */,
				9F1519461AC5A7F200AE051D /* Info.plist */,
			);
			name = "Supporting Files";
			sourceTree = "<group>";
		};
		9F1A5B031ACD68E700C0E528 /* Resources */ = {
			isa = PBXGroup;
			children = (
				9F1A5B041ACD68E700C0E528 /* assetmetadata_01.json */,
				9F1A5B051ACD68E700C0E528 /* assetset_01.json */,
				9F1A5B061ACD68E700C0E528 /* image_01.json */,
				9F1A5B071ACD68E700C0E528 /* imagerepresentation_01.json */,
				9F1A5B081ACD68E700C0E528 /* last_videos_01.json */,
				9F1A5B091ACD68E700C0E528 /* LiveStreams_RTS.json */,
				9F1A5B0A1ACD68E700C0E528 /* LiveStreams_RTS_ordered.json */,
				9F1A5B0B1ACD68E700C0E528 /* LiveStreams_RTS_reversed.json */,
				9F1A5B0C1ACD68E700C0E528 /* livevideo01.json */,
				9F1A5B0D1ACD68E700C0E528 /* most_viewed_videos_01.json */,
				9F1A5B0E1ACD68E700C0E528 /* resources_test_18022014.json */,
				9F1A5B0F1ACD68E700C0E528 /* rubric_01.json */,
				9F1A5B101ACD68E700C0E528 /* sample_video_fragment_01.json */,
				9F1A5B111ACD68E700C0E528 /* show_01.json */,
				9F1A5B121ACD68E700C0E528 /* video_01.json */,
				9F1A5B131ACD68E700C0E528 /* video_02.json */,
				9F1A5B141ACD68E700C0E528 /* video_03.json */,
				9F1A5B151ACD68E700C0E528 /* video_04.json */,
				9F1A5B161ACD68E700C0E528 /* videoaggregation_01.json */,
			);
			path = Resources;
			sourceTree = "<group>";
		};
		9F4420FD1B0A107900AD0613 /* MediaPlayer & Analytics */ = {
			isa = PBXGroup;
			children = (
				9F4420FE1B0A109C00AD0613 /* SRGILDataProvider+MediaPlayer.h */,
				9F4420FF1B0A109C00AD0613 /* SRGILDataProvider+MediaPlayer.m */,
				E68E95E11B15A21E00EBEA81 /* SRGILMedia+MediaPlayer.h */,
				E68E95E21B15A21E00EBEA81 /* SRGILMedia+MediaPlayer.m */,
				9F13D4FF1AE9270600E4D897 /* SRGILComScoreAnalyticsInfos.h */,
				9F13D5001AE9270600E4D897 /* SRGILComScoreAnalyticsInfos.m */,
				9F13D5011AE9270600E4D897 /* SRGILStreamSenseAnalyticsInfos.h */,
				9F13D5021AE9270600E4D897 /* SRGILStreamSenseAnalyticsInfos.m */,
			);
			name = "MediaPlayer & Analytics";
			path = SRGIntegrationLayerDataProvider/MediaPlayer;
			sourceTree = SOURCE_ROOT;
		};
		9F83AB131B29BFB500D7D8BE /* Model Tests */ = {
			isa = PBXGroup;
			children = (
				9F1A5B171ACD68E700C0E528 /* SRGILAudioTest.m */,
				9F1A5B1E1ACD68E700C0E528 /* SRGILVideoTest.m */,
				9F1A5B191ACD68E700C0E528 /* SRGILMediaTest.m */,
				9F1A5B181ACD68E700C0E528 /* SRGLiveStreamVideoTest.m */,
				9F1A5B1A1ACD68E700C0E528 /* SRGModelObjectTest.m */,
				9F1A5B1C1ACD68E700C0E528 /* SRGRequestModelTest.m */,
			);
			name = "Model Tests";
			sourceTree = "<group>";
		};
		9F83AB141B29C09900D7D8BE /* Network Tests */ = {
			isa = PBXGroup;
			children = (
				9F1A5B1D1ACD68E700C0E528 /* SRGTokenHandlerStubsTest.m */,
			);
			name = "Network Tests";
			sourceTree = "<group>";
		};
		C234D6DD835E193A87DED721 /* Frameworks */ = {
			isa = PBXGroup;
			children = (
				9F3C1CC11ADC0B26007C54AD /* MobileCoreServices.framework */,
				9F3C1CBF1ADC0B02007C54AD /* SystemConfiguration.framework */,
				79F6EBD656367387D07A08A6 /* libPods.a */,
				F5D020938ACBE926372DE924 /* libPods-SRGIntegrationLayerDataProvider.a */,
				A075BD33C45843A59785A80D /* libPods-SRGIntegrationLayerDataProviderTests.a */,
			);
			name = Frameworks;
			sourceTree = "<group>";
		};
/* End PBXGroup section */

/* Begin PBXNativeTarget section */
		9F1519341AC5A7F200AE051D /* SRGIntegrationLayerDataProvider */ = {
			isa = PBXNativeTarget;
			buildConfigurationList = 9F1519491AC5A7F200AE051D /* Build configuration list for PBXNativeTarget "SRGIntegrationLayerDataProvider" */;
			buildPhases = (
				B07018D5379C0A3A8120C0C9 /* Check Pods Manifest.lock */,
				9F1519311AC5A7F200AE051D /* Sources */,
				9F1519321AC5A7F200AE051D /* Frameworks */,
				9F1519331AC5A7F200AE051D /* CopyFiles */,
				8C5B864E76EF03A80796708F /* Copy Pods Resources */,
			);
			buildRules = (
			);
			dependencies = (
			);
			name = SRGIntegrationLayerDataProvider;
			productName = SRGIntegrationLayerDataProvider;
			productReference = 9F1519351AC5A7F200AE051D /* libSRGIntegrationLayerDataProvider.a */;
			productType = "com.apple.product-type.library.static";
		};
		9F15193F1AC5A7F200AE051D /* SRGIntegrationLayerDataProviderTests */ = {
			isa = PBXNativeTarget;
			buildConfigurationList = 9F15194C1AC5A7F200AE051D /* Build configuration list for PBXNativeTarget "SRGIntegrationLayerDataProviderTests" */;
			buildPhases = (
				67C9297B7548F32E3C01D630 /* Check Pods Manifest.lock */,
				9F15193C1AC5A7F200AE051D /* Sources */,
				9F15193D1AC5A7F200AE051D /* Frameworks */,
				9F15193E1AC5A7F200AE051D /* Resources */,
				14E69FFD86316EEFC3FDC14C /* Copy Pods Resources */,
			);
			buildRules = (
			);
			dependencies = (
			);
			name = SRGIntegrationLayerDataProviderTests;
			productName = SRGIntegrationLayerDataProviderTests;
			productReference = 9F1519401AC5A7F200AE051D /* SRGIntegrationLayerDataProviderTests.xctest */;
			productType = "com.apple.product-type.bundle.unit-test";
		};
/* End PBXNativeTarget section */

/* Begin PBXProject section */
		9F15192D1AC5A7F200AE051D /* Project object */ = {
			isa = PBXProject;
			attributes = {
				CLASSPREFIX = SRG;
				LastUpgradeCheck = 0620;
				ORGANIZATIONNAME = SRG;
				TargetAttributes = {
					9F1519341AC5A7F200AE051D = {
						CreatedOnToolsVersion = 6.2;
					};
					9F15193F1AC5A7F200AE051D = {
						CreatedOnToolsVersion = 6.2;
					};
				};
			};
			buildConfigurationList = 9F1519301AC5A7F200AE051D /* Build configuration list for PBXProject "SRGIntegrationLayerDataProvider" */;
			compatibilityVersion = "Xcode 3.2";
			developmentRegion = English;
			hasScannedForEncodings = 0;
			knownRegions = (
				en,
			);
			mainGroup = 9F15192C1AC5A7F200AE051D;
			productRefGroup = 9F1519361AC5A7F200AE051D /* Products */;
			projectDirPath = "";
			projectRoot = "";
			targets = (
				9F1519341AC5A7F200AE051D /* SRGIntegrationLayerDataProvider */,
				9F15193F1AC5A7F200AE051D /* SRGIntegrationLayerDataProviderTests */,
			);
		};
/* End PBXProject section */

/* Begin PBXResourcesBuildPhase section */
		9F15193E1AC5A7F200AE051D /* Resources */ = {
			isa = PBXResourcesBuildPhase;
			buildActionMask = 2147483647;
			files = (
				9F1A5B391ACD691700C0E528 /* LiveStreams_RTS_ordered.json in Resources */,
				9F1A5B3D1ACD691700C0E528 /* resources_test_18022014.json in Resources */,
				9F1A5B371ACD691700C0E528 /* last_videos_01.json in Resources */,
				9F1A5B431ACD691700C0E528 /* video_03.json in Resources */,
				9F1A5B3B1ACD691700C0E528 /* livevideo01.json in Resources */,
				9F1A5B441ACD691700C0E528 /* video_04.json in Resources */,
				9F1A5B3F1ACD691700C0E528 /* sample_video_fragment_01.json in Resources */,
				9F1A5B381ACD691700C0E528 /* LiveStreams_RTS.json in Resources */,
				9F1A5B3E1ACD691700C0E528 /* rubric_01.json in Resources */,
				9F1A5B401ACD691700C0E528 /* show_01.json in Resources */,
				9F1A5B411ACD691700C0E528 /* video_01.json in Resources */,
				9F1A5B3A1ACD691700C0E528 /* LiveStreams_RTS_reversed.json in Resources */,
				9F1A5B341ACD691700C0E528 /* assetset_01.json in Resources */,
				9F1A5B361ACD691700C0E528 /* imagerepresentation_01.json in Resources */,
				9F1A5B3C1ACD691700C0E528 /* most_viewed_videos_01.json in Resources */,
				9F1A5B421ACD691700C0E528 /* video_02.json in Resources */,
				9F1A5B331ACD691700C0E528 /* assetmetadata_01.json in Resources */,
				9F1A5B351ACD691700C0E528 /* image_01.json in Resources */,
				9F1A5B451ACD691700C0E528 /* videoaggregation_01.json in Resources */,
			);
			runOnlyForDeploymentPostprocessing = 0;
		};
/* End PBXResourcesBuildPhase section */

/* Begin PBXShellScriptBuildPhase section */
		14E69FFD86316EEFC3FDC14C /* Copy Pods Resources */ = {
			isa = PBXShellScriptBuildPhase;
			buildActionMask = 2147483647;
			files = (
			);
			inputPaths = (
			);
			name = "Copy Pods Resources";
			outputPaths = (
			);
			runOnlyForDeploymentPostprocessing = 0;
			shellPath = /bin/sh;
			shellScript = "\"${SRCROOT}/Pods/Target Support Files/Pods-SRGIntegrationLayerDataProviderTests/Pods-SRGIntegrationLayerDataProviderTests-resources.sh\"\n";
			showEnvVarsInLog = 0;
		};
		67C9297B7548F32E3C01D630 /* Check Pods Manifest.lock */ = {
			isa = PBXShellScriptBuildPhase;
			buildActionMask = 2147483647;
			files = (
			);
			inputPaths = (
			);
			name = "Check Pods Manifest.lock";
			outputPaths = (
			);
			runOnlyForDeploymentPostprocessing = 0;
			shellPath = /bin/sh;
			shellScript = "diff \"${PODS_ROOT}/../Podfile.lock\" \"${PODS_ROOT}/Manifest.lock\" > /dev/null\nif [[ $? != 0 ]] ; then\n    cat << EOM\nerror: The sandbox is not in sync with the Podfile.lock. Run 'pod install' or update your CocoaPods installation.\nEOM\n    exit 1\nfi\n";
			showEnvVarsInLog = 0;
		};
		8C5B864E76EF03A80796708F /* Copy Pods Resources */ = {
			isa = PBXShellScriptBuildPhase;
			buildActionMask = 2147483647;
			files = (
			);
			inputPaths = (
			);
			name = "Copy Pods Resources";
			outputPaths = (
			);
			runOnlyForDeploymentPostprocessing = 0;
			shellPath = /bin/sh;
			shellScript = "\"${SRCROOT}/Pods/Target Support Files/Pods/Pods-resources.sh\"\n";
			showEnvVarsInLog = 0;
		};
		B07018D5379C0A3A8120C0C9 /* Check Pods Manifest.lock */ = {
			isa = PBXShellScriptBuildPhase;
			buildActionMask = 2147483647;
			files = (
			);
			inputPaths = (
			);
			name = "Check Pods Manifest.lock";
			outputPaths = (
			);
			runOnlyForDeploymentPostprocessing = 0;
			shellPath = /bin/sh;
			shellScript = "diff \"${PODS_ROOT}/../Podfile.lock\" \"${PODS_ROOT}/Manifest.lock\" > /dev/null\nif [[ $? != 0 ]] ; then\n    cat << EOM\nerror: The sandbox is not in sync with the Podfile.lock. Run 'pod install' or update your CocoaPods installation.\nEOM\n    exit 1\nfi\n";
			showEnvVarsInLog = 0;
		};
/* End PBXShellScriptBuildPhase section */

/* Begin PBXSourcesBuildPhase section */
		9F1519311AC5A7F200AE051D /* Sources */ = {
			isa = PBXSourcesBuildPhase;
			buildActionMask = 2147483647;
			files = (
				9F13D54B1AE9270700E4D897 /* SRGILRubric.m in Sources */,
				9F13D5651AE92C4900E4D897 /* SRGILMediaMetadata.m in Sources */,
				9F13D5491AE9270700E4D897 /* SRGILPlaylist.m in Sources */,
				9F13D5421AE9270700E4D897 /* SRGILImageRepresentation.m in Sources */,
				9F13D5431AE9270700E4D897 /* SRGILList.m in Sources */,
				9F13D5461AE9270700E4D897 /* SRGILMedia.m in Sources */,
				9F13D53F1AE9270700E4D897 /* SRGILAssetSet.m in Sources */,
				9F13D54F1AE9270700E4D897 /* SRGILErrors.m in Sources */,
				E68E95E31B15A21E00EBEA81 /* SRGILMedia+MediaPlayer.m in Sources */,
				9F13D5451AE9270700E4D897 /* SRGILLiveHeaderData.m in Sources */,
				9F13D53B1AE9270700E4D897 /* SRGILDataProvider.m in Sources */,
				9F13D5481AE9270700E4D897 /* SRGILModelObject.m in Sources */,
				9F13D5401AE9270700E4D897 /* SRGILAudio.m in Sources */,
				9F13D5511AE9270700E4D897 /* SRGILRequestsManager.m in Sources */,
				9F13D53E1AE9270700E4D897 /* SRGILAssetMetadata.m in Sources */,
				9F13D54A1AE9270700E4D897 /* SRGILPrimaryChannel.m in Sources */,
				9F13D54C1AE9270700E4D897 /* SRGILShow.m in Sources */,
				9F13D5471AE9270700E4D897 /* SRGILModelConstants.m in Sources */,
				9F4421001B0A109C00AD0613 /* SRGILDataProvider+MediaPlayer.m in Sources */,
				9F13D5521AE9270700E4D897 /* SRGILTokenHandler.m in Sources */,
				E604EAFC1B174254004A627D /* SRGILOngoingRequest+Private.m in Sources */,
				9F13D54D1AE9270700E4D897 /* SRGILSocialCounts.m in Sources */,
				9F13D54E1AE9270700E4D897 /* SRGILVideo.m in Sources */,
				9F13D53A1AE9270700E4D897 /* SRGILStreamSenseAnalyticsInfos.m in Sources */,
				9F13D53D1AE9270700E4D897 /* SRGILAsset.m in Sources */,
				9F13D5641AE92C4900E4D897 /* SRGILDataProvider+OfflineStorage.m in Sources */,
				9F83AB191B29C9F400D7D8BE /* SRGILDataProviderConstants.m in Sources */,
				9F13D5391AE9270700E4D897 /* SRGILComScoreAnalyticsInfos.m in Sources */,
				9F13D5411AE9270700E4D897 /* SRGILImage.m in Sources */,
				9F13D5441AE9270700E4D897 /* SRGILLiveHeaderChannel.m in Sources */,
				9F13D53C1AE9270700E4D897 /* SRGILAnalyticsExtendedData.m in Sources */,
				9F13D5501AE9270700E4D897 /* SRGILOrganisedModelDataItem.m in Sources */,
			);
			runOnlyForDeploymentPostprocessing = 0;
		};
		9F15193C1AC5A7F200AE051D /* Sources */ = {
			isa = PBXSourcesBuildPhase;
			buildActionMask = 2147483647;
			files = (
				9F8B389D1B2ECE7E00F67FA5 /* SRGILDataProviderMediaPlayerTest.m in Sources */,
				9F1A5B2C1ACD690C00C0E528 /* SRGILMediaTest.m in Sources */,
				9F1A5B2B1ACD690C00C0E528 /* SRGLiveStreamVideoTest.m in Sources */,
				9F1A5B301ACD690C00C0E528 /* SRGTokenHandlerStubsTest.m in Sources */,
				9F1A5B2A1ACD690C00C0E528 /* SRGILAudioTest.m in Sources */,
				9F83AB161B29C0C800D7D8BE /* SRGILDataProviderTest.m in Sources */,
				9F1A5B311ACD690C00C0E528 /* SRGILVideoTest.m in Sources */,
				9F1A5B2F1ACD690C00C0E528 /* SRGRequestModelTest.m in Sources */,
				9F1A5B2D1ACD690C00C0E528 /* SRGModelObjectTest.m in Sources */,
				9F1A5B321ACD690C00C0E528 /* XCTestCase+JSON.m in Sources */,
			);
			runOnlyForDeploymentPostprocessing = 0;
		};
/* End PBXSourcesBuildPhase section */

/* Begin XCBuildConfiguration section */
		9F1519471AC5A7F200AE051D /* Debug */ = {
			isa = XCBuildConfiguration;
			buildSettings = {
				ALWAYS_SEARCH_USER_PATHS = NO;
				CLANG_CXX_LANGUAGE_STANDARD = "gnu++0x";
				CLANG_CXX_LIBRARY = "libc++";
				CLANG_ENABLE_MODULES = YES;
				CLANG_ENABLE_OBJC_ARC = YES;
				CLANG_WARN_BOOL_CONVERSION = YES;
				CLANG_WARN_CONSTANT_CONVERSION = YES;
				CLANG_WARN_DIRECT_OBJC_ISA_USAGE = YES_ERROR;
				CLANG_WARN_EMPTY_BODY = YES;
				CLANG_WARN_ENUM_CONVERSION = YES;
				CLANG_WARN_INT_CONVERSION = YES;
				CLANG_WARN_OBJC_ROOT_CLASS = YES_ERROR;
				CLANG_WARN_UNREACHABLE_CODE = YES;
				CLANG_WARN__DUPLICATE_METHOD_MATCH = YES;
				COPY_PHASE_STRIP = NO;
				ENABLE_STRICT_OBJC_MSGSEND = YES;
				GCC_C_LANGUAGE_STANDARD = gnu99;
				GCC_DYNAMIC_NO_PIC = NO;
				GCC_OPTIMIZATION_LEVEL = 0;
				GCC_PREPROCESSOR_DEFINITIONS = (
					"DEBUG=1",
					"$(inherited)",
				);
				GCC_SYMBOLS_PRIVATE_EXTERN = NO;
				GCC_WARN_64_TO_32_BIT_CONVERSION = YES;
				GCC_WARN_ABOUT_RETURN_TYPE = YES_ERROR;
				GCC_WARN_UNDECLARED_SELECTOR = YES;
				GCC_WARN_UNINITIALIZED_AUTOS = YES_AGGRESSIVE;
				GCC_WARN_UNUSED_FUNCTION = YES;
				GCC_WARN_UNUSED_VARIABLE = YES;
				IPHONEOS_DEPLOYMENT_TARGET = 8.2;
				MTL_ENABLE_DEBUG_INFO = YES;
				ONLY_ACTIVE_ARCH = YES;
				SDKROOT = iphoneos;
			};
			name = Debug;
		};
		9F1519481AC5A7F200AE051D /* Release */ = {
			isa = XCBuildConfiguration;
			buildSettings = {
				ALWAYS_SEARCH_USER_PATHS = NO;
				CLANG_CXX_LANGUAGE_STANDARD = "gnu++0x";
				CLANG_CXX_LIBRARY = "libc++";
				CLANG_ENABLE_MODULES = YES;
				CLANG_ENABLE_OBJC_ARC = YES;
				CLANG_WARN_BOOL_CONVERSION = YES;
				CLANG_WARN_CONSTANT_CONVERSION = YES;
				CLANG_WARN_DIRECT_OBJC_ISA_USAGE = YES_ERROR;
				CLANG_WARN_EMPTY_BODY = YES;
				CLANG_WARN_ENUM_CONVERSION = YES;
				CLANG_WARN_INT_CONVERSION = YES;
				CLANG_WARN_OBJC_ROOT_CLASS = YES_ERROR;
				CLANG_WARN_UNREACHABLE_CODE = YES;
				CLANG_WARN__DUPLICATE_METHOD_MATCH = YES;
				COPY_PHASE_STRIP = NO;
				ENABLE_NS_ASSERTIONS = NO;
				ENABLE_STRICT_OBJC_MSGSEND = YES;
				GCC_C_LANGUAGE_STANDARD = gnu99;
				GCC_WARN_64_TO_32_BIT_CONVERSION = YES;
				GCC_WARN_ABOUT_RETURN_TYPE = YES_ERROR;
				GCC_WARN_UNDECLARED_SELECTOR = YES;
				GCC_WARN_UNINITIALIZED_AUTOS = YES_AGGRESSIVE;
				GCC_WARN_UNUSED_FUNCTION = YES;
				GCC_WARN_UNUSED_VARIABLE = YES;
				IPHONEOS_DEPLOYMENT_TARGET = 8.2;
				MTL_ENABLE_DEBUG_INFO = NO;
				SDKROOT = iphoneos;
				VALIDATE_PRODUCT = YES;
			};
			name = Release;
		};
		9F15194A1AC5A7F200AE051D /* Debug */ = {
			isa = XCBuildConfiguration;
			baseConfigurationReference = B78A0E1C877A3AAFA06CB8E2 /* Pods.debug.xcconfig */;
			buildSettings = {
				PRODUCT_NAME = "$(TARGET_NAME)";
				SKIP_INSTALL = YES;
			};
			name = Debug;
		};
		9F15194B1AC5A7F200AE051D /* Release */ = {
			isa = XCBuildConfiguration;
			baseConfigurationReference = CC7117E85185279031EDDD7C /* Pods.release.xcconfig */;
			buildSettings = {
				PRODUCT_NAME = "$(TARGET_NAME)";
				SKIP_INSTALL = YES;
			};
			name = Release;
		};
		9F15194D1AC5A7F200AE051D /* Debug */ = {
			isa = XCBuildConfiguration;
			baseConfigurationReference = 3E4297E73178B4FB64D4063C /* Pods-SRGIntegrationLayerDataProviderTests.debug.xcconfig */;
			buildSettings = {
				FRAMEWORK_SEARCH_PATHS = (
					"$(SDKROOT)/Developer/Library/Frameworks",
					"$(inherited)",
				);
				GCC_PREPROCESSOR_DEFINITIONS = (
					"DEBUG=1",
					"$(inherited)",
				);
				INFOPLIST_FILE = SRGIntegrationLayerDataProviderTests/Info.plist;
				LD_RUNPATH_SEARCH_PATHS = "$(inherited) @executable_path/Frameworks @loader_path/Frameworks";
				PRODUCT_NAME = "$(TARGET_NAME)";
			};
			name = Debug;
		};
		9F15194E1AC5A7F200AE051D /* Release */ = {
			isa = XCBuildConfiguration;
			baseConfigurationReference = 8DDF1886B2EADD80301F4912 /* Pods-SRGIntegrationLayerDataProviderTests.release.xcconfig */;
			buildSettings = {
				FRAMEWORK_SEARCH_PATHS = (
					"$(SDKROOT)/Developer/Library/Frameworks",
					"$(inherited)",
				);
				INFOPLIST_FILE = SRGIntegrationLayerDataProviderTests/Info.plist;
				LD_RUNPATH_SEARCH_PATHS = "$(inherited) @executable_path/Frameworks @loader_path/Frameworks";
				PRODUCT_NAME = "$(TARGET_NAME)";
			};
			name = Release;
		};
/* End XCBuildConfiguration section */

/* Begin XCConfigurationList section */
		9F1519301AC5A7F200AE051D /* Build configuration list for PBXProject "SRGIntegrationLayerDataProvider" */ = {
			isa = XCConfigurationList;
			buildConfigurations = (
				9F1519471AC5A7F200AE051D /* Debug */,
				9F1519481AC5A7F200AE051D /* Release */,
			);
			defaultConfigurationIsVisible = 0;
			defaultConfigurationName = Release;
		};
		9F1519491AC5A7F200AE051D /* Build configuration list for PBXNativeTarget "SRGIntegrationLayerDataProvider" */ = {
			isa = XCConfigurationList;
			buildConfigurations = (
				9F15194A1AC5A7F200AE051D /* Debug */,
				9F15194B1AC5A7F200AE051D /* Release */,
			);
			defaultConfigurationIsVisible = 0;
			defaultConfigurationName = Release;
		};
		9F15194C1AC5A7F200AE051D /* Build configuration list for PBXNativeTarget "SRGIntegrationLayerDataProviderTests" */ = {
			isa = XCConfigurationList;
			buildConfigurations = (
				9F15194D1AC5A7F200AE051D /* Debug */,
				9F15194E1AC5A7F200AE051D /* Release */,
			);
			defaultConfigurationIsVisible = 0;
			defaultConfigurationName = Release;
		};
/* End XCConfigurationList section */
	};
	rootObject = 9F15192D1AC5A7F200AE051D /* Project object */;
}
