// !$*UTF8*$!
{
	archiveVersion = 1;
	classes = {
	};
	objectVersion = 46;
	objects = {

/* Begin PBXBuildFile section */
		550ACD350A8B78B628CF3902 /* libPods.a in Frameworks */ = {isa = PBXBuildFile; fileRef = 79F6EBD656367387D07A08A6 /* libPods.a */; };
		9F1519391AC5A7F200AE051D /* SRGILAnalyticsDataSource.h in CopyFiles */ = {isa = PBXBuildFile; fileRef = 9F1519381AC5A7F200AE051D /* SRGILAnalyticsDataSource.h */; };
		9F15193B1AC5A7F200AE051D /* SRGILAnalyticsDataSource.m in Sources */ = {isa = PBXBuildFile; fileRef = 9F15193A1AC5A7F200AE051D /* SRGILAnalyticsDataSource.m */; };
		9F1519411AC5A7F200AE051D /* libSRGIntegrationLayerDataProvider.a in Frameworks */ = {isa = PBXBuildFile; fileRef = 9F1519351AC5A7F200AE051D /* libSRGIntegrationLayerDataProvider.a */; };
		9F1519531ACA9D7B00AE051D /* SRGILComScoreAnalyticsIndividualDataSource.m in Sources */ = {isa = PBXBuildFile; fileRef = 9F1519521ACA9D7B00AE051D /* SRGILComScoreAnalyticsIndividualDataSource.m */; };
		9F1519561ACAA02900AE051D /* SRGILStreamSenseAnalyticsIndividualDataSource.m in Sources */ = {isa = PBXBuildFile; fileRef = 9F1519551ACAA02900AE051D /* SRGILStreamSenseAnalyticsIndividualDataSource.m */; };
		9F1519841ACAD5F200AE051D /* SRGILAnalyticsExtendedData.m in Sources */ = {isa = PBXBuildFile; fileRef = 9F1519621ACAD5F200AE051D /* SRGILAnalyticsExtendedData.m */; };
		9F1519851ACAD5F200AE051D /* SRGILAsset.m in Sources */ = {isa = PBXBuildFile; fileRef = 9F1519641ACAD5F200AE051D /* SRGILAsset.m */; };
		9F1519861ACAD5F200AE051D /* SRGILAssetMetadata.m in Sources */ = {isa = PBXBuildFile; fileRef = 9F1519661ACAD5F200AE051D /* SRGILAssetMetadata.m */; };
		9F1519871ACAD5F200AE051D /* SRGILAssetSet.m in Sources */ = {isa = PBXBuildFile; fileRef = 9F1519681ACAD5F200AE051D /* SRGILAssetSet.m */; };
		9F1519881ACAD5F200AE051D /* SRGILAudio.m in Sources */ = {isa = PBXBuildFile; fileRef = 9F15196A1ACAD5F200AE051D /* SRGILAudio.m */; };
		9F1519891ACAD5F200AE051D /* SRGILImage.m in Sources */ = {isa = PBXBuildFile; fileRef = 9F15196C1ACAD5F200AE051D /* SRGILImage.m */; };
		9F15198A1ACAD5F200AE051D /* SRGILImageRepresentation.m in Sources */ = {isa = PBXBuildFile; fileRef = 9F15196E1ACAD5F200AE051D /* SRGILImageRepresentation.m */; };
		9F15198B1ACAD5F200AE051D /* SRGILLiveHeaderChannel.m in Sources */ = {isa = PBXBuildFile; fileRef = 9F1519701ACAD5F200AE051D /* SRGILLiveHeaderChannel.m */; };
		9F15198C1ACAD5F200AE051D /* SRGILLiveHeaderData.m in Sources */ = {isa = PBXBuildFile; fileRef = 9F1519721ACAD5F200AE051D /* SRGILLiveHeaderData.m */; };
		9F15198D1ACAD5F200AE051D /* SRGILMedia.m in Sources */ = {isa = PBXBuildFile; fileRef = 9F1519741ACAD5F200AE051D /* SRGILMedia.m */; };
		9F15198E1ACAD5F200AE051D /* SRGILModelObject.m in Sources */ = {isa = PBXBuildFile; fileRef = 9F1519771ACAD5F200AE051D /* SRGILModelObject.m */; };
		9F15198F1ACAD5F200AE051D /* SRGILPlaylist.m in Sources */ = {isa = PBXBuildFile; fileRef = 9F1519791ACAD5F200AE051D /* SRGILPlaylist.m */; };
		9F1519901ACAD5F200AE051D /* SRGILPrimaryChannel.m in Sources */ = {isa = PBXBuildFile; fileRef = 9F15197B1ACAD5F200AE051D /* SRGILPrimaryChannel.m */; };
		9F1519911ACAD5F200AE051D /* SRGILRubric.m in Sources */ = {isa = PBXBuildFile; fileRef = 9F15197D1ACAD5F200AE051D /* SRGILRubric.m */; };
		9F1519921ACAD5F200AE051D /* SRGILShow.m in Sources */ = {isa = PBXBuildFile; fileRef = 9F15197F1ACAD5F200AE051D /* SRGILShow.m */; };
		9F1519931ACAD5F200AE051D /* SRGILSocialCounts.m in Sources */ = {isa = PBXBuildFile; fileRef = 9F1519811ACAD5F200AE051D /* SRGILSocialCounts.m */; };
		9F1519941ACAD5F200AE051D /* SRGILVideo.m in Sources */ = {isa = PBXBuildFile; fileRef = 9F1519831ACAD5F200AE051D /* SRGILVideo.m */; };
		9FB3157B1ACAE5DA005AEBBC /* SRGILModelConstants.m in Sources */ = {isa = PBXBuildFile; fileRef = 9FB3157A1ACAE5DA005AEBBC /* SRGILModelConstants.m */; };
		9FC7D86A1ACADA6300D1502F /* SRGILMediaPlayerControllerDataSource.m in Sources */ = {isa = PBXBuildFile; fileRef = 9FC7D8691ACADA6300D1502F /* SRGILMediaPlayerControllerDataSource.m */; };
		9FC7D8781ACADCE900D1502F /* SRGILRequestsManager.m in Sources */ = {isa = PBXBuildFile; fileRef = 9FC7D86D1ACADCE900D1502F /* SRGILRequestsManager.m */; };
		9FC7D8791ACADCE900D1502F /* SRGILErrors.m in Sources */ = {isa = PBXBuildFile; fileRef = 9FC7D86F1ACADCE900D1502F /* SRGILErrors.m */; };
		9FC7D87A1ACADCE900D1502F /* SRGILList.m in Sources */ = {isa = PBXBuildFile; fileRef = 9FC7D8711ACADCE900D1502F /* SRGILList.m */; };
		9FC7D87D1ACADCE900D1502F /* SRGTokenHandler.m in Sources */ = {isa = PBXBuildFile; fileRef = 9FC7D8771ACADCE900D1502F /* SRGTokenHandler.m */; };
/* End PBXBuildFile section */

/* Begin PBXContainerItemProxy section */
		9F1519421AC5A7F200AE051D /* PBXContainerItemProxy */ = {
			isa = PBXContainerItemProxy;
			containerPortal = 9F15192D1AC5A7F200AE051D /* Project object */;
			proxyType = 1;
			remoteGlobalIDString = 9F1519341AC5A7F200AE051D;
			remoteInfo = SRGIntegrationLayerDataProvider;
		};
/* End PBXContainerItemProxy section */

/* Begin PBXCopyFilesBuildPhase section */
		9F1519331AC5A7F200AE051D /* CopyFiles */ = {
			isa = PBXCopyFilesBuildPhase;
			buildActionMask = 2147483647;
			dstPath = "include/$(PRODUCT_NAME)";
			dstSubfolderSpec = 16;
			files = (
				9F1519391AC5A7F200AE051D /* SRGILAnalyticsDataSource.h in CopyFiles */,
			);
			runOnlyForDeploymentPostprocessing = 0;
		};
/* End PBXCopyFilesBuildPhase section */

/* Begin PBXFileReference section */
		79F6EBD656367387D07A08A6 /* libPods.a */ = {isa = PBXFileReference; explicitFileType = archive.ar; includeInIndex = 0; path = libPods.a; sourceTree = BUILT_PRODUCTS_DIR; };
		9F1519351AC5A7F200AE051D /* libSRGIntegrationLayerDataProvider.a */ = {isa = PBXFileReference; explicitFileType = archive.ar; includeInIndex = 0; path = libSRGIntegrationLayerDataProvider.a; sourceTree = BUILT_PRODUCTS_DIR; };
		9F1519381AC5A7F200AE051D /* SRGILAnalyticsDataSource.h */ = {isa = PBXFileReference; lastKnownFileType = sourcecode.c.h; path = SRGILAnalyticsDataSource.h; sourceTree = "<group>"; };
		9F15193A1AC5A7F200AE051D /* SRGILAnalyticsDataSource.m */ = {isa = PBXFileReference; lastKnownFileType = sourcecode.c.objc; path = SRGILAnalyticsDataSource.m; sourceTree = "<group>"; };
		9F1519401AC5A7F200AE051D /* SRGIntegrationLayerDataProviderTests.xctest */ = {isa = PBXFileReference; explicitFileType = wrapper.cfbundle; includeInIndex = 0; path = SRGIntegrationLayerDataProviderTests.xctest; sourceTree = BUILT_PRODUCTS_DIR; };
		9F1519461AC5A7F200AE051D /* Info.plist */ = {isa = PBXFileReference; lastKnownFileType = text.plist.xml; path = Info.plist; sourceTree = "<group>"; };
		9F1519511ACA9D7B00AE051D /* SRGILComScoreAnalyticsIndividualDataSource.h */ = {isa = PBXFileReference; fileEncoding = 4; lastKnownFileType = sourcecode.c.h; path = SRGILComScoreAnalyticsIndividualDataSource.h; sourceTree = "<group>"; };
		9F1519521ACA9D7B00AE051D /* SRGILComScoreAnalyticsIndividualDataSource.m */ = {isa = PBXFileReference; fileEncoding = 4; lastKnownFileType = sourcecode.c.objc; path = SRGILComScoreAnalyticsIndividualDataSource.m; sourceTree = "<group>"; };
		9F1519541ACAA02900AE051D /* SRGILStreamSenseAnalyticsIndividualDataSource.h */ = {isa = PBXFileReference; fileEncoding = 4; lastKnownFileType = sourcecode.c.h; path = SRGILStreamSenseAnalyticsIndividualDataSource.h; sourceTree = "<group>"; };
		9F1519551ACAA02900AE051D /* SRGILStreamSenseAnalyticsIndividualDataSource.m */ = {isa = PBXFileReference; fileEncoding = 4; lastKnownFileType = sourcecode.c.objc; path = SRGILStreamSenseAnalyticsIndividualDataSource.m; sourceTree = "<group>"; };
		9F1519571ACAA30A00AE051D /* SRGILAnalyticsIndividualDataSource.h */ = {isa = PBXFileReference; fileEncoding = 4; lastKnownFileType = sourcecode.c.h; path = SRGILAnalyticsIndividualDataSource.h; sourceTree = "<group>"; };
		9F1519581ACAA85A00AE051D /* SRGIntegrationLayerDataProvider.h */ = {isa = PBXFileReference; lastKnownFileType = sourcecode.c.h; name = SRGIntegrationLayerDataProvider.h; path = SRGIntegrationLayerDataProvider/SRGIntegrationLayerDataProvider.h; sourceTree = "<group>"; };
		9F1519611ACAD5F200AE051D /* SRGILAnalyticsExtendedData.h */ = {isa = PBXFileReference; fileEncoding = 4; lastKnownFileType = sourcecode.c.h; name = SRGILAnalyticsExtendedData.h; path = SRGIntegrationLayerDataProvider/SRGILAnalyticsExtendedData.h; sourceTree = "<group>"; };
		9F1519621ACAD5F200AE051D /* SRGILAnalyticsExtendedData.m */ = {isa = PBXFileReference; fileEncoding = 4; lastKnownFileType = sourcecode.c.objc; name = SRGILAnalyticsExtendedData.m; path = SRGIntegrationLayerDataProvider/SRGILAnalyticsExtendedData.m; sourceTree = "<group>"; };
		9F1519631ACAD5F200AE051D /* SRGILAsset.h */ = {isa = PBXFileReference; fileEncoding = 4; lastKnownFileType = sourcecode.c.h; name = SRGILAsset.h; path = SRGIntegrationLayerDataProvider/SRGILAsset.h; sourceTree = "<group>"; };
		9F1519641ACAD5F200AE051D /* SRGILAsset.m */ = {isa = PBXFileReference; fileEncoding = 4; lastKnownFileType = sourcecode.c.objc; name = SRGILAsset.m; path = SRGIntegrationLayerDataProvider/SRGILAsset.m; sourceTree = "<group>"; };
		9F1519651ACAD5F200AE051D /* SRGILAssetMetadata.h */ = {isa = PBXFileReference; fileEncoding = 4; lastKnownFileType = sourcecode.c.h; name = SRGILAssetMetadata.h; path = SRGIntegrationLayerDataProvider/SRGILAssetMetadata.h; sourceTree = "<group>"; };
		9F1519661ACAD5F200AE051D /* SRGILAssetMetadata.m */ = {isa = PBXFileReference; fileEncoding = 4; lastKnownFileType = sourcecode.c.objc; name = SRGILAssetMetadata.m; path = SRGIntegrationLayerDataProvider/SRGILAssetMetadata.m; sourceTree = "<group>"; };
		9F1519671ACAD5F200AE051D /* SRGILAssetSet.h */ = {isa = PBXFileReference; fileEncoding = 4; lastKnownFileType = sourcecode.c.h; name = SRGILAssetSet.h; path = SRGIntegrationLayerDataProvider/SRGILAssetSet.h; sourceTree = "<group>"; };
		9F1519681ACAD5F200AE051D /* SRGILAssetSet.m */ = {isa = PBXFileReference; fileEncoding = 4; lastKnownFileType = sourcecode.c.objc; name = SRGILAssetSet.m; path = SRGIntegrationLayerDataProvider/SRGILAssetSet.m; sourceTree = "<group>"; };
		9F1519691ACAD5F200AE051D /* SRGILAudio.h */ = {isa = PBXFileReference; fileEncoding = 4; lastKnownFileType = sourcecode.c.h; name = SRGILAudio.h; path = SRGIntegrationLayerDataProvider/SRGILAudio.h; sourceTree = "<group>"; };
		9F15196A1ACAD5F200AE051D /* SRGILAudio.m */ = {isa = PBXFileReference; fileEncoding = 4; lastKnownFileType = sourcecode.c.objc; name = SRGILAudio.m; path = SRGIntegrationLayerDataProvider/SRGILAudio.m; sourceTree = "<group>"; };
		9F15196B1ACAD5F200AE051D /* SRGILImage.h */ = {isa = PBXFileReference; fileEncoding = 4; lastKnownFileType = sourcecode.c.h; name = SRGILImage.h; path = SRGIntegrationLayerDataProvider/SRGILImage.h; sourceTree = "<group>"; };
		9F15196C1ACAD5F200AE051D /* SRGILImage.m */ = {isa = PBXFileReference; fileEncoding = 4; lastKnownFileType = sourcecode.c.objc; name = SRGILImage.m; path = SRGIntegrationLayerDataProvider/SRGILImage.m; sourceTree = "<group>"; };
		9F15196D1ACAD5F200AE051D /* SRGILImageRepresentation.h */ = {isa = PBXFileReference; fileEncoding = 4; lastKnownFileType = sourcecode.c.h; name = SRGILImageRepresentation.h; path = SRGIntegrationLayerDataProvider/SRGILImageRepresentation.h; sourceTree = "<group>"; };
		9F15196E1ACAD5F200AE051D /* SRGILImageRepresentation.m */ = {isa = PBXFileReference; fileEncoding = 4; lastKnownFileType = sourcecode.c.objc; name = SRGILImageRepresentation.m; path = SRGIntegrationLayerDataProvider/SRGILImageRepresentation.m; sourceTree = "<group>"; };
		9F15196F1ACAD5F200AE051D /* SRGILLiveHeaderChannel.h */ = {isa = PBXFileReference; fileEncoding = 4; lastKnownFileType = sourcecode.c.h; name = SRGILLiveHeaderChannel.h; path = SRGIntegrationLayerDataProvider/SRGILLiveHeaderChannel.h; sourceTree = "<group>"; };
		9F1519701ACAD5F200AE051D /* SRGILLiveHeaderChannel.m */ = {isa = PBXFileReference; fileEncoding = 4; lastKnownFileType = sourcecode.c.objc; name = SRGILLiveHeaderChannel.m; path = SRGIntegrationLayerDataProvider/SRGILLiveHeaderChannel.m; sourceTree = "<group>"; };
		9F1519711ACAD5F200AE051D /* SRGILLiveHeaderData.h */ = {isa = PBXFileReference; fileEncoding = 4; lastKnownFileType = sourcecode.c.h; name = SRGILLiveHeaderData.h; path = SRGIntegrationLayerDataProvider/SRGILLiveHeaderData.h; sourceTree = "<group>"; };
		9F1519721ACAD5F200AE051D /* SRGILLiveHeaderData.m */ = {isa = PBXFileReference; fileEncoding = 4; lastKnownFileType = sourcecode.c.objc; name = SRGILLiveHeaderData.m; path = SRGIntegrationLayerDataProvider/SRGILLiveHeaderData.m; sourceTree = "<group>"; };
		9F1519731ACAD5F200AE051D /* SRGILMedia.h */ = {isa = PBXFileReference; fileEncoding = 4; lastKnownFileType = sourcecode.c.h; name = SRGILMedia.h; path = SRGIntegrationLayerDataProvider/SRGILMedia.h; sourceTree = "<group>"; };
		9F1519741ACAD5F200AE051D /* SRGILMedia.m */ = {isa = PBXFileReference; fileEncoding = 4; lastKnownFileType = sourcecode.c.objc; name = SRGILMedia.m; path = SRGIntegrationLayerDataProvider/SRGILMedia.m; sourceTree = "<group>"; };
		9F1519751ACAD5F200AE051D /* SRGILMedia+Private.h */ = {isa = PBXFileReference; fileEncoding = 4; lastKnownFileType = sourcecode.c.h; name = "SRGILMedia+Private.h"; path = "SRGIntegrationLayerDataProvider/SRGILMedia+Private.h"; sourceTree = "<group>"; };
		9F1519761ACAD5F200AE051D /* SRGILModelObject.h */ = {isa = PBXFileReference; fileEncoding = 4; lastKnownFileType = sourcecode.c.h; name = SRGILModelObject.h; path = SRGIntegrationLayerDataProvider/SRGILModelObject.h; sourceTree = "<group>"; };
		9F1519771ACAD5F200AE051D /* SRGILModelObject.m */ = {isa = PBXFileReference; fileEncoding = 4; lastKnownFileType = sourcecode.c.objc; name = SRGILModelObject.m; path = SRGIntegrationLayerDataProvider/SRGILModelObject.m; sourceTree = "<group>"; };
		9F1519781ACAD5F200AE051D /* SRGILPlaylist.h */ = {isa = PBXFileReference; fileEncoding = 4; lastKnownFileType = sourcecode.c.h; name = SRGILPlaylist.h; path = SRGIntegrationLayerDataProvider/SRGILPlaylist.h; sourceTree = "<group>"; };
		9F1519791ACAD5F200AE051D /* SRGILPlaylist.m */ = {isa = PBXFileReference; fileEncoding = 4; lastKnownFileType = sourcecode.c.objc; name = SRGILPlaylist.m; path = SRGIntegrationLayerDataProvider/SRGILPlaylist.m; sourceTree = "<group>"; };
		9F15197A1ACAD5F200AE051D /* SRGILPrimaryChannel.h */ = {isa = PBXFileReference; fileEncoding = 4; lastKnownFileType = sourcecode.c.h; name = SRGILPrimaryChannel.h; path = SRGIntegrationLayerDataProvider/SRGILPrimaryChannel.h; sourceTree = "<group>"; };
		9F15197B1ACAD5F200AE051D /* SRGILPrimaryChannel.m */ = {isa = PBXFileReference; fileEncoding = 4; lastKnownFileType = sourcecode.c.objc; name = SRGILPrimaryChannel.m; path = SRGIntegrationLayerDataProvider/SRGILPrimaryChannel.m; sourceTree = "<group>"; };
		9F15197C1ACAD5F200AE051D /* SRGILRubric.h */ = {isa = PBXFileReference; fileEncoding = 4; lastKnownFileType = sourcecode.c.h; name = SRGILRubric.h; path = SRGIntegrationLayerDataProvider/SRGILRubric.h; sourceTree = "<group>"; };
		9F15197D1ACAD5F200AE051D /* SRGILRubric.m */ = {isa = PBXFileReference; fileEncoding = 4; lastKnownFileType = sourcecode.c.objc; name = SRGILRubric.m; path = SRGIntegrationLayerDataProvider/SRGILRubric.m; sourceTree = "<group>"; };
		9F15197E1ACAD5F200AE051D /* SRGILShow.h */ = {isa = PBXFileReference; fileEncoding = 4; lastKnownFileType = sourcecode.c.h; name = SRGILShow.h; path = SRGIntegrationLayerDataProvider/SRGILShow.h; sourceTree = "<group>"; };
		9F15197F1ACAD5F200AE051D /* SRGILShow.m */ = {isa = PBXFileReference; fileEncoding = 4; lastKnownFileType = sourcecode.c.objc; name = SRGILShow.m; path = SRGIntegrationLayerDataProvider/SRGILShow.m; sourceTree = "<group>"; };
		9F1519801ACAD5F200AE051D /* SRGILSocialCounts.h */ = {isa = PBXFileReference; fileEncoding = 4; lastKnownFileType = sourcecode.c.h; name = SRGILSocialCounts.h; path = SRGIntegrationLayerDataProvider/SRGILSocialCounts.h; sourceTree = "<group>"; };
		9F1519811ACAD5F200AE051D /* SRGILSocialCounts.m */ = {isa = PBXFileReference; fileEncoding = 4; lastKnownFileType = sourcecode.c.objc; name = SRGILSocialCounts.m; path = SRGIntegrationLayerDataProvider/SRGILSocialCounts.m; sourceTree = "<group>"; };
		9F1519821ACAD5F200AE051D /* SRGILVideo.h */ = {isa = PBXFileReference; fileEncoding = 4; lastKnownFileType = sourcecode.c.h; name = SRGILVideo.h; path = SRGIntegrationLayerDataProvider/SRGILVideo.h; sourceTree = "<group>"; };
		9F1519831ACAD5F200AE051D /* SRGILVideo.m */ = {isa = PBXFileReference; fileEncoding = 4; lastKnownFileType = sourcecode.c.objc; name = SRGILVideo.m; path = SRGIntegrationLayerDataProvider/SRGILVideo.m; sourceTree = "<group>"; };
		9FB315791ACAE402005AEBBC /* SRGILModelConstants.h */ = {isa = PBXFileReference; lastKnownFileType = sourcecode.c.h; name = SRGILModelConstants.h; path = SRGIntegrationLayerDataProvider/SRGILModelConstants.h; sourceTree = "<group>"; };
		9FB3157A1ACAE5DA005AEBBC /* SRGILModelConstants.m */ = {isa = PBXFileReference; fileEncoding = 4; lastKnownFileType = sourcecode.c.objc; name = SRGILModelConstants.m; path = SRGIntegrationLayerDataProvider/SRGILModelConstants.m; sourceTree = "<group>"; };
		9FC7D8681ACADA6300D1502F /* SRGILMediaPlayerControllerDataSource.h */ = {isa = PBXFileReference; fileEncoding = 4; lastKnownFileType = sourcecode.c.h; name = SRGILMediaPlayerControllerDataSource.h; path = SRGIntegrationLayerDataProvider/SRGILMediaPlayerControllerDataSource.h; sourceTree = "<group>"; };
		9FC7D8691ACADA6300D1502F /* SRGILMediaPlayerControllerDataSource.m */ = {isa = PBXFileReference; fileEncoding = 4; lastKnownFileType = sourcecode.c.objc; name = SRGILMediaPlayerControllerDataSource.m; path = SRGIntegrationLayerDataProvider/SRGILMediaPlayerControllerDataSource.m; sourceTree = "<group>"; };
		9FC7D86C1ACADCE900D1502F /* SRGILRequestsManager.h */ = {isa = PBXFileReference; fileEncoding = 4; lastKnownFileType = sourcecode.c.h; name = SRGILRequestsManager.h; path = SRGIntegrationLayerDataProvider/SRGILRequestsManager.h; sourceTree = "<group>"; };
		9FC7D86D1ACADCE900D1502F /* SRGILRequestsManager.m */ = {isa = PBXFileReference; fileEncoding = 4; lastKnownFileType = sourcecode.c.objc; name = SRGILRequestsManager.m; path = SRGIntegrationLayerDataProvider/SRGILRequestsManager.m; sourceTree = "<group>"; };
		9FC7D86E1ACADCE900D1502F /* SRGILErrors.h */ = {isa = PBXFileReference; fileEncoding = 4; lastKnownFileType = sourcecode.c.h; name = SRGILErrors.h; path = SRGIntegrationLayerDataProvider/SRGILErrors.h; sourceTree = "<group>"; };
		9FC7D86F1ACADCE900D1502F /* SRGILErrors.m */ = {isa = PBXFileReference; fileEncoding = 4; lastKnownFileType = sourcecode.c.objc; name = SRGILErrors.m; path = SRGIntegrationLayerDataProvider/SRGILErrors.m; sourceTree = "<group>"; };
		9FC7D8701ACADCE900D1502F /* SRGILList.h */ = {isa = PBXFileReference; fileEncoding = 4; lastKnownFileType = sourcecode.c.h; name = SRGILList.h; path = SRGIntegrationLayerDataProvider/SRGILList.h; sourceTree = "<group>"; };
		9FC7D8711ACADCE900D1502F /* SRGILList.m */ = {isa = PBXFileReference; fileEncoding = 4; lastKnownFileType = sourcecode.c.objc; name = SRGILList.m; path = SRGIntegrationLayerDataProvider/SRGILList.m; sourceTree = "<group>"; };
		9FC7D8761ACADCE900D1502F /* SRGTokenHandler.h */ = {isa = PBXFileReference; fileEncoding = 4; lastKnownFileType = sourcecode.c.h; name = SRGTokenHandler.h; path = SRGIntegrationLayerDataProvider/SRGTokenHandler.h; sourceTree = "<group>"; };
		9FC7D8771ACADCE900D1502F /* SRGTokenHandler.m */ = {isa = PBXFileReference; fileEncoding = 4; lastKnownFileType = sourcecode.c.objc; name = SRGTokenHandler.m; path = SRGIntegrationLayerDataProvider/SRGTokenHandler.m; sourceTree = "<group>"; };
		9FD74D351ACBEC0800A2D86A /* SRGILModel.h */ = {isa = PBXFileReference; lastKnownFileType = sourcecode.c.h; name = SRGILModel.h; path = SRGIntegrationLayerDataProvider/SRGILModel.h; sourceTree = "<group>"; };
		B78A0E1C877A3AAFA06CB8E2 /* Pods.debug.xcconfig */ = {isa = PBXFileReference; includeInIndex = 1; lastKnownFileType = text.xcconfig; name = Pods.debug.xcconfig; path = "Pods/Target Support Files/Pods/Pods.debug.xcconfig"; sourceTree = "<group>"; };
		CC7117E85185279031EDDD7C /* Pods.release.xcconfig */ = {isa = PBXFileReference; includeInIndex = 1; lastKnownFileType = text.xcconfig; name = Pods.release.xcconfig; path = "Pods/Target Support Files/Pods/Pods.release.xcconfig"; sourceTree = "<group>"; };
/* End PBXFileReference section */

/* Begin PBXFrameworksBuildPhase section */
		9F1519321AC5A7F200AE051D /* Frameworks */ = {
			isa = PBXFrameworksBuildPhase;
			buildActionMask = 2147483647;
			files = (
				550ACD350A8B78B628CF3902 /* libPods.a in Frameworks */,
			);
			runOnlyForDeploymentPostprocessing = 0;
		};
		9F15193D1AC5A7F200AE051D /* Frameworks */ = {
			isa = PBXFrameworksBuildPhase;
			buildActionMask = 2147483647;
			files = (
				9F1519411AC5A7F200AE051D /* libSRGIntegrationLayerDataProvider.a in Frameworks */,
			);
			runOnlyForDeploymentPostprocessing = 0;
		};
/* End PBXFrameworksBuildPhase section */

/* Begin PBXGroup section */
		77070573698EDF5E66AA0B19 /* Pods */ = {
			isa = PBXGroup;
			children = (
				B78A0E1C877A3AAFA06CB8E2 /* Pods.debug.xcconfig */,
				CC7117E85185279031EDDD7C /* Pods.release.xcconfig */,
			);
			name = Pods;
			sourceTree = "<group>";
		};
		9F15192C1AC5A7F200AE051D = {
			isa = PBXGroup;
			children = (
				9F1519581ACAA85A00AE051D /* SRGIntegrationLayerDataProvider.h */,
				9F1519601ACAD4A300AE051D /* IL Model */,
				9FC7D86B1ACADCDB00D1502F /* IL Network */,
				9FC7D8671ACADA0800D1502F /* Media Data Source */,
				9F1519371AC5A7F200AE051D /* Analytics */,
				9F1519441AC5A7F200AE051D /* Unit Tests */,
				9F1519361AC5A7F200AE051D /* Products */,
				77070573698EDF5E66AA0B19 /* Pods */,
				C234D6DD835E193A87DED721 /* Frameworks */,
			);
			sourceTree = "<group>";
		};
		9F1519361AC5A7F200AE051D /* Products */ = {
			isa = PBXGroup;
			children = (
				9F1519351AC5A7F200AE051D /* libSRGIntegrationLayerDataProvider.a */,
				9F1519401AC5A7F200AE051D /* SRGIntegrationLayerDataProviderTests.xctest */,
			);
			name = Products;
			sourceTree = "<group>";
		};
		9F1519371AC5A7F200AE051D /* Analytics */ = {
			isa = PBXGroup;
			children = (
				9F1519381AC5A7F200AE051D /* SRGILAnalyticsDataSource.h */,
				9F15193A1AC5A7F200AE051D /* SRGILAnalyticsDataSource.m */,
				9F1519571ACAA30A00AE051D /* SRGILAnalyticsIndividualDataSource.h */,
				9F1519511ACA9D7B00AE051D /* SRGILComScoreAnalyticsIndividualDataSource.h */,
				9F1519521ACA9D7B00AE051D /* SRGILComScoreAnalyticsIndividualDataSource.m */,
				9F1519541ACAA02900AE051D /* SRGILStreamSenseAnalyticsIndividualDataSource.h */,
				9F1519551ACAA02900AE051D /* SRGILStreamSenseAnalyticsIndividualDataSource.m */,
			);
			name = Analytics;
			path = SRGIntegrationLayerDataProvider;
			sourceTree = "<group>";
		};
		9F1519441AC5A7F200AE051D /* Unit Tests */ = {
			isa = PBXGroup;
			children = (
				9F1519451AC5A7F200AE051D /* Supporting Files */,
			);
			name = "Unit Tests";
			path = SRGIntegrationLayerDataProviderTests;
			sourceTree = "<group>";
		};
		9F1519451AC5A7F200AE051D /* Supporting Files */ = {
			isa = PBXGroup;
			children = (
				9F1519461AC5A7F200AE051D /* Info.plist */,
			);
			name = "Supporting Files";
			sourceTree = "<group>";
		};
		9F1519601ACAD4A300AE051D /* IL Model */ = {
			isa = PBXGroup;
			children = (
				9FD74D351ACBEC0800A2D86A /* SRGILModel.h */,
				9FB315791ACAE402005AEBBC /* SRGILModelConstants.h */,
				9FB3157A1ACAE5DA005AEBBC /* SRGILModelConstants.m */,
				9F1519611ACAD5F200AE051D /* SRGILAnalyticsExtendedData.h */,
				9F1519621ACAD5F200AE051D /* SRGILAnalyticsExtendedData.m */,
				9F1519631ACAD5F200AE051D /* SRGILAsset.h */,
				9F1519641ACAD5F200AE051D /* SRGILAsset.m */,
				9F1519651ACAD5F200AE051D /* SRGILAssetMetadata.h */,
				9F1519661ACAD5F200AE051D /* SRGILAssetMetadata.m */,
				9F1519671ACAD5F200AE051D /* SRGILAssetSet.h */,
				9F1519681ACAD5F200AE051D /* SRGILAssetSet.m */,
				9F1519691ACAD5F200AE051D /* SRGILAudio.h */,
				9F15196A1ACAD5F200AE051D /* SRGILAudio.m */,
				9F15196B1ACAD5F200AE051D /* SRGILImage.h */,
				9F15196C1ACAD5F200AE051D /* SRGILImage.m */,
				9F15196D1ACAD5F200AE051D /* SRGILImageRepresentation.h */,
				9F15196E1ACAD5F200AE051D /* SRGILImageRepresentation.m */,
				9F15196F1ACAD5F200AE051D /* SRGILLiveHeaderChannel.h */,
				9F1519701ACAD5F200AE051D /* SRGILLiveHeaderChannel.m */,
				9F1519711ACAD5F200AE051D /* SRGILLiveHeaderData.h */,
				9F1519721ACAD5F200AE051D /* SRGILLiveHeaderData.m */,
				9F1519731ACAD5F200AE051D /* SRGILMedia.h */,
				9F1519751ACAD5F200AE051D /* SRGILMedia+Private.h */,
				9F1519741ACAD5F200AE051D /* SRGILMedia.m */,
				9F1519761ACAD5F200AE051D /* SRGILModelObject.h */,
				9F1519771ACAD5F200AE051D /* SRGILModelObject.m */,
				9F1519781ACAD5F200AE051D /* SRGILPlaylist.h */,
				9F1519791ACAD5F200AE051D /* SRGILPlaylist.m */,
				9F15197A1ACAD5F200AE051D /* SRGILPrimaryChannel.h */,
				9F15197B1ACAD5F200AE051D /* SRGILPrimaryChannel.m */,
				9F15197C1ACAD5F200AE051D /* SRGILRubric.h */,
				9F15197D1ACAD5F200AE051D /* SRGILRubric.m */,
				9F15197E1ACAD5F200AE051D /* SRGILShow.h */,
				9F15197F1ACAD5F200AE051D /* SRGILShow.m */,
				9F1519801ACAD5F200AE051D /* SRGILSocialCounts.h */,
				9F1519811ACAD5F200AE051D /* SRGILSocialCounts.m */,
				9F1519821ACAD5F200AE051D /* SRGILVideo.h */,
				9F1519831ACAD5F200AE051D /* SRGILVideo.m */,
			);
			name = "IL Model";
			sourceTree = "<group>";
		};
		9FC7D8671ACADA0800D1502F /* Media Data Source */ = {
			isa = PBXGroup;
			children = (
				9FC7D8681ACADA6300D1502F /* SRGILMediaPlayerControllerDataSource.h */,
				9FC7D8691ACADA6300D1502F /* SRGILMediaPlayerControllerDataSource.m */,
			);
			name = "Media Data Source";
			sourceTree = "<group>";
		};
		9FC7D86B1ACADCDB00D1502F /* IL Network */ = {
			isa = PBXGroup;
			children = (
				9FC7D8701ACADCE900D1502F /* SRGILList.h */,
				9FC7D8711ACADCE900D1502F /* SRGILList.m */,
				9FC7D86E1ACADCE900D1502F /* SRGILErrors.h */,
				9FC7D86F1ACADCE900D1502F /* SRGILErrors.m */,
				9FC7D86C1ACADCE900D1502F /* SRGILRequestsManager.h */,
				9FC7D86D1ACADCE900D1502F /* SRGILRequestsManager.m */,
				9FC7D8761ACADCE900D1502F /* SRGTokenHandler.h */,
				9FC7D8771ACADCE900D1502F /* SRGTokenHandler.m */,
			);
			name = "IL Network";
			sourceTree = "<group>";
		};
		C234D6DD835E193A87DED721 /* Frameworks */ = {
			isa = PBXGroup;
			children = (
				79F6EBD656367387D07A08A6 /* libPods.a */,
			);
			name = Frameworks;
			sourceTree = "<group>";
		};
/* End PBXGroup section */

/* Begin PBXNativeTarget section */
		9F1519341AC5A7F200AE051D /* SRGIntegrationLayerDataProvider */ = {
			isa = PBXNativeTarget;
			buildConfigurationList = 9F1519491AC5A7F200AE051D /* Build configuration list for PBXNativeTarget "SRGIntegrationLayerDataProvider" */;
			buildPhases = (
				B07018D5379C0A3A8120C0C9 /* Check Pods Manifest.lock */,
				9F1519311AC5A7F200AE051D /* Sources */,
				9F1519321AC5A7F200AE051D /* Frameworks */,
				9F1519331AC5A7F200AE051D /* CopyFiles */,
				8C5B864E76EF03A80796708F /* Copy Pods Resources */,
			);
			buildRules = (
			);
			dependencies = (
			);
			name = SRGIntegrationLayerDataProvider;
			productName = SRGIntegrationLayerDataProvider;
			productReference = 9F1519351AC5A7F200AE051D /* libSRGIntegrationLayerDataProvider.a */;
			productType = "com.apple.product-type.library.static";
		};
		9F15193F1AC5A7F200AE051D /* SRGIntegrationLayerDataProviderTests */ = {
			isa = PBXNativeTarget;
			buildConfigurationList = 9F15194C1AC5A7F200AE051D /* Build configuration list for PBXNativeTarget "SRGIntegrationLayerDataProviderTests" */;
			buildPhases = (
				9F15193C1AC5A7F200AE051D /* Sources */,
				9F15193D1AC5A7F200AE051D /* Frameworks */,
				9F15193E1AC5A7F200AE051D /* Resources */,
			);
			buildRules = (
			);
			dependencies = (
				9F1519431AC5A7F200AE051D /* PBXTargetDependency */,
			);
			name = SRGIntegrationLayerDataProviderTests;
			productName = SRGIntegrationLayerDataProviderTests;
			productReference = 9F1519401AC5A7F200AE051D /* SRGIntegrationLayerDataProviderTests.xctest */;
			productType = "com.apple.product-type.bundle.unit-test";
		};
/* End PBXNativeTarget section */

/* Begin PBXProject section */
		9F15192D1AC5A7F200AE051D /* Project object */ = {
			isa = PBXProject;
			attributes = {
				LastUpgradeCheck = 0620;
				ORGANIZATIONNAME = SRG;
				TargetAttributes = {
					9F1519341AC5A7F200AE051D = {
						CreatedOnToolsVersion = 6.2;
					};
					9F15193F1AC5A7F200AE051D = {
						CreatedOnToolsVersion = 6.2;
					};
				};
			};
			buildConfigurationList = 9F1519301AC5A7F200AE051D /* Build configuration list for PBXProject "SRGIntegrationLayerDataProvider" */;
			compatibilityVersion = "Xcode 3.2";
			developmentRegion = English;
			hasScannedForEncodings = 0;
			knownRegions = (
				en,
			);
			mainGroup = 9F15192C1AC5A7F200AE051D;
			productRefGroup = 9F1519361AC5A7F200AE051D /* Products */;
			projectDirPath = "";
			projectRoot = "";
			targets = (
				9F1519341AC5A7F200AE051D /* SRGIntegrationLayerDataProvider */,
				9F15193F1AC5A7F200AE051D /* SRGIntegrationLayerDataProviderTests */,
			);
		};
/* End PBXProject section */

/* Begin PBXResourcesBuildPhase section */
		9F15193E1AC5A7F200AE051D /* Resources */ = {
			isa = PBXResourcesBuildPhase;
			buildActionMask = 2147483647;
			files = (
			);
			runOnlyForDeploymentPostprocessing = 0;
		};
/* End PBXResourcesBuildPhase section */

/* Begin PBXShellScriptBuildPhase section */
		8C5B864E76EF03A80796708F /* Copy Pods Resources */ = {
			isa = PBXShellScriptBuildPhase;
			buildActionMask = 2147483647;
			files = (
			);
			inputPaths = (
			);
			name = "Copy Pods Resources";
			outputPaths = (
			);
			runOnlyForDeploymentPostprocessing = 0;
			shellPath = /bin/sh;
			shellScript = "\"${SRCROOT}/Pods/Target Support Files/Pods/Pods-resources.sh\"\n";
			showEnvVarsInLog = 0;
		};
		B07018D5379C0A3A8120C0C9 /* Check Pods Manifest.lock */ = {
			isa = PBXShellScriptBuildPhase;
			buildActionMask = 2147483647;
			files = (
			);
			inputPaths = (
			);
			name = "Check Pods Manifest.lock";
			outputPaths = (
			);
			runOnlyForDeploymentPostprocessing = 0;
			shellPath = /bin/sh;
			shellScript = "diff \"${PODS_ROOT}/../Podfile.lock\" \"${PODS_ROOT}/Manifest.lock\" > /dev/null\nif [[ $? != 0 ]] ; then\n    cat << EOM\nerror: The sandbox is not in sync with the Podfile.lock. Run 'pod install' or update your CocoaPods installation.\nEOM\n    exit 1\nfi\n";
			showEnvVarsInLog = 0;
		};
/* End PBXShellScriptBuildPhase section */

/* Begin PBXSourcesBuildPhase section */
		9F1519311AC5A7F200AE051D /* Sources */ = {
			isa = PBXSourcesBuildPhase;
			buildActionMask = 2147483647;
			files = (
				9F15198B1ACAD5F200AE051D /* SRGILLiveHeaderChannel.m in Sources */,
				9F15198C1ACAD5F200AE051D /* SRGILLiveHeaderData.m in Sources */,
				9F1519561ACAA02900AE051D /* SRGILStreamSenseAnalyticsIndividualDataSource.m in Sources */,
				9F1519851ACAD5F200AE051D /* SRGILAsset.m in Sources */,
				9F1519891ACAD5F200AE051D /* SRGILImage.m in Sources */,
				9F15198E1ACAD5F200AE051D /* SRGILModelObject.m in Sources */,
				9F1519531ACA9D7B00AE051D /* SRGILComScoreAnalyticsIndividualDataSource.m in Sources */,
				9F1519931ACAD5F200AE051D /* SRGILSocialCounts.m in Sources */,
				9F1519901ACAD5F200AE051D /* SRGILPrimaryChannel.m in Sources */,
				9FC7D8781ACADCE900D1502F /* SRGILRequestsManager.m in Sources */,
				9F1519881ACAD5F200AE051D /* SRGILAudio.m in Sources */,
				9F15193B1AC5A7F200AE051D /* SRGILAnalyticsDataSource.m in Sources */,
				9FC7D87A1ACADCE900D1502F /* SRGILList.m in Sources */,
				9FB3157B1ACAE5DA005AEBBC /* SRGILModelConstants.m in Sources */,
				9FC7D8791ACADCE900D1502F /* SRGILErrors.m in Sources */,
				9F15198F1ACAD5F200AE051D /* SRGILPlaylist.m in Sources */,
				9F1519871ACAD5F200AE051D /* SRGILAssetSet.m in Sources */,
				9F1519861ACAD5F200AE051D /* SRGILAssetMetadata.m in Sources */,
				9FC7D87D1ACADCE900D1502F /* SRGTokenHandler.m in Sources */,
				9F1519841ACAD5F200AE051D /* SRGILAnalyticsExtendedData.m in Sources */,
				9F15198D1ACAD5F200AE051D /* SRGILMedia.m in Sources */,
				9F1519941ACAD5F200AE051D /* SRGILVideo.m in Sources */,
				9F1519921ACAD5F200AE051D /* SRGILShow.m in Sources */,
				9F1519911ACAD5F200AE051D /* SRGILRubric.m in Sources */,
				9FC7D86A1ACADA6300D1502F /* SRGILMediaPlayerControllerDataSource.m in Sources */,
				9F15198A1ACAD5F200AE051D /* SRGILImageRepresentation.m in Sources */,
			);
			runOnlyForDeploymentPostprocessing = 0;
		};
		9F15193C1AC5A7F200AE051D /* Sources */ = {
			isa = PBXSourcesBuildPhase;
			buildActionMask = 2147483647;
			files = (
			);
			runOnlyForDeploymentPostprocessing = 0;
		};
/* End PBXSourcesBuildPhase section */

/* Begin PBXTargetDependency section */
		9F1519431AC5A7F200AE051D /* PBXTargetDependency */ = {
			isa = PBXTargetDependency;
			target = 9F1519341AC5A7F200AE051D /* SRGIntegrationLayerDataProvider */;
			targetProxy = 9F1519421AC5A7F200AE051D /* PBXContainerItemProxy */;
		};
/* End PBXTargetDependency section */

/* Begin XCBuildConfiguration section */
		9F1519471AC5A7F200AE051D /* Debug */ = {
			isa = XCBuildConfiguration;
			buildSettings = {
				ALWAYS_SEARCH_USER_PATHS = NO;
				CLANG_CXX_LANGUAGE_STANDARD = "gnu++0x";
				CLANG_CXX_LIBRARY = "libc++";
				CLANG_ENABLE_MODULES = YES;
				CLANG_ENABLE_OBJC_ARC = YES;
				CLANG_WARN_BOOL_CONVERSION = YES;
				CLANG_WARN_CONSTANT_CONVERSION = YES;
				CLANG_WARN_DIRECT_OBJC_ISA_USAGE = YES_ERROR;
				CLANG_WARN_EMPTY_BODY = YES;
				CLANG_WARN_ENUM_CONVERSION = YES;
				CLANG_WARN_INT_CONVERSION = YES;
				CLANG_WARN_OBJC_ROOT_CLASS = YES_ERROR;
				CLANG_WARN_UNREACHABLE_CODE = YES;
				CLANG_WARN__DUPLICATE_METHOD_MATCH = YES;
				COPY_PHASE_STRIP = NO;
				ENABLE_STRICT_OBJC_MSGSEND = YES;
				GCC_C_LANGUAGE_STANDARD = gnu99;
				GCC_DYNAMIC_NO_PIC = NO;
				GCC_OPTIMIZATION_LEVEL = 0;
				GCC_PREPROCESSOR_DEFINITIONS = (
					"DEBUG=1",
					"$(inherited)",
				);
				GCC_SYMBOLS_PRIVATE_EXTERN = NO;
				GCC_WARN_64_TO_32_BIT_CONVERSION = YES;
				GCC_WARN_ABOUT_RETURN_TYPE = YES_ERROR;
				GCC_WARN_UNDECLARED_SELECTOR = YES;
				GCC_WARN_UNINITIALIZED_AUTOS = YES_AGGRESSIVE;
				GCC_WARN_UNUSED_FUNCTION = YES;
				GCC_WARN_UNUSED_VARIABLE = YES;
				IPHONEOS_DEPLOYMENT_TARGET = 8.2;
				MTL_ENABLE_DEBUG_INFO = YES;
				ONLY_ACTIVE_ARCH = YES;
				SDKROOT = iphoneos;
			};
			name = Debug;
		};
		9F1519481AC5A7F200AE051D /* Release */ = {
			isa = XCBuildConfiguration;
			buildSettings = {
				ALWAYS_SEARCH_USER_PATHS = NO;
				CLANG_CXX_LANGUAGE_STANDARD = "gnu++0x";
				CLANG_CXX_LIBRARY = "libc++";
				CLANG_ENABLE_MODULES = YES;
				CLANG_ENABLE_OBJC_ARC = YES;
				CLANG_WARN_BOOL_CONVERSION = YES;
				CLANG_WARN_CONSTANT_CONVERSION = YES;
				CLANG_WARN_DIRECT_OBJC_ISA_USAGE = YES_ERROR;
				CLANG_WARN_EMPTY_BODY = YES;
				CLANG_WARN_ENUM_CONVERSION = YES;
				CLANG_WARN_INT_CONVERSION = YES;
				CLANG_WARN_OBJC_ROOT_CLASS = YES_ERROR;
				CLANG_WARN_UNREACHABLE_CODE = YES;
				CLANG_WARN__DUPLICATE_METHOD_MATCH = YES;
				COPY_PHASE_STRIP = NO;
				ENABLE_NS_ASSERTIONS = NO;
				ENABLE_STRICT_OBJC_MSGSEND = YES;
				GCC_C_LANGUAGE_STANDARD = gnu99;
				GCC_WARN_64_TO_32_BIT_CONVERSION = YES;
				GCC_WARN_ABOUT_RETURN_TYPE = YES_ERROR;
				GCC_WARN_UNDECLARED_SELECTOR = YES;
				GCC_WARN_UNINITIALIZED_AUTOS = YES_AGGRESSIVE;
				GCC_WARN_UNUSED_FUNCTION = YES;
				GCC_WARN_UNUSED_VARIABLE = YES;
				IPHONEOS_DEPLOYMENT_TARGET = 8.2;
				MTL_ENABLE_DEBUG_INFO = NO;
				SDKROOT = iphoneos;
				VALIDATE_PRODUCT = YES;
			};
			name = Release;
		};
		9F15194A1AC5A7F200AE051D /* Debug */ = {
			isa = XCBuildConfiguration;
			baseConfigurationReference = B78A0E1C877A3AAFA06CB8E2 /* Pods.debug.xcconfig */;
			buildSettings = {
				OTHER_LDFLAGS = (
					"-ObjC",
					"$(inherited)",
				);
				PRODUCT_NAME = "$(TARGET_NAME)";
				SKIP_INSTALL = YES;
			};
			name = Debug;
		};
		9F15194B1AC5A7F200AE051D /* Release */ = {
			isa = XCBuildConfiguration;
			baseConfigurationReference = CC7117E85185279031EDDD7C /* Pods.release.xcconfig */;
			buildSettings = {
				OTHER_LDFLAGS = (
					"-ObjC",
					"$(inherited)",
				);
				PRODUCT_NAME = "$(TARGET_NAME)";
				SKIP_INSTALL = YES;
			};
			name = Release;
		};
		9F15194D1AC5A7F200AE051D /* Debug */ = {
			isa = XCBuildConfiguration;
			buildSettings = {
				FRAMEWORK_SEARCH_PATHS = (
					"$(SDKROOT)/Developer/Library/Frameworks",
					"$(inherited)",
				);
				GCC_PREPROCESSOR_DEFINITIONS = (
					"DEBUG=1",
					"$(inherited)",
				);
				INFOPLIST_FILE = SRGIntegrationLayerDataProviderTests/Info.plist;
				LD_RUNPATH_SEARCH_PATHS = "$(inherited) @executable_path/Frameworks @loader_path/Frameworks";
				PRODUCT_NAME = "$(TARGET_NAME)";
			};
			name = Debug;
		};
		9F15194E1AC5A7F200AE051D /* Release */ = {
			isa = XCBuildConfiguration;
			buildSettings = {
				FRAMEWORK_SEARCH_PATHS = (
					"$(SDKROOT)/Developer/Library/Frameworks",
					"$(inherited)",
				);
				INFOPLIST_FILE = SRGIntegrationLayerDataProviderTests/Info.plist;
				LD_RUNPATH_SEARCH_PATHS = "$(inherited) @executable_path/Frameworks @loader_path/Frameworks";
				PRODUCT_NAME = "$(TARGET_NAME)";
			};
			name = Release;
		};
/* End XCBuildConfiguration section */

/* Begin XCConfigurationList section */
		9F1519301AC5A7F200AE051D /* Build configuration list for PBXProject "SRGIntegrationLayerDataProvider" */ = {
			isa = XCConfigurationList;
			buildConfigurations = (
				9F1519471AC5A7F200AE051D /* Debug */,
				9F1519481AC5A7F200AE051D /* Release */,
			);
			defaultConfigurationIsVisible = 0;
			defaultConfigurationName = Release;
		};
		9F1519491AC5A7F200AE051D /* Build configuration list for PBXNativeTarget "SRGIntegrationLayerDataProvider" */ = {
			isa = XCConfigurationList;
			buildConfigurations = (
				9F15194A1AC5A7F200AE051D /* Debug */,
				9F15194B1AC5A7F200AE051D /* Release */,
			);
			defaultConfigurationIsVisible = 0;
			defaultConfigurationName = Release;
		};
		9F15194C1AC5A7F200AE051D /* Build configuration list for PBXNativeTarget "SRGIntegrationLayerDataProviderTests" */ = {
			isa = XCConfigurationList;
			buildConfigurations = (
				9F15194D1AC5A7F200AE051D /* Debug */,
				9F15194E1AC5A7F200AE051D /* Release */,
			);
			defaultConfigurationIsVisible = 0;
			defaultConfigurationName = Release;
		};
/* End XCConfigurationList section */
	};
	rootObject = 9F15192D1AC5A7F200AE051D /* Project object */;
}
